{
  "version": 4,
  "terraform_version": "1.5.7",
  "serial": 957,
  "lineage": "9f27f70e-c26f-6753-c433-1a7f681f22f6",
  "outputs": {},
  "resources": [
    {
      "mode": "managed",
      "type": "kubernetes_cluster_role",
      "name": "cilium",
      "provider": "provider[\"registry.terraform.io/hashicorp/kubernetes\"]",
      "instances": [
        {
          "schema_version": 0,
          "attributes": {
            "aggregation_rule": [],
            "id": "cilium",
            "metadata": [
              {
                "annotations": {},
                "generate_name": "",
                "generation": 0,
                "labels": {
                  "app.kubernetes.io/part-of": "cilium"
                },
                "name": "cilium",
                "resource_version": "2575505",
                "uid": "739e231e-cbf3-410d-a6d2-129332682e6c"
              }
            ],
            "rule": [
              {
                "api_groups": [
                  "networking.k8s.io"
                ],
                "non_resource_urls": [],
                "resource_names": [],
                "resources": [
                  "networkpolicies"
                ],
                "verbs": [
                  "get",
                  "list",
                  "watch"
                ]
              },
              {
                "api_groups": [
                  "discovery.k8s.io"
                ],
                "non_resource_urls": [],
                "resource_names": [],
                "resources": [
                  "endpointslices"
                ],
                "verbs": [
                  "get",
                  "list",
                  "watch"
                ]
              },
              {
                "api_groups": [
                  ""
                ],
                "non_resource_urls": [],
                "resource_names": [],
                "resources": [
                  "namespaces",
                  "services",
                  "pods",
                  "endpoints",
                  "nodes"
                ],
                "verbs": [
                  "get",
                  "list",
                  "watch"
                ]
              },
              {
                "api_groups": [
                  "apiextensions.k8s.io"
                ],
                "non_resource_urls": [],
                "resource_names": [],
                "resources": [
                  "customresourcedefinitions"
                ],
                "verbs": [
                  "list",
                  "watch",
                  "get"
                ]
              },
              {
                "api_groups": [
                  "cilium.io"
                ],
                "non_resource_urls": [],
                "resource_names": [],
                "resources": [
                  "ciliumloadbalancerippools",
                  "ciliumbgppeeringpolicies",
                  "ciliumclusterwideenvoyconfigs",
                  "ciliumclusterwidenetworkpolicies",
                  "ciliumegressgatewaypolicies",
                  "ciliumendpoints",
                  "ciliumendpointslices",
                  "ciliumenvoyconfigs",
                  "ciliumidentities",
                  "ciliumlocalredirectpolicies",
                  "ciliumnetworkpolicies",
                  "ciliumnodes",
                  "ciliumsrv6egresspolicies",
                  "ciliumsrv6vrfs",
                  "ciliumnodeconfigs",
                  "ciliumcidrgroups"
                ],
                "verbs": [
                  "list",
                  "watch"
                ]
              },
              {
                "api_groups": [
                  "isovalent.com"
                ],
                "non_resource_urls": [],
                "resource_names": [],
                "resources": [
                  "isovalentegressgatewaypolicies"
                ],
                "verbs": [
                  "list",
                  "watch"
                ]
              },
              {
                "api_groups": [
                  "cilium.io"
                ],
                "non_resource_urls": [],
                "resource_names": [],
                "resources": [
                  "ciliumidentities",
                  "ciliumendpoints",
                  "ciliumnodes",
                  "ciliumsrv6egresspolicies"
                ],
                "verbs": [
                  "create"
                ]
              },
              {
                "api_groups": [
                  "cilium.io"
                ],
                "non_resource_urls": [],
                "resource_names": [],
                "resources": [
                  "ciliumidentities"
                ],
                "verbs": [
                  "update"
                ]
              },
              {
                "api_groups": [
                  "cilium.io"
                ],
                "non_resource_urls": [],
                "resource_names": [],
                "resources": [
                  "ciliumendpoints",
                  "ciliumsrv6egresspolicies"
                ],
                "verbs": [
                  "delete",
                  "get"
                ]
              },
              {
                "api_groups": [
                  "cilium.io"
                ],
                "non_resource_urls": [],
                "resource_names": [],
                "resources": [
                  "ciliumnodes",
                  "ciliumnodes/status"
                ],
                "verbs": [
                  "get",
                  "update"
                ]
              },
              {
                "api_groups": [
                  "cilium.io"
                ],
                "non_resource_urls": null,
                "resource_names": null,
                "resources": [
                  "ciliumnetworkpolicies/status",
                  "ciliumclusterwidenetworkpolicies/status",
                  "ciliumendpoints/status",
                  "ciliumendpoints"
                ],
                "verbs": [
                  "patch"
                ]
              }
            ]
          },
          "sensitive_attributes": [],
          "private": "bnVsbA=="
        }
      ]
    },
    {
      "mode": "managed",
      "type": "kubernetes_cluster_role",
      "name": "cilium_operator",
      "provider": "provider[\"registry.terraform.io/hashicorp/kubernetes\"]",
      "instances": [
        {
          "schema_version": 0,
          "attributes": {
            "aggregation_rule": [],
            "id": "cilium-operator",
            "metadata": [
              {
                "annotations": {},
                "generate_name": "",
                "generation": 0,
                "labels": {
                  "app.kubernetes.io/part-of": "cilium"
                },
                "name": "cilium-operator",
                "resource_version": "2575564",
                "uid": "085dac89-c243-4bf8-a5b0-605b7520138c"
              }
            ],
            "rule": [
              {
                "api_groups": [
                  ""
                ],
                "non_resource_urls": [],
                "resource_names": [],
                "resources": [
                  "pods"
                ],
                "verbs": [
                  "get",
                  "list",
                  "watch",
                  "delete"
                ]
              },
              {
                "api_groups": [
                  ""
                ],
                "non_resource_urls": [],
                "resource_names": [],
                "resources": [
                  "nodes"
                ],
                "verbs": [
                  "list",
                  "watch"
                ]
              },
              {
                "api_groups": [
                  ""
                ],
                "non_resource_urls": [],
                "resource_names": [],
                "resources": [
                  "nodes",
                  "nodes/status"
                ],
                "verbs": [
                  "patch"
                ]
              },
              {
                "api_groups": [
                  "discovery.k8s.io"
                ],
                "non_resource_urls": [],
                "resource_names": [],
                "resources": [
                  "endpointslices"
                ],
                "verbs": [
                  "get",
                  "list",
                  "watch"
                ]
              },
              {
                "api_groups": [
                  ""
                ],
                "non_resource_urls": [],
                "resource_names": [],
                "resources": [
                  "services/status"
                ],
                "verbs": [
                  "update",
                  "patch"
                ]
              },
              {
                "api_groups": [
                  ""
                ],
                "non_resource_urls": [],
                "resource_names": [],
                "resources": [
                  "namespaces"
                ],
                "verbs": [
                  "get",
                  "list",
                  "watch"
                ]
              },
              {
                "api_groups": [
                  ""
                ],
                "non_resource_urls": [],
                "resource_names": [],
                "resources": [
                  "services",
                  "endpoints"
                ],
                "verbs": [
                  "get",
                  "list",
                  "watch"
                ]
              },
              {
                "api_groups": [
                  "cilium.io"
                ],
                "non_resource_urls": [],
                "resource_names": [],
                "resources": [
                  "ciliumegressgatewaypolicies"
                ],
                "verbs": [
                  "watch",
                  "list"
                ]
              },
              {
                "api_groups": [
                  "cilium.io"
                ],
                "non_resource_urls": [],
                "resource_names": [],
                "resources": [
                  "ciliumegressgatewaypolicies/status"
                ],
                "verbs": [
                  "update"
                ]
              },
              {
                "api_groups": [
                  "isovalent.com"
                ],
                "non_resource_urls": [],
                "resource_names": [],
                "resources": [
                  "isovalentegressgatewaypolicies"
                ],
                "verbs": [
                  "watch",
                  "list"
                ]
              },
              {
                "api_groups": [
                  "isovalent.com"
                ],
                "non_resource_urls": [],
                "resource_names": [],
                "resources": [
                  "isovalentegressgatewaypolicies/status"
                ],
                "verbs": [
                  "update"
                ]
              },
              {
                "api_groups": [
                  "cilium.io"
                ],
                "non_resource_urls": [],
                "resource_names": [],
                "resources": [
                  "ciliumnetworkpolicies",
                  "ciliumclusterwidenetworkpolicies"
                ],
                "verbs": [
                  "create",
                  "update",
                  "deletecollection",
                  "patch",
                  "get",
                  "list",
                  "watch"
                ]
              },
              {
                "api_groups": [
                  "cilium.io"
                ],
                "non_resource_urls": [],
                "resource_names": [],
                "resources": [
                  "ciliumnetworkpolicies/status",
                  "ciliumclusterwidenetworkpolicies/status"
                ],
                "verbs": [
                  "patch",
                  "update"
                ]
              },
              {
                "api_groups": [
                  "cilium.io"
                ],
                "non_resource_urls": [],
                "resource_names": [],
                "resources": [
                  "ciliumendpoints",
                  "ciliumidentities"
                ],
                "verbs": [
                  "delete",
                  "list",
                  "watch"
                ]
              },
              {
                "api_groups": [
                  "cilium.io"
                ],
                "non_resource_urls": [],
                "resource_names": [],
                "resources": [
                  "ciliumidentities"
                ],
                "verbs": [
                  "update"
                ]
              },
              {
                "api_groups": [
                  "cilium.io"
                ],
                "non_resource_urls": [],
                "resource_names": [],
                "resources": [
                  "ciliumnodes"
                ],
                "verbs": [
                  "create",
                  "update",
                  "get",
                  "list",
                  "watch",
                  "delete"
                ]
              },
              {
                "api_groups": [
                  "cilium.io"
                ],
                "non_resource_urls": [],
                "resource_names": [],
                "resources": [
                  "ciliumnodes/status"
                ],
                "verbs": [
                  "update"
                ]
              },
              {
                "api_groups": [
                  "cilium.io"
                ],
                "non_resource_urls": [],
                "resource_names": [],
                "resources": [
                  "ciliumendpointslices",
                  "ciliumenvoyconfigs"
                ],
                "verbs": [
                  "create",
                  "update",
                  "get",
                  "list",
                  "watch",
                  "delete",
                  "patch"
                ]
              },
              {
                "api_groups": [
                  "apiextensions.k8s.io"
                ],
                "non_resource_urls": [],
                "resource_names": [],
                "resources": [
                  "customresourcedefinitions"
                ],
                "verbs": [
                  "create",
                  "get",
                  "list",
                  "watch"
                ]
              },
              {
                "api_groups": [
                  "apiextensions.k8s.io"
                ],
                "non_resource_urls": [],
                "resource_names": [
                  "ciliumloadbalancerippools.cilium.io",
                  "ciliumbgppeeringpolicies.cilium.io",
                  "ciliumclusterwideenvoyconfigs.cilium.io",
                  "ciliumclusterwidenetworkpolicies.cilium.io",
                  "ciliumegressgatewaypolicies.cilium.io",
                  "ciliumendpoints.cilium.io",
                  "ciliumendpointslices.cilium.io",
                  "ciliumenvoyconfigs.cilium.io",
                  "ciliumexternalworkloads.cilium.io",
                  "ciliumidentities.cilium.io",
                  "ciliumlocalredirectpolicies.cilium.io",
                  "ciliumnetworkpolicies.cilium.io",
                  "ciliumnodes.cilium.io",
                  "ciliumnodeconfigs.cilium.io",
                  "ciliumcidrgroups.cilium.io",
                  "isovalentfqdngroups.isovalent.com",
                  "isovalentegressgatewaypolicies.isovalent.com"
                ],
                "resources": [
                  "customresourcedefinitions"
                ],
                "verbs": [
                  "update"
                ]
              },
              {
                "api_groups": [
                  "cilium.io"
                ],
                "non_resource_urls": [],
                "resource_names": [],
                "resources": [
                  "ciliumloadbalancerippools"
                ],
                "verbs": [
                  "get",
                  "list",
                  "watch"
                ]
              },
              {
                "api_groups": [
                  "cilium.io"
                ],
                "non_resource_urls": [],
                "resource_names": [],
                "resources": [
                  "ciliumloadbalancerippools/status"
                ],
                "verbs": [
                  "patch"
                ]
              },
              {
                "api_groups": [
                  "isovalent.com"
                ],
                "non_resource_urls": null,
                "resource_names": null,
                "resources": [
                  "isovalentfqdngroups"
                ],
                "verbs": [
                  "get",
                  "list",
                  "watch"
                ]
              },
              {
                "api_groups": [
                  "cilium.io"
                ],
                "non_resource_urls": null,
                "resource_names": null,
                "resources": [
                  "ciliumcidrgroups"
                ],
                "verbs": [
                  "create",
                  "patch",
                  "delete"
                ]
              },
              {
                "api_groups": [
                  "coordination.k8s.io"
                ],
                "non_resource_urls": null,
                "resource_names": null,
                "resources": [
                  "leases"
                ],
                "verbs": [
                  "create",
                  "get",
                  "update"
                ]
              }
            ]
          },
          "sensitive_attributes": [],
          "private": "bnVsbA=="
        }
      ]
    },
    {
      "mode": "managed",
      "type": "kubernetes_cluster_role",
      "name": "hubble_enterprise",
      "provider": "provider[\"registry.terraform.io/hashicorp/kubernetes\"]",
      "instances": [
        {
          "schema_version": 0,
          "attributes": {
            "aggregation_rule": [],
            "id": "hubble-enterprise",
            "metadata": [
              {
                "annotations": null,
                "generate_name": "",
                "generation": 0,
                "labels": {
                  "app.kubernetes.io/instance": "release-name",
                  "app.kubernetes.io/managed-by": "Helm",
                  "app.kubernetes.io/name": "hubble-enterprise",
                  "helm.sh/chart": "hubble-enterprise-1.10.3"
                },
                "name": "hubble-enterprise",
                "resource_version": "2575480",
                "uid": "f23198b2-4788-4b3c-883d-cd89c1e579ca"
              }
            ],
            "rule": [
              {
                "api_groups": [
                  ""
                ],
                "non_resource_urls": null,
                "resource_names": null,
                "resources": [
                  "pods"
                ],
                "verbs": [
                  "get",
                  "list",
                  "watch"
                ]
              },
              {
                "api_groups": [
                  "cilium.io",
                  "isovalent.com"
                ],
                "non_resource_urls": null,
                "resource_names": null,
                "resources": [
                  "tracingpolicies",
                  "tracingpoliciesnamespaced"
                ],
                "verbs": [
                  "get",
                  "list",
                  "watch"
                ]
              },
              {
                "api_groups": [
                  "apiextensions.k8s.io"
                ],
                "non_resource_urls": null,
                "resource_names": null,
                "resources": [
                  "customresourcedefinitions"
                ],
                "verbs": [
                  "create",
                  "get",
                  "list"
                ]
              },
              {
                "api_groups": [
                  "apiextensions.k8s.io"
                ],
                "non_resource_urls": null,
                "resource_names": [
                  "tracingpolicies.cilium.io",
                  "tracingpoliciesnamespaced.cilium.io",
                  "tracingpolicies.isovalent.com"
                ],
                "resources": [
                  "customresourcedefinitions"
                ],
                "verbs": [
                  "update"
                ]
              }
            ]
          },
          "sensitive_attributes": [],
          "private": "bnVsbA=="
        }
      ]
    },
    {
      "mode": "managed",
      "type": "kubernetes_cluster_role",
      "name": "hubble_ui",
      "provider": "provider[\"registry.terraform.io/hashicorp/kubernetes\"]",
      "instances": [
        {
          "schema_version": 0,
          "attributes": {
            "aggregation_rule": [],
            "id": "hubble-ui",
            "metadata": [
              {
                "annotations": {},
                "generate_name": "",
                "generation": 0,
                "labels": {},
                "name": "hubble-ui",
                "resource_version": "2419",
                "uid": "d975e65d-88d4-4954-9bc3-9c2fee02a1bc"
              }
            ],
            "rule": [
              {
                "api_groups": [
                  "networking.k8s.io"
                ],
                "non_resource_urls": [],
                "resource_names": [],
                "resources": [
                  "networkpolicies"
                ],
                "verbs": [
                  "get",
                  "list",
                  "watch"
                ]
              },
              {
                "api_groups": [
                  ""
                ],
                "non_resource_urls": [],
                "resource_names": [],
                "resources": [
                  "componentstatuses",
                  "endpoints",
                  "namespaces",
                  "nodes",
                  "pods",
                  "services"
                ],
                "verbs": [
                  "get",
                  "list",
                  "watch"
                ]
              },
              {
                "api_groups": [
                  "apiextensions.k8s.io"
                ],
                "non_resource_urls": [],
                "resource_names": [],
                "resources": [
                  "customresourcedefinitions"
                ],
                "verbs": [
                  "get",
                  "list",
                  "watch"
                ]
              },
              {
                "api_groups": [
                  "cilium.io"
                ],
                "non_resource_urls": [],
                "resource_names": [],
                "resources": [
                  "*"
                ],
                "verbs": [
                  "get",
                  "list",
                  "watch"
                ]
              }
            ]
          },
          "sensitive_attributes": [],
          "private": "bnVsbA=="
        }
      ]
    },
    {
      "mode": "managed",
      "type": "kubernetes_cluster_role_binding",
      "name": "cilium",
      "provider": "provider[\"registry.terraform.io/hashicorp/kubernetes\"]",
      "instances": [
        {
          "schema_version": 0,
          "attributes": {
            "id": "cilium",
            "metadata": [
              {
                "annotations": {},
                "generate_name": "",
                "generation": 0,
                "labels": {
                  "app.kubernetes.io/part-of": "cilium"
                },
                "name": "cilium",
                "resource_version": "2399",
                "uid": "bb22aef1-018a-4ea5-8380-0a09788f1df4"
              }
            ],
            "role_ref": [
              {
                "api_group": "rbac.authorization.k8s.io",
                "kind": "ClusterRole",
                "name": "cilium"
              }
            ],
            "subject": [
              {
                "api_group": "",
                "kind": "ServiceAccount",
                "name": "cilium",
                "namespace": "cilium"
              }
            ]
          },
          "sensitive_attributes": [],
          "private": "bnVsbA=="
        }
      ]
    },
    {
      "mode": "managed",
      "type": "kubernetes_cluster_role_binding",
      "name": "cilium_operator",
      "provider": "provider[\"registry.terraform.io/hashicorp/kubernetes\"]",
      "instances": [
        {
          "schema_version": 0,
          "attributes": {
            "id": "cilium-operator",
            "metadata": [
              {
                "annotations": {},
                "generate_name": "",
                "generation": 0,
                "labels": {
                  "app.kubernetes.io/part-of": "cilium"
                },
                "name": "cilium-operator",
                "resource_version": "2335",
                "uid": "591ac73a-2977-48e2-8e90-ff8e503ee2da"
              }
            ],
            "role_ref": [
              {
                "api_group": "rbac.authorization.k8s.io",
                "kind": "ClusterRole",
                "name": "cilium-operator"
              }
            ],
            "subject": [
              {
                "api_group": "",
                "kind": "ServiceAccount",
                "name": "cilium-operator",
                "namespace": "cilium"
              }
            ]
          },
          "sensitive_attributes": [],
          "private": "bnVsbA=="
        }
      ]
    },
    {
      "mode": "managed",
      "type": "kubernetes_cluster_role_binding",
      "name": "hubble_enterprise",
      "provider": "provider[\"registry.terraform.io/hashicorp/kubernetes\"]",
      "instances": [
        {
          "schema_version": 0,
          "attributes": {
            "id": "hubble-enterprise",
            "metadata": [
              {
                "annotations": null,
                "generate_name": "",
                "generation": 0,
                "labels": {
                  "app.kubernetes.io/instance": "release-name",
                  "app.kubernetes.io/managed-by": "Helm",
                  "app.kubernetes.io/name": "hubble-enterprise",
                  "helm.sh/chart": "hubble-enterprise-1.10.3"
                },
                "name": "hubble-enterprise",
                "resource_version": "2575485",
                "uid": "3404d71b-6409-4968-b53a-2ab81ede613a"
              }
            ],
            "role_ref": [
              {
                "api_group": "rbac.authorization.k8s.io",
                "kind": "ClusterRole",
                "name": "hubble-enterprise"
              }
            ],
            "subject": [
              {
                "api_group": "",
                "kind": "ServiceAccount",
                "name": "hubble-enterprise",
                "namespace": "cilium"
              }
            ]
          },
          "sensitive_attributes": [],
          "private": "bnVsbA=="
        }
      ]
    },
    {
      "mode": "managed",
      "type": "kubernetes_cluster_role_binding",
      "name": "hubble_ui",
      "provider": "provider[\"registry.terraform.io/hashicorp/kubernetes\"]",
      "instances": [
        {
          "schema_version": 0,
          "attributes": {
            "id": "hubble-ui",
            "metadata": [
              {
                "annotations": {},
                "generate_name": "",
                "generation": 0,
                "labels": {},
                "name": "hubble-ui",
                "resource_version": "2391",
                "uid": "a1d2a874-e71e-429e-91d4-d0629f6ff84a"
              }
            ],
            "role_ref": [
              {
                "api_group": "rbac.authorization.k8s.io",
                "kind": "ClusterRole",
                "name": "hubble-ui"
              }
            ],
            "subject": [
              {
                "api_group": "",
                "kind": "ServiceAccount",
                "name": "hubble-ui",
                "namespace": "cilium"
              }
            ]
          },
          "sensitive_attributes": [],
          "private": "bnVsbA=="
        }
      ]
    },
    {
      "mode": "managed",
      "type": "kubernetes_config_map",
      "name": "cilium_config",
      "provider": "provider[\"registry.terraform.io/hashicorp/kubernetes\"]",
      "instances": [
        {
          "schema_version": 0,
          "attributes": {
            "binary_data": {},
            "data": {
              "agent-not-ready-taint-key": "node.cilium.io/agent-not-ready",
              "arping-refresh-period": "30s",
              "auto-direct-node-routes": "false",
              "bpf-lb-external-clusterip": "false",
              "bpf-lb-map-max": "65536",
              "bpf-lb-sock": "false",
              "bpf-map-dynamic-size-ratio": "0.0025",
              "bpf-policy-map-max": "16384",
              "bpf-root": "/sys/fs/bpf",
              "cgroup-root": "/run/cilium/cgroupv2",
              "cilium-endpoint-gc-interval": "5m0s",
              "cluster-id": "0",
              "cluster-name": "decoste-panda",
              "cluster-pool-ipv4-cidr": "192.168.0.0/16",
              "cluster-pool-ipv4-mask-size": "24",
              "cni-uninstall": "true",
              "custom-cni-conf": "false",
              "debug": "true",
              "disable-cnp-status-updates": "true",
              "disable-endpoint-crd": "false",
              "egress-gateway-healthcheck-timeout": "2s",
              "enable-auto-protect-node-port-range": "true",
              "enable-bgp-control-plane": "false",
              "enable-bpf-clock-probe": "true",
              "enable-cilium-endpoint-slice": "true",
              "enable-cluster-aware-addressing": "false",
              "enable-endpoint-health-checking": "true",
              "enable-health-check-nodeport": "true",
              "enable-health-checking": "true",
              "enable-hubble": "true",
              "enable-hubble-open-metrics": "true",
              "enable-inter-cluster-snat": "false",
              "enable-ipv4": "true",
              "enable-ipv4-masquerade": "true",
              "enable-ipv6": "false",
              "enable-ipv6-big-tcp": "false",
              "enable-ipv6-masquerade": "true",
              "enable-k8s-endpoint-slice": "true",
              "enable-k8s-terminating-endpoint": "true",
              "enable-l2-neigh-discovery": "true",
              "enable-l7-proxy": "true",
              "enable-local-redirect-policy": "true",
              "enable-metrics": "true",
              "enable-policy": "default",
              "enable-remote-node-identity": "true",
              "enable-sctp": "false",
              "enable-svc-source-range-check": "true",
              "enable-vtep": "false",
              "enable-well-known-identities": "false",
              "enable-xt-socket-fallback": "true",
              "hubble-disable-tls": "false",
              "hubble-listen-address": ":4244",
              "hubble-metrics": "dns:query;sourceContext=workload-name;destinationContext=workload-name drop:sourceContext=identity;destinationContext=identity;labelsContext=source_workload,destination_workload tcp flow port-distribution http flows-to-world policy",
              "hubble-metrics-server": ":9965",
              "hubble-socket-path": "/var/run/cilium/hubble.sock",
              "hubble-tls-cert-file": "/var/lib/cilium/tls/hubble/server.crt",
              "hubble-tls-client-ca-files": "/var/lib/cilium/tls/hubble/client-ca.crt",
              "hubble-tls-key-file": "/var/lib/cilium/tls/hubble/server.key",
              "identity-allocation-mode": "crd",
              "identity-gc-interval": "15m0s",
              "identity-heartbeat-timeout": "30m0s",
              "install-no-conntrack-iptables-rules": "false",
              "ipam": "cluster-pool",
              "kube-proxy-replacement": "disabled",
              "monitor-aggregation": "medium",
              "monitor-aggregation-flags": "all",
              "monitor-aggregation-interval": "5s",
              "node-port-bind-protection": "true",
              "nodes-gc-interval": "5m0s",
              "operator-api-serve-addr": "127.0.0.1:9234",
              "operator-prometheus-serve-addr": ":9963",
              "preallocate-bpf-maps": "false",
              "procfs": "/host/proc",
              "prometheus-serve-addr": ":9962",
              "proxy-prometheus-port": "9964",
              "remove-cilium-node-taints": "true",
              "set-cilium-is-up-condition": "true",
              "sidecar-istio-proxy-image": "cilium/istio_proxy",
              "skip-cnp-status-startup-clean": "false",
              "synchronize-k8s-nodes": "true",
              "tofqdns-dns-reject-response-code": "refused",
              "tofqdns-enable-dns-compression": "true",
              "tofqdns-endpoint-max-ip-per-hostname": "50",
              "tofqdns-idle-connection-grace-period": "0s",
              "tofqdns-max-deferred-connection-deletes": "10000",
              "tofqdns-min-ttl": "3600",
              "tofqdns-proxy-response-max-delay": "100ms",
              "tunnel": "vxlan",
              "unmanaged-pod-watcher-interval": "15"
            },
            "id": "cilium/cilium-config",
            "immutable": false,
            "metadata": [
              {
                "annotations": {},
                "generate_name": "",
                "generation": 0,
                "labels": {},
                "name": "cilium-config",
                "namespace": "cilium",
                "resource_version": "2575466",
                "uid": "89a28c54-4777-4cf0-bd3a-9a564036903e"
              }
            ]
          },
          "sensitive_attributes": [],
          "private": "bnVsbA=="
        }
      ]
    },
    {
      "mode": "managed",
      "type": "kubernetes_config_map",
      "name": "hubble_enterprise_config",
      "provider": "provider[\"registry.terraform.io/hashicorp/kubernetes\"]",
      "instances": [
        {
          "schema_version": 0,
          "attributes": {
            "binary_data": null,
            "data": {
              "cilium-bpf": "/sys/fs/bpf/tc/globals/",
              "enable-cilium-api": "true",
              "enable-k8s-api": "true",
              "enable-process-cred": "false",
              "enable-process-ns": "false",
              "export-allowlist": "{\"event_set\":[\"PROCESS_CONNECT\", \"PROCESS_EXEC\", \"PROCESS_HTTP\", \"PROCESS_KPROBE\", \"PROCESS_LISTEN\", \"PROCESS_TLS\"]}",
              "export-denylist": "{\"health_check\":true}\n{\"namespace\":[\"\", \"cilium\", \"kube-system\"]}",
              "export-file-compress": "false",
              "export-file-max-backups": "5",
              "export-file-max-size-mb": "10",
              "export-filename": "/var/run/cilium/hubble/fgs.log",
              "export-rate-limit": "-1",
              "gops-address": "localhost:8118",
              "metrics-server": ":2112",
              "process-cache-size": "65536",
              "procfs": "/procRoot",
              "server-address": "localhost:54321",
              "tlstc": "false"
            },
            "id": "cilium/hubble-enterprise-config",
            "immutable": false,
            "metadata": [
              {
                "annotations": null,
                "generate_name": "",
                "generation": 0,
                "labels": {
                  "app.kubernetes.io/instance": "release-name",
                  "app.kubernetes.io/managed-by": "Helm",
                  "app.kubernetes.io/name": "hubble-enterprise",
                  "helm.sh/chart": "hubble-enterprise-1.10.3"
                },
                "name": "hubble-enterprise-config",
                "namespace": "cilium",
                "resource_version": "2575482",
                "uid": "0a04ae63-0d1d-473f-a3f8-ad7ba6b60bb3"
              }
            ]
          },
          "sensitive_attributes": [],
          "private": "bnVsbA=="
        }
      ]
    },
    {
      "mode": "managed",
      "type": "kubernetes_config_map",
      "name": "hubble_relay_config",
      "provider": "provider[\"registry.terraform.io/hashicorp/kubernetes\"]",
      "instances": [
        {
          "schema_version": 0,
          "attributes": {
            "binary_data": {},
            "data": {
              "config.yaml": "cluster-name: decoste-panda\npeer-service: \"hubble-peer.cilium.svc.cluster.local:443\"\nlisten-address: :4245\ndial-timeout: 15s\nretry-timeout: 15s\nsort-buffer-len-max: \nsort-buffer-drain-timeout: \ntls-client-cert-file: /var/lib/hubble-relay/tls/client.crt\ntls-client-key-file: /var/lib/hubble-relay/tls/client.key\ntls-hubble-server-ca-files: /var/lib/hubble-relay/tls/hubble-server-ca.crt\ndisable-server-tls: true\n"
            },
            "id": "cilium/hubble-relay-config",
            "immutable": false,
            "metadata": [
              {
                "annotations": {},
                "generate_name": "",
                "generation": 0,
                "labels": {},
                "name": "hubble-relay-config",
                "namespace": "cilium",
                "resource_version": "2575490",
                "uid": "85925d8b-3a6d-4316-8ae5-b03d9dcbdbc1"
              }
            ]
          },
          "sensitive_attributes": [],
          "private": "bnVsbA=="
        }
      ]
    },
    {
      "mode": "managed",
      "type": "kubernetes_config_map",
      "name": "hubble_ui_nginx",
      "provider": "provider[\"registry.terraform.io/hashicorp/kubernetes\"]",
      "instances": [
        {
          "schema_version": 0,
          "attributes": {
            "binary_data": {},
            "data": {
              "nginx.conf": "server {\n    listen       8081;\n    server_name  localhost;\n\n    client_max_body_size 1G;\n    proxy_buffers 256 512k;\n    proxy_buffer_size 512k;\n    subrequest_output_buffer_size 8k;\n    location / {\n        proxy_set_header Host $host;\n        proxy_set_header X-Real-IP $remote_addr;\n\n        # CORS\n        add_header Access-Control-Allow-Methods \"GET, POST, PUT, HEAD, DELETE, OPTIONS\";\n        add_header Access-Control-Allow-Origin *;\n        add_header Access-Control-Max-Age 1728000;\n        add_header Access-Control-Expose-Headers content-length,grpc-status,grpc-message;\n        add_header Access-Control-Allow-Headers range,keep-alive,user-agent,cache-control,content-type,content-transfer-encoding,x-accept-content-transfer-encoding,x-accept-response-streaming,x-user-agent,x-grpc-web,grpc-timeout;\n        if ($request_method = OPTIONS) {\n            return 204;\n        }\n        # /CORS\n\n        location /api {\n            proxy_http_version 1.1;\n            proxy_pass_request_headers on;\n            proxy_hide_header Access-Control-Allow-Origin;\n            proxy_set_header Upgrade $http_upgrade;\n            proxy_set_header Connection \"Upgrade\";\n            proxy_set_header Host $host;\n            proxy_read_timeout 96000s;\n            proxy_send_timeout 96000s;\n            proxy_socket_keepalive on;\n            proxy_pass http://127.0.0.1:8090;\n        }\n        location / {\n            rewrite  ^/(.*)  /$1 break;\n            proxy_pass http://localhost:8082;\n        }\n    }\n}\nserver {\n    listen       8082;\n    server_name  localhost;\n\n    root /app;\n    index index.html;\n\n    location / {\n        try_files $uri $uri/ /index.html;\n    }\n}"
            },
            "id": "cilium/hubble-ui-nginx",
            "immutable": false,
            "metadata": [
              {
                "annotations": {},
                "generate_name": "",
                "generation": 0,
                "labels": {},
                "name": "hubble-ui-nginx",
                "namespace": "cilium",
                "resource_version": "2575484",
                "uid": "eb516857-7c4b-4e25-8c8e-b2cd198b2ff1"
              }
            ]
          },
          "sensitive_attributes": [],
          "private": "bnVsbA=="
        }
      ]
    },
    {
      "mode": "managed",
      "type": "kubernetes_daemonset",
      "name": "cilium",
      "provider": "provider[\"registry.terraform.io/hashicorp/kubernetes\"]",
      "instances": [
        {
          "schema_version": 1,
          "attributes": {
            "id": "cilium/cilium",
            "metadata": [
              {
                "annotations": {},
                "generate_name": "",
                "generation": 3,
                "labels": {
                  "app.kubernetes.io/name": "cilium-agent",
                  "app.kubernetes.io/part-of": "cilium",
                  "k8s-app": "cilium"
                },
                "name": "cilium",
                "namespace": "cilium",
                "resource_version": "2575596",
                "uid": "837343b8-eeea-4813-ac20-45455d0046c8"
              }
            ],
            "spec": [
              {
                "min_ready_seconds": 0,
                "revision_history_limit": 10,
                "selector": [
                  {
                    "match_expressions": [],
                    "match_labels": {
                      "k8s-app": "cilium"
                    }
                  }
                ],
                "strategy": [
                  {
                    "rolling_update": [
                      {
                        "max_unavailable": "2"
                      }
                    ],
                    "type": "RollingUpdate"
                  }
                ],
                "template": [
                  {
                    "metadata": [
                      {
                        "annotations": {
                          "container.apparmor.security.beta.kubernetes.io/apply-sysctl-overwrites": "unconfined",
                          "container.apparmor.security.beta.kubernetes.io/cilium-agent": "unconfined",
                          "container.apparmor.security.beta.kubernetes.io/clean-cilium-state": "unconfined",
                          "container.apparmor.security.beta.kubernetes.io/mount-cgroup": "unconfined",
                          "prometheus.io/port": "9962",
                          "prometheus.io/scrape": "true"
                        },
                        "generate_name": "",
                        "generation": 0,
                        "labels": {
                          "app.kubernetes.io/name": "cilium-agent",
                          "app.kubernetes.io/part-of": "cilium",
                          "k8s-app": "cilium"
                        },
                        "name": "",
                        "namespace": "",
                        "resource_version": "",
                        "uid": ""
                      }
                    ],
                    "spec": [
                      {
                        "active_deadline_seconds": 0,
                        "affinity": [
                          {
                            "node_affinity": [],
                            "pod_affinity": [],
                            "pod_anti_affinity": [
                              {
                                "preferred_during_scheduling_ignored_during_execution": [],
                                "required_during_scheduling_ignored_during_execution": [
                                  {
                                    "label_selector": [
                                      {
                                        "match_expressions": [],
                                        "match_labels": {
                                          "k8s-app": "cilium"
                                        }
                                      }
                                    ],
                                    "namespaces": [],
                                    "topology_key": "kubernetes.io/hostname"
                                  }
                                ]
                              }
                            ]
                          }
                        ],
                        "automount_service_account_token": true,
                        "container": [
                          {
                            "args": [
                              "--config-dir=/tmp/cilium/config-map"
                            ],
                            "command": [
                              "cilium-agent"
                            ],
                            "env": [
                              {
                                "name": "K8S_NODE_NAME",
                                "value": "",
                                "value_from": [
                                  {
                                    "config_map_key_ref": [],
                                    "field_ref": [
                                      {
                                        "api_version": "v1",
                                        "field_path": "spec.nodeName"
                                      }
                                    ],
                                    "resource_field_ref": [],
                                    "secret_key_ref": []
                                  }
                                ]
                              },
                              {
                                "name": "CILIUM_K8S_NAMESPACE",
                                "value": "",
                                "value_from": [
                                  {
                                    "config_map_key_ref": [],
                                    "field_ref": [
                                      {
                                        "api_version": "v1",
                                        "field_path": "metadata.namespace"
                                      }
                                    ],
                                    "resource_field_ref": [],
                                    "secret_key_ref": []
                                  }
                                ]
                              },
                              {
                                "name": "CILIUM_CLUSTERMESH_CONFIG",
                                "value": "/var/lib/cilium/clustermesh/",
                                "value_from": []
                              },
                              {
                                "name": "CILIUM_CNI_CHAINING_MODE",
                                "value": "",
                                "value_from": [
                                  {
                                    "config_map_key_ref": [
                                      {
                                        "key": "cni-chaining-mode",
                                        "name": "cilium-config",
                                        "optional": true
                                      }
                                    ],
                                    "field_ref": [],
                                    "resource_field_ref": [],
                                    "secret_key_ref": []
                                  }
                                ]
                              },
                              {
                                "name": "CILIUM_CUSTOM_CNI_CONF",
                                "value": "",
                                "value_from": [
                                  {
                                    "config_map_key_ref": [
                                      {
                                        "key": "custom-cni-conf",
                                        "name": "cilium-config",
                                        "optional": true
                                      }
                                    ],
                                    "field_ref": [],
                                    "resource_field_ref": [],
                                    "secret_key_ref": []
                                  }
                                ]
                              },
                              {
                                "name": "KUBERNETES_SERVICE_HOST",
                                "value": "10.0.0.1",
                                "value_from": []
                              },
                              {
                                "name": "KUBERNETES_SERVICE_PORT",
                                "value": "443",
                                "value_from": []
                              }
                            ],
                            "env_from": [],
                            "image": "quay.io/isovalent/cilium:v1.13.4-cee.1",
                            "image_pull_policy": "IfNotPresent",
                            "lifecycle": [
                              {
                                "post_start": [
                                  {
                                    "exec": [
                                      {
                                        "command": [
                                          "bash",
                                          "-c",
                                          "/cni-install.sh --enable-debug=true --cni-exclusive=true --log-file=/var/run/cilium/cilium-cni.log\n"
                                        ]
                                      }
                                    ],
                                    "http_get": [],
                                    "tcp_socket": []
                                  }
                                ],
                                "pre_stop": [
                                  {
                                    "exec": [
                                      {
                                        "command": [
                                          "/cni-uninstall.sh"
                                        ]
                                      }
                                    ],
                                    "http_get": [],
                                    "tcp_socket": []
                                  }
                                ]
                              }
                            ],
                            "liveness_probe": [
                              {
                                "exec": [
                                  {
                                    "command": [
                                      "cilium",
                                      "status",
                                      "--brief"
                                    ]
                                  }
                                ],
                                "failure_threshold": 10,
                                "grpc": [],
                                "http_get": [],
                                "initial_delay_seconds": 0,
                                "period_seconds": 30,
                                "success_threshold": 1,
                                "tcp_socket": [],
                                "timeout_seconds": 5
                              }
                            ],
                            "name": "cilium-agent",
                            "port": [
                              {
                                "container_port": 4244,
                                "host_ip": "",
                                "host_port": 4244,
                                "name": "peer-service",
                                "protocol": "TCP"
                              },
                              {
                                "container_port": 9962,
                                "host_ip": "",
                                "host_port": 9962,
                                "name": "prometheus",
                                "protocol": "TCP"
                              },
                              {
                                "container_port": 9964,
                                "host_ip": "",
                                "host_port": 9964,
                                "name": "envoy-metrics",
                                "protocol": "TCP"
                              },
                              {
                                "container_port": 9965,
                                "host_ip": "",
                                "host_port": 9965,
                                "name": "hubble-metrics",
                                "protocol": "TCP"
                              }
                            ],
                            "readiness_probe": [
                              {
                                "exec": [
                                  {
                                    "command": [
                                      "cilium",
                                      "status",
                                      "--brief"
                                    ]
                                  }
                                ],
                                "failure_threshold": 3,
                                "grpc": [],
                                "http_get": [],
                                "initial_delay_seconds": 0,
                                "period_seconds": 30,
                                "success_threshold": 1,
                                "tcp_socket": [],
                                "timeout_seconds": 5
                              }
                            ],
                            "resources": [
                              {
                                "limits": {},
                                "requests": {}
                              }
                            ],
                            "security_context": [
                              {
                                "allow_privilege_escalation": true,
                                "capabilities": [
                                  {
                                    "add": [
                                      "CHOWN",
                                      "KILL",
                                      "NET_ADMIN",
                                      "NET_RAW",
                                      "IPC_LOCK",
                                      "SYS_MODULE",
                                      "SYS_ADMIN",
                                      "SYS_RESOURCE",
                                      "DAC_OVERRIDE",
                                      "FOWNER",
                                      "SETGID",
                                      "SETUID"
                                    ],
                                    "drop": [
                                      "ALL"
                                    ]
                                  }
                                ],
                                "privileged": false,
                                "read_only_root_filesystem": false,
                                "run_as_group": "",
                                "run_as_non_root": false,
                                "run_as_user": "",
                                "se_linux_options": [],
                                "seccomp_profile": []
                              }
                            ],
                            "startup_probe": [
                              {
                                "exec": [],
                                "failure_threshold": 105,
                                "grpc": [],
                                "http_get": [
                                  {
                                    "host": "127.0.0.1",
                                    "http_header": [
                                      {
                                        "name": "brief",
                                        "value": "true"
                                      }
                                    ],
                                    "path": "/healthz",
                                    "port": "9879",
                                    "scheme": "HTTP"
                                  }
                                ],
                                "initial_delay_seconds": 0,
                                "period_seconds": 2,
                                "success_threshold": 1,
                                "tcp_socket": [],
                                "timeout_seconds": 1
                              }
                            ],
                            "stdin": false,
                            "stdin_once": false,
                            "termination_message_path": "/dev/termination-log",
                            "termination_message_policy": "FallbackToLogsOnError",
                            "tty": false,
                            "volume_mount": [
                              {
                                "mount_path": "/host/proc/sys/net",
                                "mount_propagation": "None",
                                "name": "host-proc-sys-net",
                                "read_only": false,
                                "sub_path": ""
                              },
                              {
                                "mount_path": "/host/proc/sys/kernel",
                                "mount_propagation": "None",
                                "name": "host-proc-sys-kernel",
                                "read_only": false,
                                "sub_path": ""
                              },
                              {
                                "mount_path": "/sys/fs/bpf",
                                "mount_propagation": "HostToContainer",
                                "name": "bpf-maps",
                                "read_only": false,
                                "sub_path": ""
                              },
                              {
                                "mount_path": "/var/run/cilium",
                                "mount_propagation": "None",
                                "name": "cilium-run",
                                "read_only": false,
                                "sub_path": ""
                              },
                              {
                                "mount_path": "/host/etc/cni/net.d",
                                "mount_propagation": "None",
                                "name": "etc-cni-netd",
                                "read_only": false,
                                "sub_path": ""
                              },
                              {
                                "mount_path": "/var/lib/cilium/clustermesh",
                                "mount_propagation": "None",
                                "name": "clustermesh-secrets",
                                "read_only": true,
                                "sub_path": ""
                              },
                              {
                                "mount_path": "/lib/modules",
                                "mount_propagation": "None",
                                "name": "lib-modules",
                                "read_only": true,
                                "sub_path": ""
                              },
                              {
                                "mount_path": "/run/xtables.lock",
                                "mount_propagation": "None",
                                "name": "xtables-lock",
                                "read_only": false,
                                "sub_path": ""
                              },
                              {
                                "mount_path": "/var/lib/cilium/tls/hubble",
                                "mount_propagation": "None",
                                "name": "hubble-tls",
                                "read_only": true,
                                "sub_path": ""
                              },
                              {
                                "mount_path": "/tmp",
                                "mount_propagation": "None",
                                "name": "tmp",
                                "read_only": false,
                                "sub_path": ""
                              }
                            ],
                            "working_dir": ""
                          }
                        ],
                        "dns_config": [],
                        "dns_policy": "ClusterFirst",
                        "enable_service_links": true,
                        "host_aliases": [],
                        "host_ipc": false,
                        "host_network": true,
                        "host_pid": false,
                        "hostname": "",
                        "image_pull_secrets": [],
                        "init_container": [
                          {
                            "args": [],
                            "command": [
                              "cilium",
                              "build-config"
                            ],
                            "env": [
                              {
                                "name": "K8S_NODE_NAME",
                                "value": "",
                                "value_from": [
                                  {
                                    "config_map_key_ref": [],
                                    "field_ref": [
                                      {
                                        "api_version": "v1",
                                        "field_path": "spec.nodeName"
                                      }
                                    ],
                                    "resource_field_ref": [],
                                    "secret_key_ref": []
                                  }
                                ]
                              },
                              {
                                "name": "CILIUM_K8S_NAMESPACE",
                                "value": "",
                                "value_from": [
                                  {
                                    "config_map_key_ref": [],
                                    "field_ref": [
                                      {
                                        "api_version": "v1",
                                        "field_path": "metadata.namespace"
                                      }
                                    ],
                                    "resource_field_ref": [],
                                    "secret_key_ref": []
                                  }
                                ]
                              },
                              {
                                "name": "KUBERNETES_SERVICE_HOST",
                                "value": "10.0.0.1",
                                "value_from": []
                              },
                              {
                                "name": "KUBERNETES_SERVICE_PORT",
                                "value": "443",
                                "value_from": []
                              }
                            ],
                            "env_from": [],
                            "image": "quay.io/isovalent/cilium:v1.13.4-cee.1",
                            "image_pull_policy": "IfNotPresent",
                            "lifecycle": [],
                            "liveness_probe": [],
                            "name": "config",
                            "port": [],
                            "readiness_probe": [],
                            "resources": [
                              {
                                "limits": {},
                                "requests": {}
                              }
                            ],
                            "security_context": [],
                            "startup_probe": [],
                            "stdin": false,
                            "stdin_once": false,
                            "termination_message_path": "/dev/termination-log",
                            "termination_message_policy": "FallbackToLogsOnError",
                            "tty": false,
                            "volume_mount": [
                              {
                                "mount_path": "/tmp",
                                "mount_propagation": "None",
                                "name": "tmp",
                                "read_only": false,
                                "sub_path": ""
                              }
                            ],
                            "working_dir": ""
                          },
                          {
                            "args": [],
                            "command": [
                              "sh",
                              "-ec",
                              "cp /usr/bin/cilium-mount /hostbin/cilium-mount;\nnsenter --cgroup=/hostproc/1/ns/cgroup --mount=/hostproc/1/ns/mnt \"${BIN_PATH}/cilium-mount\" $CGROUP_ROOT;\nrm /hostbin/cilium-mount\n"
                            ],
                            "env": [
                              {
                                "name": "CGROUP_ROOT",
                                "value": "/run/cilium/cgroupv2",
                                "value_from": []
                              },
                              {
                                "name": "BIN_PATH",
                                "value": "/opt/cni/bin",
                                "value_from": []
                              }
                            ],
                            "env_from": [],
                            "image": "quay.io/isovalent/cilium:v1.13.4-cee.1",
                            "image_pull_policy": "IfNotPresent",
                            "lifecycle": [],
                            "liveness_probe": [],
                            "name": "mount-cgroup",
                            "port": [],
                            "readiness_probe": [],
                            "resources": [
                              {
                                "limits": {},
                                "requests": {}
                              }
                            ],
                            "security_context": [
                              {
                                "allow_privilege_escalation": true,
                                "capabilities": [
                                  {
                                    "add": [
                                      "SYS_ADMIN",
                                      "SYS_CHROOT",
                                      "SYS_PTRACE"
                                    ],
                                    "drop": [
                                      "ALL"
                                    ]
                                  }
                                ],
                                "privileged": false,
                                "read_only_root_filesystem": false,
                                "run_as_group": "",
                                "run_as_non_root": false,
                                "run_as_user": "",
                                "se_linux_options": [],
                                "seccomp_profile": []
                              }
                            ],
                            "startup_probe": [],
                            "stdin": false,
                            "stdin_once": false,
                            "termination_message_path": "/dev/termination-log",
                            "termination_message_policy": "FallbackToLogsOnError",
                            "tty": false,
                            "volume_mount": [
                              {
                                "mount_path": "/hostproc",
                                "mount_propagation": "None",
                                "name": "hostproc",
                                "read_only": false,
                                "sub_path": ""
                              },
                              {
                                "mount_path": "/hostbin",
                                "mount_propagation": "None",
                                "name": "cni-path",
                                "read_only": false,
                                "sub_path": ""
                              }
                            ],
                            "working_dir": ""
                          },
                          {
                            "args": [],
                            "command": [
                              "sh",
                              "-ec",
                              "cp /usr/bin/cilium-sysctlfix /hostbin/cilium-sysctlfix;\nnsenter --mount=/hostproc/1/ns/mnt \"${BIN_PATH}/cilium-sysctlfix\";\nrm /hostbin/cilium-sysctlfix\n"
                            ],
                            "env": [
                              {
                                "name": "BIN_PATH",
                                "value": "/opt/cni/bin",
                                "value_from": []
                              }
                            ],
                            "env_from": [],
                            "image": "quay.io/isovalent/cilium:v1.13.4-cee.1",
                            "image_pull_policy": "IfNotPresent",
                            "lifecycle": [],
                            "liveness_probe": [],
                            "name": "apply-sysctl-overwrites",
                            "port": [],
                            "readiness_probe": [],
                            "resources": [
                              {
                                "limits": {},
                                "requests": {}
                              }
                            ],
                            "security_context": [
                              {
                                "allow_privilege_escalation": true,
                                "capabilities": [
                                  {
                                    "add": [
                                      "SYS_ADMIN",
                                      "SYS_CHROOT",
                                      "SYS_PTRACE"
                                    ],
                                    "drop": [
                                      "ALL"
                                    ]
                                  }
                                ],
                                "privileged": false,
                                "read_only_root_filesystem": false,
                                "run_as_group": "",
                                "run_as_non_root": false,
                                "run_as_user": "",
                                "se_linux_options": [],
                                "seccomp_profile": []
                              }
                            ],
                            "startup_probe": [],
                            "stdin": false,
                            "stdin_once": false,
                            "termination_message_path": "/dev/termination-log",
                            "termination_message_policy": "FallbackToLogsOnError",
                            "tty": false,
                            "volume_mount": [
                              {
                                "mount_path": "/hostproc",
                                "mount_propagation": "None",
                                "name": "hostproc",
                                "read_only": false,
                                "sub_path": ""
                              },
                              {
                                "mount_path": "/hostbin",
                                "mount_propagation": "None",
                                "name": "cni-path",
                                "read_only": false,
                                "sub_path": ""
                              }
                            ],
                            "working_dir": ""
                          },
                          {
                            "args": [
                              "mount | grep \"/sys/fs/bpf type bpf\" || mount -t bpf bpf /sys/fs/bpf"
                            ],
                            "command": [
                              "/bin/bash",
                              "-c",
                              "--"
                            ],
                            "env": [],
                            "env_from": [],
                            "image": "quay.io/isovalent/cilium:v1.13.4-cee.1",
                            "image_pull_policy": "IfNotPresent",
                            "lifecycle": [],
                            "liveness_probe": [],
                            "name": "mount-bpf-fs",
                            "port": [],
                            "readiness_probe": [],
                            "resources": [
                              {
                                "limits": {},
                                "requests": {}
                              }
                            ],
                            "security_context": [
                              {
                                "allow_privilege_escalation": true,
                                "capabilities": [],
                                "privileged": true,
                                "read_only_root_filesystem": false,
                                "run_as_group": "",
                                "run_as_non_root": false,
                                "run_as_user": "",
                                "se_linux_options": [],
                                "seccomp_profile": []
                              }
                            ],
                            "startup_probe": [],
                            "stdin": false,
                            "stdin_once": false,
                            "termination_message_path": "/dev/termination-log",
                            "termination_message_policy": "FallbackToLogsOnError",
                            "tty": false,
                            "volume_mount": [
                              {
                                "mount_path": "/sys/fs/bpf",
                                "mount_propagation": "Bidirectional",
                                "name": "bpf-maps",
                                "read_only": false,
                                "sub_path": ""
                              }
                            ],
                            "working_dir": ""
                          },
                          {
                            "args": [],
                            "command": [
                              "/init-container.sh"
                            ],
                            "env": [
                              {
                                "name": "CILIUM_ALL_STATE",
                                "value": "",
                                "value_from": [
                                  {
                                    "config_map_key_ref": [
                                      {
                                        "key": "clean-cilium-state",
                                        "name": "cilium-config",
                                        "optional": true
                                      }
                                    ],
                                    "field_ref": [],
                                    "resource_field_ref": [],
                                    "secret_key_ref": []
                                  }
                                ]
                              },
                              {
                                "name": "CILIUM_BPF_STATE",
                                "value": "",
                                "value_from": [
                                  {
                                    "config_map_key_ref": [
                                      {
                                        "key": "clean-cilium-bpf-state",
                                        "name": "cilium-config",
                                        "optional": true
                                      }
                                    ],
                                    "field_ref": [],
                                    "resource_field_ref": [],
                                    "secret_key_ref": []
                                  }
                                ]
                              },
                              {
                                "name": "KUBERNETES_SERVICE_HOST",
                                "value": "10.0.0.1",
                                "value_from": []
                              },
                              {
                                "name": "KUBERNETES_SERVICE_PORT",
                                "value": "443",
                                "value_from": []
                              }
                            ],
                            "env_from": [],
                            "image": "quay.io/isovalent/cilium:v1.13.4-cee.1",
                            "image_pull_policy": "IfNotPresent",
                            "lifecycle": [],
                            "liveness_probe": [],
                            "name": "clean-cilium-state",
                            "port": [],
                            "readiness_probe": [],
                            "resources": [
                              {
                                "limits": {},
                                "requests": {
                                  "cpu": "100m",
                                  "memory": "100Mi"
                                }
                              }
                            ],
                            "security_context": [
                              {
                                "allow_privilege_escalation": true,
                                "capabilities": [
                                  {
                                    "add": [
                                      "NET_ADMIN",
                                      "SYS_MODULE",
                                      "SYS_ADMIN",
                                      "SYS_RESOURCE"
                                    ],
                                    "drop": [
                                      "ALL"
                                    ]
                                  }
                                ],
                                "privileged": false,
                                "read_only_root_filesystem": false,
                                "run_as_group": "",
                                "run_as_non_root": false,
                                "run_as_user": "",
                                "se_linux_options": [],
                                "seccomp_profile": []
                              }
                            ],
                            "startup_probe": [],
                            "stdin": false,
                            "stdin_once": false,
                            "termination_message_path": "/dev/termination-log",
                            "termination_message_policy": "FallbackToLogsOnError",
                            "tty": false,
                            "volume_mount": [
                              {
                                "mount_path": "/sys/fs/bpf",
                                "mount_propagation": "None",
                                "name": "bpf-maps",
                                "read_only": false,
                                "sub_path": ""
                              },
                              {
                                "mount_path": "/run/cilium/cgroupv2",
                                "mount_propagation": "HostToContainer",
                                "name": "cilium-cgroup",
                                "read_only": false,
                                "sub_path": ""
                              },
                              {
                                "mount_path": "/var/run/cilium",
                                "mount_propagation": "None",
                                "name": "cilium-run",
                                "read_only": false,
                                "sub_path": ""
                              }
                            ],
                            "working_dir": ""
                          },
                          {
                            "args": [],
                            "command": [
                              "/install-plugin.sh"
                            ],
                            "env": [],
                            "env_from": [],
                            "image": "quay.io/isovalent/cilium:v1.13.4-cee.1",
                            "image_pull_policy": "IfNotPresent",
                            "lifecycle": [],
                            "liveness_probe": [],
                            "name": "install-cni-binaries",
                            "port": [],
                            "readiness_probe": [],
                            "resources": [
                              {
                                "limits": {},
                                "requests": {
                                  "cpu": "100m",
                                  "memory": "10Mi"
                                }
                              }
                            ],
                            "security_context": [
                              {
                                "allow_privilege_escalation": true,
                                "capabilities": [
                                  {
                                    "add": [],
                                    "drop": [
                                      "ALL"
                                    ]
                                  }
                                ],
                                "privileged": false,
                                "read_only_root_filesystem": false,
                                "run_as_group": "",
                                "run_as_non_root": false,
                                "run_as_user": "",
                                "se_linux_options": [],
                                "seccomp_profile": []
                              }
                            ],
                            "startup_probe": [],
                            "stdin": false,
                            "stdin_once": false,
                            "termination_message_path": "/dev/termination-log",
                            "termination_message_policy": "FallbackToLogsOnError",
                            "tty": false,
                            "volume_mount": [
                              {
                                "mount_path": "/host/opt/cni/bin",
                                "mount_propagation": "None",
                                "name": "cni-path",
                                "read_only": false,
                                "sub_path": ""
                              }
                            ],
                            "working_dir": ""
                          }
                        ],
                        "node_name": "",
                        "node_selector": {
                          "kubernetes.io/os": "linux"
                        },
                        "os": [],
                        "priority_class_name": "system-node-critical",
                        "readiness_gate": [],
                        "restart_policy": "Always",
                        "runtime_class_name": "",
                        "scheduler_name": "default-scheduler",
                        "security_context": [],
                        "service_account_name": "cilium",
                        "share_process_namespace": false,
                        "subdomain": "",
                        "termination_grace_period_seconds": 1,
                        "toleration": [
                          {
                            "effect": "",
                            "key": "",
                            "operator": "Exists",
                            "toleration_seconds": "",
                            "value": ""
                          }
                        ],
                        "topology_spread_constraint": [],
                        "volume": [
                          {
                            "aws_elastic_block_store": [],
                            "azure_disk": [],
                            "azure_file": [],
                            "ceph_fs": [],
                            "cinder": [],
                            "config_map": [],
                            "csi": [],
                            "downward_api": [],
                            "empty_dir": [
                              {
                                "medium": "",
                                "size_limit": ""
                              }
                            ],
                            "ephemeral": [],
                            "fc": [],
                            "flex_volume": [],
                            "flocker": [],
                            "gce_persistent_disk": [],
                            "git_repo": [],
                            "glusterfs": [],
                            "host_path": [],
                            "iscsi": [],
                            "local": [],
                            "name": "tmp",
                            "nfs": [],
                            "persistent_volume_claim": [],
                            "photon_persistent_disk": [],
                            "projected": [],
                            "quobyte": [],
                            "rbd": [],
                            "secret": [],
                            "vsphere_volume": []
                          },
                          {
                            "aws_elastic_block_store": [],
                            "azure_disk": [],
                            "azure_file": [],
                            "ceph_fs": [],
                            "cinder": [],
                            "config_map": [],
                            "csi": [],
                            "downward_api": [],
                            "empty_dir": [],
                            "ephemeral": [],
                            "fc": [],
                            "flex_volume": [],
                            "flocker": [],
                            "gce_persistent_disk": [],
                            "git_repo": [],
                            "glusterfs": [],
                            "host_path": [
                              {
                                "path": "/var/run/cilium",
                                "type": "DirectoryOrCreate"
                              }
                            ],
                            "iscsi": [],
                            "local": [],
                            "name": "cilium-run",
                            "nfs": [],
                            "persistent_volume_claim": [],
                            "photon_persistent_disk": [],
                            "projected": [],
                            "quobyte": [],
                            "rbd": [],
                            "secret": [],
                            "vsphere_volume": []
                          },
                          {
                            "aws_elastic_block_store": [],
                            "azure_disk": [],
                            "azure_file": [],
                            "ceph_fs": [],
                            "cinder": [],
                            "config_map": [],
                            "csi": [],
                            "downward_api": [],
                            "empty_dir": [],
                            "ephemeral": [],
                            "fc": [],
                            "flex_volume": [],
                            "flocker": [],
                            "gce_persistent_disk": [],
                            "git_repo": [],
                            "glusterfs": [],
                            "host_path": [
                              {
                                "path": "/sys/fs/bpf",
                                "type": "DirectoryOrCreate"
                              }
                            ],
                            "iscsi": [],
                            "local": [],
                            "name": "bpf-maps",
                            "nfs": [],
                            "persistent_volume_claim": [],
                            "photon_persistent_disk": [],
                            "projected": [],
                            "quobyte": [],
                            "rbd": [],
                            "secret": [],
                            "vsphere_volume": []
                          },
                          {
                            "aws_elastic_block_store": [],
                            "azure_disk": [],
                            "azure_file": [],
                            "ceph_fs": [],
                            "cinder": [],
                            "config_map": [],
                            "csi": [],
                            "downward_api": [],
                            "empty_dir": [],
                            "ephemeral": [],
                            "fc": [],
                            "flex_volume": [],
                            "flocker": [],
                            "gce_persistent_disk": [],
                            "git_repo": [],
                            "glusterfs": [],
                            "host_path": [
                              {
                                "path": "/proc",
                                "type": "Directory"
                              }
                            ],
                            "iscsi": [],
                            "local": [],
                            "name": "hostproc",
                            "nfs": [],
                            "persistent_volume_claim": [],
                            "photon_persistent_disk": [],
                            "projected": [],
                            "quobyte": [],
                            "rbd": [],
                            "secret": [],
                            "vsphere_volume": []
                          },
                          {
                            "aws_elastic_block_store": [],
                            "azure_disk": [],
                            "azure_file": [],
                            "ceph_fs": [],
                            "cinder": [],
                            "config_map": [],
                            "csi": [],
                            "downward_api": [],
                            "empty_dir": [],
                            "ephemeral": [],
                            "fc": [],
                            "flex_volume": [],
                            "flocker": [],
                            "gce_persistent_disk": [],
                            "git_repo": [],
                            "glusterfs": [],
                            "host_path": [
                              {
                                "path": "/run/cilium/cgroupv2",
                                "type": "DirectoryOrCreate"
                              }
                            ],
                            "iscsi": [],
                            "local": [],
                            "name": "cilium-cgroup",
                            "nfs": [],
                            "persistent_volume_claim": [],
                            "photon_persistent_disk": [],
                            "projected": [],
                            "quobyte": [],
                            "rbd": [],
                            "secret": [],
                            "vsphere_volume": []
                          },
                          {
                            "aws_elastic_block_store": [],
                            "azure_disk": [],
                            "azure_file": [],
                            "ceph_fs": [],
                            "cinder": [],
                            "config_map": [],
                            "csi": [],
                            "downward_api": [],
                            "empty_dir": [],
                            "ephemeral": [],
                            "fc": [],
                            "flex_volume": [],
                            "flocker": [],
                            "gce_persistent_disk": [],
                            "git_repo": [],
                            "glusterfs": [],
                            "host_path": [
                              {
                                "path": "/opt/cni/bin",
                                "type": "DirectoryOrCreate"
                              }
                            ],
                            "iscsi": [],
                            "local": [],
                            "name": "cni-path",
                            "nfs": [],
                            "persistent_volume_claim": [],
                            "photon_persistent_disk": [],
                            "projected": [],
                            "quobyte": [],
                            "rbd": [],
                            "secret": [],
                            "vsphere_volume": []
                          },
                          {
                            "aws_elastic_block_store": [],
                            "azure_disk": [],
                            "azure_file": [],
                            "ceph_fs": [],
                            "cinder": [],
                            "config_map": [],
                            "csi": [],
                            "downward_api": [],
                            "empty_dir": [],
                            "ephemeral": [],
                            "fc": [],
                            "flex_volume": [],
                            "flocker": [],
                            "gce_persistent_disk": [],
                            "git_repo": [],
                            "glusterfs": [],
                            "host_path": [
                              {
                                "path": "/etc/cni/net.d",
                                "type": "DirectoryOrCreate"
                              }
                            ],
                            "iscsi": [],
                            "local": [],
                            "name": "etc-cni-netd",
                            "nfs": [],
                            "persistent_volume_claim": [],
                            "photon_persistent_disk": [],
                            "projected": [],
                            "quobyte": [],
                            "rbd": [],
                            "secret": [],
                            "vsphere_volume": []
                          },
                          {
                            "aws_elastic_block_store": [],
                            "azure_disk": [],
                            "azure_file": [],
                            "ceph_fs": [],
                            "cinder": [],
                            "config_map": [],
                            "csi": [],
                            "downward_api": [],
                            "empty_dir": [],
                            "ephemeral": [],
                            "fc": [],
                            "flex_volume": [],
                            "flocker": [],
                            "gce_persistent_disk": [],
                            "git_repo": [],
                            "glusterfs": [],
                            "host_path": [
                              {
                                "path": "/lib/modules",
                                "type": ""
                              }
                            ],
                            "iscsi": [],
                            "local": [],
                            "name": "lib-modules",
                            "nfs": [],
                            "persistent_volume_claim": [],
                            "photon_persistent_disk": [],
                            "projected": [],
                            "quobyte": [],
                            "rbd": [],
                            "secret": [],
                            "vsphere_volume": []
                          },
                          {
                            "aws_elastic_block_store": [],
                            "azure_disk": [],
                            "azure_file": [],
                            "ceph_fs": [],
                            "cinder": [],
                            "config_map": [],
                            "csi": [],
                            "downward_api": [],
                            "empty_dir": [],
                            "ephemeral": [],
                            "fc": [],
                            "flex_volume": [],
                            "flocker": [],
                            "gce_persistent_disk": [],
                            "git_repo": [],
                            "glusterfs": [],
                            "host_path": [
                              {
                                "path": "/run/xtables.lock",
                                "type": "FileOrCreate"
                              }
                            ],
                            "iscsi": [],
                            "local": [],
                            "name": "xtables-lock",
                            "nfs": [],
                            "persistent_volume_claim": [],
                            "photon_persistent_disk": [],
                            "projected": [],
                            "quobyte": [],
                            "rbd": [],
                            "secret": [],
                            "vsphere_volume": []
                          },
                          {
                            "aws_elastic_block_store": [],
                            "azure_disk": [],
                            "azure_file": [],
                            "ceph_fs": [],
                            "cinder": [],
                            "config_map": [],
                            "csi": [],
                            "downward_api": [],
                            "empty_dir": [],
                            "ephemeral": [],
                            "fc": [],
                            "flex_volume": [],
                            "flocker": [],
                            "gce_persistent_disk": [],
                            "git_repo": [],
                            "glusterfs": [],
                            "host_path": [],
                            "iscsi": [],
                            "local": [],
                            "name": "clustermesh-secrets",
                            "nfs": [],
                            "persistent_volume_claim": [],
                            "photon_persistent_disk": [],
                            "projected": [
                              {
                                "default_mode": "0400",
                                "sources": [
                                  {
                                    "config_map": [],
                                    "downward_api": [],
                                    "secret": [
                                      {
                                        "items": [],
                                        "name": "cilium-clustermesh",
                                        "optional": true
                                      }
                                    ],
                                    "service_account_token": []
                                  },
                                  {
                                    "config_map": [],
                                    "downward_api": [],
                                    "secret": [
                                      {
                                        "items": [
                                          {
                                            "key": "tls.key",
                                            "mode": "",
                                            "path": "common-etcd-client.key"
                                          },
                                          {
                                            "key": "tls.crt",
                                            "mode": "",
                                            "path": "common-etcd-client.crt"
                                          },
                                          {
                                            "key": "ca.crt",
                                            "mode": "",
                                            "path": "common-etcd-client-ca.crt"
                                          }
                                        ],
                                        "name": "clustermesh-apiserver-remote-cert",
                                        "optional": true
                                      }
                                    ],
                                    "service_account_token": []
                                  }
                                ]
                              }
                            ],
                            "quobyte": [],
                            "rbd": [],
                            "secret": [],
                            "vsphere_volume": []
                          },
                          {
                            "aws_elastic_block_store": [],
                            "azure_disk": [],
                            "azure_file": [],
                            "ceph_fs": [],
                            "cinder": [],
                            "config_map": [],
                            "csi": [],
                            "downward_api": [],
                            "empty_dir": [],
                            "ephemeral": [],
                            "fc": [],
                            "flex_volume": [],
                            "flocker": [],
                            "gce_persistent_disk": [],
                            "git_repo": [],
                            "glusterfs": [],
                            "host_path": [
                              {
                                "path": "/proc/sys/net",
                                "type": "Directory"
                              }
                            ],
                            "iscsi": [],
                            "local": [],
                            "name": "host-proc-sys-net",
                            "nfs": [],
                            "persistent_volume_claim": [],
                            "photon_persistent_disk": [],
                            "projected": [],
                            "quobyte": [],
                            "rbd": [],
                            "secret": [],
                            "vsphere_volume": []
                          },
                          {
                            "aws_elastic_block_store": [],
                            "azure_disk": [],
                            "azure_file": [],
                            "ceph_fs": [],
                            "cinder": [],
                            "config_map": [],
                            "csi": [],
                            "downward_api": [],
                            "empty_dir": [],
                            "ephemeral": [],
                            "fc": [],
                            "flex_volume": [],
                            "flocker": [],
                            "gce_persistent_disk": [],
                            "git_repo": [],
                            "glusterfs": [],
                            "host_path": [
                              {
                                "path": "/proc/sys/kernel",
                                "type": "Directory"
                              }
                            ],
                            "iscsi": [],
                            "local": [],
                            "name": "host-proc-sys-kernel",
                            "nfs": [],
                            "persistent_volume_claim": [],
                            "photon_persistent_disk": [],
                            "projected": [],
                            "quobyte": [],
                            "rbd": [],
                            "secret": [],
                            "vsphere_volume": []
                          },
                          {
                            "aws_elastic_block_store": [],
                            "azure_disk": [],
                            "azure_file": [],
                            "ceph_fs": [],
                            "cinder": [],
                            "config_map": [],
                            "csi": [],
                            "downward_api": [],
                            "empty_dir": [],
                            "ephemeral": [],
                            "fc": [],
                            "flex_volume": [],
                            "flocker": [],
                            "gce_persistent_disk": [],
                            "git_repo": [],
                            "glusterfs": [],
                            "host_path": [],
                            "iscsi": [],
                            "local": [],
                            "name": "hubble-tls",
                            "nfs": [],
                            "persistent_volume_claim": [],
                            "photon_persistent_disk": [],
                            "projected": [
                              {
                                "default_mode": "0400",
                                "sources": [
                                  {
                                    "config_map": [],
                                    "downward_api": [],
                                    "secret": [
                                      {
                                        "items": [
                                          {
                                            "key": "ca.crt",
                                            "mode": "",
                                            "path": "client-ca.crt"
                                          },
                                          {
                                            "key": "tls.crt",
                                            "mode": "",
                                            "path": "server.crt"
                                          },
                                          {
                                            "key": "tls.key",
                                            "mode": "",
                                            "path": "server.key"
                                          }
                                        ],
                                        "name": "hubble-server-certs",
                                        "optional": true
                                      }
                                    ],
                                    "service_account_token": []
                                  }
                                ]
                              }
                            ],
                            "quobyte": [],
                            "rbd": [],
                            "secret": [],
                            "vsphere_volume": []
                          }
                        ]
                      }
                    ]
                  }
                ]
              }
            ],
            "timeouts": null,
            "wait_for_rollout": true
          },
          "sensitive_attributes": [],
          "private": "eyJlMmJmYjczMC1lY2FhLTExZTYtOGY4OC0zNDM2M2JjN2M0YzAiOnsiY3JlYXRlIjo2MDAwMDAwMDAwMDAsImRlbGV0ZSI6NjAwMDAwMDAwMDAwLCJ1cGRhdGUiOjYwMDAwMDAwMDAwMH0sInNjaGVtYV92ZXJzaW9uIjoiMSJ9"
        }
      ]
    },
    {
      "mode": "managed",
      "type": "kubernetes_daemonset",
      "name": "hubble_enterprise",
      "provider": "provider[\"registry.terraform.io/hashicorp/kubernetes\"]",
      "instances": [
        {
          "schema_version": 1,
          "attributes": {
            "id": "cilium/hubble-enterprise",
            "metadata": [
              {
                "annotations": null,
                "generate_name": "",
                "generation": 1,
                "labels": {
                  "app.kubernetes.io/instance": "release-name",
                  "app.kubernetes.io/managed-by": "Helm",
                  "app.kubernetes.io/name": "hubble-enterprise",
                  "helm.sh/chart": "hubble-enterprise-1.10.3"
                },
                "name": "hubble-enterprise",
                "namespace": "cilium",
                "resource_version": "2575570",
                "uid": "fb670acc-a532-4685-845c-80b6957e3bb6"
              }
            ],
            "spec": [
              {
                "min_ready_seconds": 0,
                "revision_history_limit": 10,
                "selector": [
                  {
                    "match_expressions": [],
                    "match_labels": {
                      "app.kubernetes.io/instance": "release-name",
                      "app.kubernetes.io/name": "hubble-enterprise"
                    }
                  }
                ],
                "strategy": [
                  {
                    "rolling_update": [
                      {
                        "max_unavailable": "1"
                      }
                    ],
                    "type": "RollingUpdate"
                  }
                ],
                "template": [
                  {
                    "metadata": [
                      {
                        "annotations": null,
                        "generate_name": "",
                        "generation": 0,
                        "labels": {
                          "app.kubernetes.io/instance": "release-name",
                          "app.kubernetes.io/managed-by": "Helm",
                          "app.kubernetes.io/name": "hubble-enterprise",
                          "helm.sh/chart": "hubble-enterprise-1.10.3"
                        },
                        "name": "",
                        "namespace": "",
                        "resource_version": "",
                        "uid": ""
                      }
                    ],
                    "spec": [
                      {
                        "active_deadline_seconds": 0,
                        "affinity": [],
                        "automount_service_account_token": true,
                        "container": [
                          {
                            "args": [
                              "/var/run/cilium/hubble/fgs.log",
                              "/var/run/cilium/hubble/hubble.log"
                            ],
                            "command": [
                              "hubble-export-stdout"
                            ],
                            "env": [],
                            "env_from": [],
                            "image": "quay.io/isovalent/hubble-export-stdout:v1.0.3",
                            "image_pull_policy": "IfNotPresent",
                            "lifecycle": [],
                            "liveness_probe": [],
                            "name": "export-stdout",
                            "port": [],
                            "readiness_probe": [],
                            "resources": [
                              {
                                "limits": {},
                                "requests": {}
                              }
                            ],
                            "security_context": [],
                            "startup_probe": [],
                            "stdin": false,
                            "stdin_once": false,
                            "termination_message_path": "/dev/termination-log",
                            "termination_message_policy": "FallbackToLogsOnError",
                            "tty": false,
                            "volume_mount": [
                              {
                                "mount_path": "/var/run/cilium/hubble",
                                "mount_propagation": "None",
                                "name": "export-logs",
                                "read_only": false,
                                "sub_path": ""
                              }
                            ],
                            "working_dir": ""
                          },
                          {
                            "args": [
                              "--config-dir=/etc/hubble-enterprise"
                            ],
                            "command": [
                              "/usr/bin/hubble-fgs"
                            ],
                            "env": [
                              {
                                "name": "NODE_NAME",
                                "value": "",
                                "value_from": [
                                  {
                                    "config_map_key_ref": [],
                                    "field_ref": [
                                      {
                                        "api_version": "v1",
                                        "field_path": "spec.nodeName"
                                      }
                                    ],
                                    "resource_field_ref": [],
                                    "secret_key_ref": []
                                  }
                                ]
                              }
                            ],
                            "env_from": [],
                            "image": "quay.io/isovalent/hubble-enterprise:v1.10.2",
                            "image_pull_policy": "IfNotPresent",
                            "lifecycle": [],
                            "liveness_probe": [
                              {
                                "exec": [
                                  {
                                    "command": [
                                      "hubble-enterprise",
                                      "status",
                                      "--server-address",
                                      "localhost:54321"
                                    ]
                                  }
                                ],
                                "failure_threshold": 3,
                                "grpc": [],
                                "http_get": [],
                                "initial_delay_seconds": 0,
                                "period_seconds": 10,
                                "success_threshold": 1,
                                "tcp_socket": [],
                                "timeout_seconds": 1
                              }
                            ],
                            "name": "enterprise",
                            "port": [],
                            "readiness_probe": [],
                            "resources": [
                              {
                                "limits": {},
                                "requests": {}
                              }
                            ],
                            "security_context": [
                              {
                                "allow_privilege_escalation": true,
                                "capabilities": [],
                                "privileged": true,
                                "read_only_root_filesystem": false,
                                "run_as_group": "",
                                "run_as_non_root": false,
                                "run_as_user": "",
                                "se_linux_options": [],
                                "seccomp_profile": []
                              }
                            ],
                            "startup_probe": [],
                            "stdin": false,
                            "stdin_once": false,
                            "termination_message_path": "/dev/termination-log",
                            "termination_message_policy": "FallbackToLogsOnError",
                            "tty": false,
                            "volume_mount": [
                              {
                                "mount_path": "/var/lib/hubble-fgs/metadata",
                                "mount_propagation": "None",
                                "name": "metadata-files",
                                "read_only": false,
                                "sub_path": ""
                              },
                              {
                                "mount_path": "/etc/hubble-enterprise",
                                "mount_propagation": "None",
                                "name": "fgs-config",
                                "read_only": true,
                                "sub_path": ""
                              },
                              {
                                "mount_path": "/sys/fs/bpf",
                                "mount_propagation": "Bidirectional",
                                "name": "bpf-maps",
                                "read_only": false,
                                "sub_path": ""
                              },
                              {
                                "mount_path": "/var/run/cilium",
                                "mount_propagation": "None",
                                "name": "cilium-run",
                                "read_only": false,
                                "sub_path": ""
                              },
                              {
                                "mount_path": "/var/run/cilium/hubble",
                                "mount_propagation": "None",
                                "name": "export-logs",
                                "read_only": false,
                                "sub_path": ""
                              },
                              {
                                "mount_path": "/procRoot",
                                "mount_propagation": "None",
                                "name": "host-proc",
                                "read_only": false,
                                "sub_path": ""
                              }
                            ],
                            "working_dir": ""
                          }
                        ],
                        "dns_config": [],
                        "dns_policy": "Default",
                        "enable_service_links": true,
                        "host_aliases": [],
                        "host_ipc": false,
                        "host_network": true,
                        "host_pid": false,
                        "hostname": "",
                        "image_pull_secrets": [],
                        "init_container": [
                          {
                            "args": null,
                            "command": [
                              "hubble-enterprise-operator"
                            ],
                            "env": [],
                            "env_from": [],
                            "image": "quay.io/isovalent/hubble-enterprise-operator:v1.10.2",
                            "image_pull_policy": "IfNotPresent",
                            "lifecycle": [],
                            "liveness_probe": [],
                            "name": "enterprise-operator",
                            "port": [],
                            "readiness_probe": [],
                            "resources": [
                              {
                                "limits": {},
                                "requests": {}
                              }
                            ],
                            "security_context": [],
                            "startup_probe": [],
                            "stdin": false,
                            "stdin_once": false,
                            "termination_message_path": "/dev/termination-log",
                            "termination_message_policy": "FallbackToLogsOnError",
                            "tty": false,
                            "volume_mount": [],
                            "working_dir": ""
                          },
                          {
                            "args": [
                              "-c",
                              "cp -r /var/run/hubble-fgs/* /var/lib/hubble-fgs/metadata\nuntil [ -S /var/run/cilium/cilium.sock -a -S /var/run/cilium/monitor1_2.sock ]; do sleep 3; done\n"
                            ],
                            "command": [
                              "sh"
                            ],
                            "env": [],
                            "env_from": [],
                            "image": "quay.io/isovalent/hubble-enterprise-metadata:current",
                            "image_pull_policy": "Always",
                            "lifecycle": [],
                            "liveness_probe": [],
                            "name": "enterprise-init",
                            "port": [],
                            "readiness_probe": [],
                            "resources": [
                              {
                                "limits": {},
                                "requests": {}
                              }
                            ],
                            "security_context": [],
                            "startup_probe": [],
                            "stdin": false,
                            "stdin_once": false,
                            "termination_message_path": "/dev/termination-log",
                            "termination_message_policy": "FallbackToLogsOnError",
                            "tty": false,
                            "volume_mount": [
                              {
                                "mount_path": "/var/lib/hubble-fgs/metadata",
                                "mount_propagation": "None",
                                "name": "metadata-files",
                                "read_only": false,
                                "sub_path": ""
                              },
                              {
                                "mount_path": "/var/run/cilium",
                                "mount_propagation": "None",
                                "name": "cilium-run",
                                "read_only": false,
                                "sub_path": ""
                              }
                            ],
                            "working_dir": ""
                          }
                        ],
                        "node_name": "",
                        "node_selector": null,
                        "os": [],
                        "priority_class_name": "",
                        "readiness_gate": [],
                        "restart_policy": "Always",
                        "runtime_class_name": "",
                        "scheduler_name": "default-scheduler",
                        "security_context": [],
                        "service_account_name": "hubble-enterprise",
                        "share_process_namespace": false,
                        "subdomain": "",
                        "termination_grace_period_seconds": 1,
                        "toleration": [
                          {
                            "effect": "",
                            "key": "",
                            "operator": "Exists",
                            "toleration_seconds": "",
                            "value": ""
                          }
                        ],
                        "topology_spread_constraint": [],
                        "volume": [
                          {
                            "aws_elastic_block_store": [],
                            "azure_disk": [],
                            "azure_file": [],
                            "ceph_fs": [],
                            "cinder": [],
                            "config_map": [],
                            "csi": [],
                            "downward_api": [],
                            "empty_dir": [],
                            "ephemeral": [],
                            "fc": [],
                            "flex_volume": [],
                            "flocker": [],
                            "gce_persistent_disk": [],
                            "git_repo": [],
                            "glusterfs": [],
                            "host_path": [
                              {
                                "path": "/var/run/cilium",
                                "type": "DirectoryOrCreate"
                              }
                            ],
                            "iscsi": [],
                            "local": [],
                            "name": "cilium-run",
                            "nfs": [],
                            "persistent_volume_claim": [],
                            "photon_persistent_disk": [],
                            "projected": [],
                            "quobyte": [],
                            "rbd": [],
                            "secret": [],
                            "vsphere_volume": []
                          },
                          {
                            "aws_elastic_block_store": [],
                            "azure_disk": [],
                            "azure_file": [],
                            "ceph_fs": [],
                            "cinder": [],
                            "config_map": [],
                            "csi": [],
                            "downward_api": [],
                            "empty_dir": [],
                            "ephemeral": [],
                            "fc": [],
                            "flex_volume": [],
                            "flocker": [],
                            "gce_persistent_disk": [],
                            "git_repo": [],
                            "glusterfs": [],
                            "host_path": [
                              {
                                "path": "/var/run/cilium/hubble",
                                "type": "DirectoryOrCreate"
                              }
                            ],
                            "iscsi": [],
                            "local": [],
                            "name": "export-logs",
                            "nfs": [],
                            "persistent_volume_claim": [],
                            "photon_persistent_disk": [],
                            "projected": [],
                            "quobyte": [],
                            "rbd": [],
                            "secret": [],
                            "vsphere_volume": []
                          },
                          {
                            "aws_elastic_block_store": [],
                            "azure_disk": [],
                            "azure_file": [],
                            "ceph_fs": [],
                            "cinder": [],
                            "config_map": [
                              {
                                "default_mode": "0644",
                                "items": [],
                                "name": "hubble-enterprise-config",
                                "optional": false
                              }
                            ],
                            "csi": [],
                            "downward_api": [],
                            "empty_dir": [],
                            "ephemeral": [],
                            "fc": [],
                            "flex_volume": [],
                            "flocker": [],
                            "gce_persistent_disk": [],
                            "git_repo": [],
                            "glusterfs": [],
                            "host_path": [],
                            "iscsi": [],
                            "local": [],
                            "name": "fgs-config",
                            "nfs": [],
                            "persistent_volume_claim": [],
                            "photon_persistent_disk": [],
                            "projected": [],
                            "quobyte": [],
                            "rbd": [],
                            "secret": [],
                            "vsphere_volume": []
                          },
                          {
                            "aws_elastic_block_store": [],
                            "azure_disk": [],
                            "azure_file": [],
                            "ceph_fs": [],
                            "cinder": [],
                            "config_map": [],
                            "csi": [],
                            "downward_api": [],
                            "empty_dir": [],
                            "ephemeral": [],
                            "fc": [],
                            "flex_volume": [],
                            "flocker": [],
                            "gce_persistent_disk": [],
                            "git_repo": [],
                            "glusterfs": [],
                            "host_path": [
                              {
                                "path": "/sys/fs/bpf",
                                "type": "DirectoryOrCreate"
                              }
                            ],
                            "iscsi": [],
                            "local": [],
                            "name": "bpf-maps",
                            "nfs": [],
                            "persistent_volume_claim": [],
                            "photon_persistent_disk": [],
                            "projected": [],
                            "quobyte": [],
                            "rbd": [],
                            "secret": [],
                            "vsphere_volume": []
                          },
                          {
                            "aws_elastic_block_store": [],
                            "azure_disk": [],
                            "azure_file": [],
                            "ceph_fs": [],
                            "cinder": [],
                            "config_map": [],
                            "csi": [],
                            "downward_api": [],
                            "empty_dir": [],
                            "ephemeral": [],
                            "fc": [],
                            "flex_volume": [],
                            "flocker": [],
                            "gce_persistent_disk": [],
                            "git_repo": [],
                            "glusterfs": [],
                            "host_path": [
                              {
                                "path": "/proc",
                                "type": "Directory"
                              }
                            ],
                            "iscsi": [],
                            "local": [],
                            "name": "host-proc",
                            "nfs": [],
                            "persistent_volume_claim": [],
                            "photon_persistent_disk": [],
                            "projected": [],
                            "quobyte": [],
                            "rbd": [],
                            "secret": [],
                            "vsphere_volume": []
                          },
                          {
                            "aws_elastic_block_store": [],
                            "azure_disk": [],
                            "azure_file": [],
                            "ceph_fs": [],
                            "cinder": [],
                            "config_map": [],
                            "csi": [],
                            "downward_api": [],
                            "empty_dir": [
                              {
                                "medium": "",
                                "size_limit": ""
                              }
                            ],
                            "ephemeral": [],
                            "fc": [],
                            "flex_volume": [],
                            "flocker": [],
                            "gce_persistent_disk": [],
                            "git_repo": [],
                            "glusterfs": [],
                            "host_path": [],
                            "iscsi": [],
                            "local": [],
                            "name": "metadata-files",
                            "nfs": [],
                            "persistent_volume_claim": [],
                            "photon_persistent_disk": [],
                            "projected": [],
                            "quobyte": [],
                            "rbd": [],
                            "secret": [],
                            "vsphere_volume": []
                          }
                        ]
                      }
                    ]
                  }
                ]
              }
            ],
            "timeouts": null,
            "wait_for_rollout": true
          },
          "sensitive_attributes": [],
          "private": "eyJlMmJmYjczMC1lY2FhLTExZTYtOGY4OC0zNDM2M2JjN2M0YzAiOnsiY3JlYXRlIjo2MDAwMDAwMDAwMDAsImRlbGV0ZSI6NjAwMDAwMDAwMDAwLCJ1cGRhdGUiOjYwMDAwMDAwMDAwMH0sInNjaGVtYV92ZXJzaW9uIjoiMSJ9"
        }
      ]
    },
    {
      "mode": "managed",
      "type": "kubernetes_deployment",
      "name": "cilium_operator",
      "provider": "provider[\"registry.terraform.io/hashicorp/kubernetes\"]",
      "instances": [
        {
          "schema_version": 1,
          "attributes": {
            "id": "cilium/cilium-operator",
            "metadata": [
              {
                "annotations": {},
                "generate_name": "",
                "generation": 2,
                "labels": {
                  "app.kubernetes.io/name": "cilium-operator",
                  "app.kubernetes.io/part-of": "cilium",
                  "io.cilium/app": "operator",
                  "name": "cilium-operator"
                },
                "name": "cilium-operator",
                "namespace": "cilium",
                "resource_version": "2576241",
                "uid": "3654d5d9-5932-4800-b23f-2b071e4bb381"
              }
            ],
            "spec": [
              {
                "min_ready_seconds": 0,
                "paused": false,
                "progress_deadline_seconds": 600,
                "replicas": "2",
                "revision_history_limit": 10,
                "selector": [
                  {
                    "match_expressions": [],
                    "match_labels": {
                      "io.cilium/app": "operator",
                      "name": "cilium-operator"
                    }
                  }
                ],
                "strategy": [
                  {
                    "rolling_update": [
                      {
                        "max_surge": "1",
                        "max_unavailable": "1"
                      }
                    ],
                    "type": "RollingUpdate"
                  }
                ],
                "template": [
                  {
                    "metadata": [
                      {
                        "annotations": {
                          "prometheus.io/port": "9963",
                          "prometheus.io/scrape": "true"
                        },
                        "generate_name": "",
                        "generation": 0,
                        "labels": {
                          "app.kubernetes.io/name": "cilium-operator",
                          "app.kubernetes.io/part-of": "cilium",
                          "io.cilium/app": "operator",
                          "name": "cilium-operator"
                        },
                        "name": "",
                        "namespace": "",
                        "resource_version": "",
                        "uid": ""
                      }
                    ],
                    "spec": [
                      {
                        "active_deadline_seconds": 0,
                        "affinity": [
                          {
                            "node_affinity": [],
                            "pod_affinity": [],
                            "pod_anti_affinity": [
                              {
                                "preferred_during_scheduling_ignored_during_execution": [],
                                "required_during_scheduling_ignored_during_execution": [
                                  {
                                    "label_selector": [
                                      {
                                        "match_expressions": [],
                                        "match_labels": {
                                          "io.cilium/app": "operator"
                                        }
                                      }
                                    ],
                                    "namespaces": [],
                                    "topology_key": "kubernetes.io/hostname"
                                  }
                                ]
                              }
                            ]
                          }
                        ],
                        "automount_service_account_token": true,
                        "container": [
                          {
                            "args": [
                              "--config-dir=/tmp/cilium/config-map",
                              "--debug=$(CILIUM_DEBUG)"
                            ],
                            "command": [
                              "cilium-operator-generic"
                            ],
                            "env": [
                              {
                                "name": "K8S_NODE_NAME",
                                "value": "",
                                "value_from": [
                                  {
                                    "config_map_key_ref": [],
                                    "field_ref": [
                                      {
                                        "api_version": "v1",
                                        "field_path": "spec.nodeName"
                                      }
                                    ],
                                    "resource_field_ref": [],
                                    "secret_key_ref": []
                                  }
                                ]
                              },
                              {
                                "name": "CILIUM_K8S_NAMESPACE",
                                "value": "",
                                "value_from": [
                                  {
                                    "config_map_key_ref": [],
                                    "field_ref": [
                                      {
                                        "api_version": "v1",
                                        "field_path": "metadata.namespace"
                                      }
                                    ],
                                    "resource_field_ref": [],
                                    "secret_key_ref": []
                                  }
                                ]
                              },
                              {
                                "name": "CILIUM_DEBUG",
                                "value": "",
                                "value_from": [
                                  {
                                    "config_map_key_ref": [
                                      {
                                        "key": "debug",
                                        "name": "cilium-config",
                                        "optional": true
                                      }
                                    ],
                                    "field_ref": [],
                                    "resource_field_ref": [],
                                    "secret_key_ref": []
                                  }
                                ]
                              },
                              {
                                "name": "KUBERNETES_SERVICE_HOST",
                                "value": "10.0.0.1",
                                "value_from": []
                              },
                              {
                                "name": "KUBERNETES_SERVICE_PORT",
                                "value": "443",
                                "value_from": []
                              }
                            ],
                            "env_from": [],
                            "image": "quay.io/isovalent/operator-generic:v1.13.4-cee.1",
                            "image_pull_policy": "IfNotPresent",
                            "lifecycle": [],
                            "liveness_probe": [
                              {
                                "exec": [],
                                "failure_threshold": 3,
                                "grpc": [],
                                "http_get": [
                                  {
                                    "host": "127.0.0.1",
                                    "http_header": [],
                                    "path": "/healthz",
                                    "port": "9234",
                                    "scheme": "HTTP"
                                  }
                                ],
                                "initial_delay_seconds": 60,
                                "period_seconds": 10,
                                "success_threshold": 1,
                                "tcp_socket": [],
                                "timeout_seconds": 3
                              }
                            ],
                            "name": "cilium-operator",
                            "port": [
                              {
                                "container_port": 9963,
                                "host_ip": "",
                                "host_port": 9963,
                                "name": "prometheus",
                                "protocol": "TCP"
                              }
                            ],
                            "readiness_probe": [],
                            "resources": [
                              {
                                "limits": {},
                                "requests": {}
                              }
                            ],
                            "security_context": [],
                            "startup_probe": [],
                            "stdin": false,
                            "stdin_once": false,
                            "termination_message_path": "/dev/termination-log",
                            "termination_message_policy": "FallbackToLogsOnError",
                            "tty": false,
                            "volume_mount": [
                              {
                                "mount_path": "/tmp/cilium/config-map",
                                "mount_propagation": "None",
                                "name": "cilium-config-path",
                                "read_only": true,
                                "sub_path": ""
                              }
                            ],
                            "working_dir": ""
                          }
                        ],
                        "dns_config": [],
                        "dns_policy": "ClusterFirst",
                        "enable_service_links": true,
                        "host_aliases": [],
                        "host_ipc": false,
                        "host_network": true,
                        "host_pid": false,
                        "hostname": "",
                        "image_pull_secrets": [],
                        "init_container": [],
                        "node_name": "",
                        "node_selector": {
                          "kubernetes.io/os": "linux"
                        },
                        "os": [],
                        "priority_class_name": "system-cluster-critical",
                        "readiness_gate": [],
                        "restart_policy": "Always",
                        "runtime_class_name": "",
                        "scheduler_name": "default-scheduler",
                        "security_context": [],
                        "service_account_name": "cilium-operator",
                        "share_process_namespace": false,
                        "subdomain": "",
                        "termination_grace_period_seconds": 30,
                        "toleration": [
                          {
                            "effect": "",
                            "key": "",
                            "operator": "Exists",
                            "toleration_seconds": "",
                            "value": ""
                          }
                        ],
                        "topology_spread_constraint": [],
                        "volume": [
                          {
                            "aws_elastic_block_store": [],
                            "azure_disk": [],
                            "azure_file": [],
                            "ceph_fs": [],
                            "cinder": [],
                            "config_map": [
                              {
                                "default_mode": "0644",
                                "items": [],
                                "name": "cilium-config",
                                "optional": false
                              }
                            ],
                            "csi": [],
                            "downward_api": [],
                            "empty_dir": [],
                            "ephemeral": [],
                            "fc": [],
                            "flex_volume": [],
                            "flocker": [],
                            "gce_persistent_disk": [],
                            "git_repo": [],
                            "glusterfs": [],
                            "host_path": [],
                            "iscsi": [],
                            "local": [],
                            "name": "cilium-config-path",
                            "nfs": [],
                            "persistent_volume_claim": [],
                            "photon_persistent_disk": [],
                            "projected": [],
                            "quobyte": [],
                            "rbd": [],
                            "secret": [],
                            "vsphere_volume": []
                          }
                        ]
                      }
                    ]
                  }
                ]
              }
            ],
            "timeouts": null,
            "wait_for_rollout": true
          },
          "sensitive_attributes": [],
          "private": "eyJlMmJmYjczMC1lY2FhLTExZTYtOGY4OC0zNDM2M2JjN2M0YzAiOnsiY3JlYXRlIjo2MDAwMDAwMDAwMDAsImRlbGV0ZSI6NjAwMDAwMDAwMDAwLCJ1cGRhdGUiOjYwMDAwMDAwMDAwMH0sInNjaGVtYV92ZXJzaW9uIjoiMSJ9"
        }
      ]
    },
    {
      "mode": "managed",
      "type": "kubernetes_deployment",
      "name": "hubble_relay",
      "provider": "provider[\"registry.terraform.io/hashicorp/kubernetes\"]",
      "instances": [
        {
          "schema_version": 1,
          "attributes": {
            "id": "cilium/hubble-relay",
            "metadata": [
              {
                "annotations": {},
                "generate_name": "",
                "generation": 2,
                "labels": {
                  "app.kubernetes.io/name": "hubble-relay",
                  "app.kubernetes.io/part-of": "cilium",
                  "k8s-app": "hubble-relay"
                },
                "name": "hubble-relay",
                "namespace": "cilium",
                "resource_version": "2576505",
                "uid": "d0f6ab6b-5470-4814-b1ac-b6834a3070f3"
              }
            ],
            "spec": [
              {
                "min_ready_seconds": 0,
                "paused": false,
                "progress_deadline_seconds": 600,
                "replicas": "1",
                "revision_history_limit": 10,
                "selector": [
                  {
                    "match_expressions": [],
                    "match_labels": {
                      "k8s-app": "hubble-relay"
                    }
                  }
                ],
                "strategy": [
                  {
                    "rolling_update": [
                      {
                        "max_surge": "25%",
                        "max_unavailable": "1"
                      }
                    ],
                    "type": "RollingUpdate"
                  }
                ],
                "template": [
                  {
                    "metadata": [
                      {
                        "annotations": {},
                        "generate_name": "",
                        "generation": 0,
                        "labels": {
                          "app.kubernetes.io/name": "hubble-relay",
                          "app.kubernetes.io/part-of": "cilium",
                          "k8s-app": "hubble-relay"
                        },
                        "name": "",
                        "namespace": "",
                        "resource_version": "",
                        "uid": ""
                      }
                    ],
                    "spec": [
                      {
                        "active_deadline_seconds": 0,
                        "affinity": [
                          {
                            "node_affinity": [],
                            "pod_affinity": [
                              {
                                "preferred_during_scheduling_ignored_during_execution": [],
                                "required_during_scheduling_ignored_during_execution": [
                                  {
                                    "label_selector": [
                                      {
                                        "match_expressions": [],
                                        "match_labels": {
                                          "k8s-app": "cilium"
                                        }
                                      }
                                    ],
                                    "namespaces": [],
                                    "topology_key": "kubernetes.io/hostname"
                                  }
                                ]
                              }
                            ],
                            "pod_anti_affinity": []
                          }
                        ],
                        "automount_service_account_token": true,
                        "container": [
                          {
                            "args": [
                              "serve",
                              "--debug"
                            ],
                            "command": [
                              "hubble-relay"
                            ],
                            "env": [],
                            "env_from": [],
                            "image": "quay.io/isovalent/hubble-relay:v1.13.4-cee.1",
                            "image_pull_policy": "IfNotPresent",
                            "lifecycle": [],
                            "liveness_probe": [
                              {
                                "exec": [],
                                "failure_threshold": 3,
                                "grpc": [],
                                "http_get": [],
                                "initial_delay_seconds": 0,
                                "period_seconds": 10,
                                "success_threshold": 1,
                                "tcp_socket": [
                                  {
                                    "port": "grpc"
                                  }
                                ],
                                "timeout_seconds": 1
                              }
                            ],
                            "name": "hubble-relay",
                            "port": [
                              {
                                "container_port": 4245,
                                "host_ip": "",
                                "host_port": 0,
                                "name": "grpc",
                                "protocol": "TCP"
                              }
                            ],
                            "readiness_probe": [
                              {
                                "exec": [],
                                "failure_threshold": 3,
                                "grpc": [],
                                "http_get": [],
                                "initial_delay_seconds": 0,
                                "period_seconds": 10,
                                "success_threshold": 1,
                                "tcp_socket": [
                                  {
                                    "port": "grpc"
                                  }
                                ],
                                "timeout_seconds": 1
                              }
                            ],
                            "resources": [
                              {
                                "limits": {},
                                "requests": {}
                              }
                            ],
                            "security_context": [],
                            "startup_probe": [],
                            "stdin": false,
                            "stdin_once": false,
                            "termination_message_path": "/dev/termination-log",
                            "termination_message_policy": "FallbackToLogsOnError",
                            "tty": false,
                            "volume_mount": [
                              {
                                "mount_path": "/etc/hubble-relay",
                                "mount_propagation": "None",
                                "name": "config",
                                "read_only": true,
                                "sub_path": ""
                              },
                              {
                                "mount_path": "/var/lib/hubble-relay/tls",
                                "mount_propagation": "None",
                                "name": "tls",
                                "read_only": true,
                                "sub_path": ""
                              }
                            ],
                            "working_dir": ""
                          }
                        ],
                        "dns_config": [],
                        "dns_policy": "ClusterFirst",
                        "enable_service_links": true,
                        "host_aliases": [],
                        "host_ipc": false,
                        "host_network": false,
                        "host_pid": false,
                        "hostname": "",
                        "image_pull_secrets": [],
                        "init_container": [],
                        "node_name": "",
                        "node_selector": {
                          "kubernetes.io/os": "linux"
                        },
                        "os": [],
                        "priority_class_name": "",
                        "readiness_gate": [],
                        "restart_policy": "Always",
                        "runtime_class_name": "",
                        "scheduler_name": "default-scheduler",
                        "security_context": [],
                        "service_account_name": "hubble-relay",
                        "share_process_namespace": false,
                        "subdomain": "",
                        "termination_grace_period_seconds": 1,
                        "toleration": [],
                        "topology_spread_constraint": [],
                        "volume": [
                          {
                            "aws_elastic_block_store": [],
                            "azure_disk": [],
                            "azure_file": [],
                            "ceph_fs": [],
                            "cinder": [],
                            "config_map": [
                              {
                                "default_mode": "0644",
                                "items": [
                                  {
                                    "key": "config.yaml",
                                    "mode": "",
                                    "path": "config.yaml"
                                  }
                                ],
                                "name": "hubble-relay-config",
                                "optional": false
                              }
                            ],
                            "csi": [],
                            "downward_api": [],
                            "empty_dir": [],
                            "ephemeral": [],
                            "fc": [],
                            "flex_volume": [],
                            "flocker": [],
                            "gce_persistent_disk": [],
                            "git_repo": [],
                            "glusterfs": [],
                            "host_path": [],
                            "iscsi": [],
                            "local": [],
                            "name": "config",
                            "nfs": [],
                            "persistent_volume_claim": [],
                            "photon_persistent_disk": [],
                            "projected": [],
                            "quobyte": [],
                            "rbd": [],
                            "secret": [],
                            "vsphere_volume": []
                          },
                          {
                            "aws_elastic_block_store": [],
                            "azure_disk": [],
                            "azure_file": [],
                            "ceph_fs": [],
                            "cinder": [],
                            "config_map": [],
                            "csi": [],
                            "downward_api": [],
                            "empty_dir": [],
                            "ephemeral": [],
                            "fc": [],
                            "flex_volume": [],
                            "flocker": [],
                            "gce_persistent_disk": [],
                            "git_repo": [],
                            "glusterfs": [],
                            "host_path": [],
                            "iscsi": [],
                            "local": [],
                            "name": "tls",
                            "nfs": [],
                            "persistent_volume_claim": [],
                            "photon_persistent_disk": [],
                            "projected": [
                              {
                                "default_mode": "0400",
                                "sources": [
                                  {
                                    "config_map": [],
                                    "downward_api": [],
                                    "secret": [
                                      {
                                        "items": [
                                          {
                                            "key": "ca.crt",
                                            "mode": "",
                                            "path": "hubble-server-ca.crt"
                                          },
                                          {
                                            "key": "tls.crt",
                                            "mode": "",
                                            "path": "client.crt"
                                          },
                                          {
                                            "key": "tls.key",
                                            "mode": "",
                                            "path": "client.key"
                                          }
                                        ],
                                        "name": "hubble-relay-client-certs",
                                        "optional": false
                                      }
                                    ],
                                    "service_account_token": []
                                  }
                                ]
                              }
                            ],
                            "quobyte": [],
                            "rbd": [],
                            "secret": [],
                            "vsphere_volume": []
                          }
                        ]
                      }
                    ]
                  }
                ]
              }
            ],
            "timeouts": null,
            "wait_for_rollout": true
          },
          "sensitive_attributes": [],
          "private": "eyJlMmJmYjczMC1lY2FhLTExZTYtOGY4OC0zNDM2M2JjN2M0YzAiOnsiY3JlYXRlIjo2MDAwMDAwMDAwMDAsImRlbGV0ZSI6NjAwMDAwMDAwMDAwLCJ1cGRhdGUiOjYwMDAwMDAwMDAwMH0sInNjaGVtYV92ZXJzaW9uIjoiMSJ9"
        }
      ]
    },
    {
      "mode": "managed",
      "type": "kubernetes_deployment",
      "name": "hubble_ui",
      "provider": "provider[\"registry.terraform.io/hashicorp/kubernetes\"]",
      "instances": [
        {
          "schema_version": 1,
          "attributes": {
            "id": "cilium/hubble-ui",
            "metadata": [
              {
                "annotations": {},
                "generate_name": "",
                "generation": 2,
                "labels": {
                  "k8s-app": "hubble-ui"
                },
                "name": "hubble-ui",
                "namespace": "cilium",
                "resource_version": "2576524",
                "uid": "65f1e754-38cf-4108-bfc6-811589805737"
              }
            ],
            "spec": [
              {
                "min_ready_seconds": 0,
                "paused": false,
                "progress_deadline_seconds": 600,
                "replicas": "1",
                "revision_history_limit": 10,
                "selector": [
                  {
                    "match_expressions": [],
                    "match_labels": {
                      "k8s-app": "hubble-ui"
                    }
                  }
                ],
                "strategy": [
                  {
                    "rolling_update": [
                      {
                        "max_surge": "25%",
                        "max_unavailable": "25%"
                      }
                    ],
                    "type": "RollingUpdate"
                  }
                ],
                "template": [
                  {
                    "metadata": [
                      {
                        "annotations": {},
                        "generate_name": "",
                        "generation": 0,
                        "labels": {
                          "k8s-app": "hubble-ui"
                        },
                        "name": "",
                        "namespace": "",
                        "resource_version": "",
                        "uid": ""
                      }
                    ],
                    "spec": [
                      {
                        "active_deadline_seconds": 0,
                        "affinity": [],
                        "automount_service_account_token": true,
                        "container": [
                          {
                            "args": [],
                            "command": [],
                            "env": [],
                            "env_from": [],
                            "image": "quay.io/isovalent/hubble-ui-enterprise:v0.17.6",
                            "image_pull_policy": "Always",
                            "lifecycle": [],
                            "liveness_probe": [],
                            "name": "frontend",
                            "port": [
                              {
                                "container_port": 8081,
                                "host_ip": "",
                                "host_port": 0,
                                "name": "http",
                                "protocol": "TCP"
                              }
                            ],
                            "readiness_probe": [],
                            "resources": [
                              {
                                "limits": {},
                                "requests": {}
                              }
                            ],
                            "security_context": [],
                            "startup_probe": [],
                            "stdin": false,
                            "stdin_once": false,
                            "termination_message_path": "/dev/termination-log",
                            "termination_message_policy": "File",
                            "tty": false,
                            "volume_mount": [
                              {
                                "mount_path": "/etc/nginx/conf.d/default.conf",
                                "mount_propagation": "None",
                                "name": "hubble-ui-nginx-conf",
                                "read_only": false,
                                "sub_path": "nginx.conf"
                              }
                            ],
                            "working_dir": ""
                          },
                          {
                            "args": [],
                            "command": [],
                            "env": [
                              {
                                "name": "EVENTS_SERVER_PORT",
                                "value": "8090",
                                "value_from": []
                              },
                              {
                                "name": "FLOWS_API_ADDR",
                                "value": "hubble-relay:80",
                                "value_from": []
                              },
                              {
                                "name": "GOPS_ENABLED",
                                "value": "false",
                                "value_from": []
                              }
                            ],
                            "env_from": [],
                            "image": "quay.io/isovalent/hubble-ui-enterprise-backend:v0.17.6",
                            "image_pull_policy": "Always",
                            "lifecycle": [],
                            "liveness_probe": [],
                            "name": "backend",
                            "port": [
                              {
                                "container_port": 8090,
                                "host_ip": "",
                                "host_port": 0,
                                "name": "grpc",
                                "protocol": "TCP"
                              }
                            ],
                            "readiness_probe": [],
                            "resources": [
                              {
                                "limits": {},
                                "requests": {}
                              }
                            ],
                            "security_context": [],
                            "startup_probe": [],
                            "stdin": false,
                            "stdin_once": false,
                            "termination_message_path": "/dev/termination-log",
                            "termination_message_policy": "File",
                            "tty": false,
                            "volume_mount": [],
                            "working_dir": ""
                          }
                        ],
                        "dns_config": [],
                        "dns_policy": "ClusterFirst",
                        "enable_service_links": true,
                        "host_aliases": [],
                        "host_ipc": false,
                        "host_network": false,
                        "host_pid": false,
                        "hostname": "",
                        "image_pull_secrets": [],
                        "init_container": [],
                        "node_name": "",
                        "node_selector": {},
                        "os": [],
                        "priority_class_name": "",
                        "readiness_gate": [],
                        "restart_policy": "Always",
                        "runtime_class_name": "",
                        "scheduler_name": "default-scheduler",
                        "security_context": [
                          {
                            "fs_group": "1001",
                            "fs_group_change_policy": "",
                            "run_as_group": "",
                            "run_as_non_root": false,
                            "run_as_user": "1001",
                            "se_linux_options": [],
                            "seccomp_profile": [],
                            "supplemental_groups": [],
                            "sysctl": [],
                            "windows_options": []
                          }
                        ],
                        "service_account_name": "hubble-ui",
                        "share_process_namespace": false,
                        "subdomain": "",
                        "termination_grace_period_seconds": 30,
                        "toleration": [],
                        "topology_spread_constraint": [],
                        "volume": [
                          {
                            "aws_elastic_block_store": [],
                            "azure_disk": [],
                            "azure_file": [],
                            "ceph_fs": [],
                            "cinder": [],
                            "config_map": [
                              {
                                "default_mode": "0644",
                                "items": [],
                                "name": "hubble-ui-nginx",
                                "optional": false
                              }
                            ],
                            "csi": [],
                            "downward_api": [],
                            "empty_dir": [],
                            "ephemeral": [],
                            "fc": [],
                            "flex_volume": [],
                            "flocker": [],
                            "gce_persistent_disk": [],
                            "git_repo": [],
                            "glusterfs": [],
                            "host_path": [],
                            "iscsi": [],
                            "local": [],
                            "name": "hubble-ui-nginx-conf",
                            "nfs": [],
                            "persistent_volume_claim": [],
                            "photon_persistent_disk": [],
                            "projected": [],
                            "quobyte": [],
                            "rbd": [],
                            "secret": [],
                            "vsphere_volume": []
                          }
                        ]
                      }
                    ]
                  }
                ]
              }
            ],
            "timeouts": null,
            "wait_for_rollout": true
          },
          "sensitive_attributes": [],
          "private": "eyJlMmJmYjczMC1lY2FhLTExZTYtOGY4OC0zNDM2M2JjN2M0YzAiOnsiY3JlYXRlIjo2MDAwMDAwMDAwMDAsImRlbGV0ZSI6NjAwMDAwMDAwMDAwLCJ1cGRhdGUiOjYwMDAwMDAwMDAwMH0sInNjaGVtYV92ZXJzaW9uIjoiMSJ9"
        }
      ]
    },
    {
      "mode": "managed",
      "type": "kubernetes_role",
      "name": "cilium_config_agent",
      "provider": "provider[\"registry.terraform.io/hashicorp/kubernetes\"]",
      "instances": [
        {
          "schema_version": 0,
          "attributes": {
            "id": "cilium/cilium-config-agent",
            "metadata": [
              {
                "annotations": {},
                "generate_name": "",
                "generation": 0,
                "labels": {
                  "app.kubernetes.io/part-of": "cilium"
                },
                "name": "cilium-config-agent",
                "namespace": "cilium",
                "resource_version": "2390",
                "uid": "cadd6d78-8df0-454d-a04e-de773ee22fc5"
              }
            ],
            "rule": [
              {
                "api_groups": [
                  ""
                ],
                "resource_names": [],
                "resources": [
                  "configmaps"
                ],
                "verbs": [
                  "get",
                  "list",
                  "watch"
                ]
              }
            ]
          },
          "sensitive_attributes": [],
          "private": "bnVsbA=="
        }
      ]
    },
    {
      "mode": "managed",
      "type": "kubernetes_role_binding",
      "name": "cilium_config_agent",
      "provider": "provider[\"registry.terraform.io/hashicorp/kubernetes\"]",
      "instances": [
        {
          "schema_version": 0,
          "attributes": {
            "id": "cilium/cilium-config-agent",
            "metadata": [
              {
                "annotations": {},
                "generate_name": "",
                "generation": 0,
                "labels": {
                  "app.kubernetes.io/part-of": "cilium"
                },
                "name": "cilium-config-agent",
                "namespace": "cilium",
                "resource_version": "2400",
                "uid": "ba915be4-8fb4-4182-8c9c-2039bd6ff030"
              }
            ],
            "role_ref": [
              {
                "api_group": "rbac.authorization.k8s.io",
                "kind": "Role",
                "name": "cilium-config-agent"
              }
            ],
            "subject": [
              {
                "api_group": "",
                "kind": "ServiceAccount",
                "name": "cilium",
                "namespace": "cilium"
              }
            ]
          },
          "sensitive_attributes": [],
          "private": "bnVsbA=="
        }
      ]
    },
    {
      "mode": "managed",
      "type": "kubernetes_secret",
      "name": "cilium_ca",
      "provider": "provider[\"registry.terraform.io/hashicorp/kubernetes\"]",
      "instances": [
        {
          "schema_version": 0,
          "attributes": {
            "binary_data": null,
            "data": {
              "ca.crt": "-----BEGIN CERTIFICATE-----\nMIIDEzCCAfugAwIBAgIQbSdZttD0DmGIEuOeTWmZkDANBgkqhkiG9w0BAQsFADAU\nMRIwEAYDVQQDEwlDaWxpdW0gQ0EwHhcNMjQwNzMxMTg1NTIwWhcNMjcwNzMxMTg1\nNTIwWjAUMRIwEAYDVQQDEwlDaWxpdW0gQ0EwggEiMA0GCSqGSIb3DQEBAQUAA4IB\nDwAwggEKAoIBAQDhoCMDYnw+MnfMxqVHwlS4grWKzcApD4yzD9HnC97XKWS26HWc\n1yZdbk05vAqlqFReUNJOOwp+I7UPBHuhHYqAS9mqKnLdhPdkyzEl6CVihhGZf9l+\nCm5PcRWzD6eayRgC+jwEp5iX/UiKOt+TwMefNtIvKsjaJEuIwggmQEEDxeaTurJa\n+B9eqd17+VQN+BEWJrKLBOykZcb9MjxQrwngsnQkEd6Ok7ANwGVaRcgqE1gj65Kk\nQVI/hfKzZkBfmOIADSi1KUHnjbpequrDb4X7ysSE5Wie2dZkLQX4Uv6n+ppvg5sh\nubcE03yupSi9TsHOhPLEoC6sZ6vVTNWqNSxxAgMBAAGjYTBfMA4GA1UdDwEB/wQE\nAwICpDAdBgNVHSUEFjAUBggrBgEFBQcDAQYIKwYBBQUHAwIwDwYDVR0TAQH/BAUw\nAwEB/zAdBgNVHQ4EFgQUZoSdxXxt4wq1wFP6029myXKMSP8wDQYJKoZIhvcNAQEL\nBQADggEBALHD9DZesnDFs9sjFE2MLaiyzvD7f8E0fa51AF5I9S9nf6vfWQE+Am5u\nUzbCrlPBthc2mGfiwtF196quF+NwWklCWk4+qsmdut5CrvL/xHeA4vUch3D8pvYj\ny1ydPxVTDoAn0I7xJC4IKHyekfL6RdXXdsspoD2SiXDgfS3oclAhQP3rehay2zWc\nvnW95ukw/W1snHGyeKXlv5RN67vbw6GlNXphVMlLMQm68mDdUtDOmEAai7KHkqZ6\nVazgxt4wBvnDPRrlLCri5nYpH+wkZ/+8ESPdLc+hiGTybkSzmT1X00KAYltU/bs9\n2sxxpsqorSIkCkiQFtAOnPZ2WGCUC10=\n-----END CERTIFICATE-----\n",
              "ca.key": "-----BEGIN RSA PRIVATE KEY-----\nMIIEowIBAAKCAQEA4aAjA2J8PjJ3zMalR8JUuIK1is3AKQ+Msw/R5wve1ylktuh1\nnNcmXW5NObwKpahUXlDSTjsKfiO1DwR7oR2KgEvZqipy3YT3ZMsxJeglYoYRmX/Z\nfgpuT3EVsw+nmskYAvo8BKeYl/1Iijrfk8DHnzbSLyrI2iRLiMIIJkBBA8Xmk7qy\nWvgfXqnde/lUDfgRFiayiwTspGXG/TI8UK8J4LJ0JBHejpOwDcBlWkXIKhNYI+uS\npEFSP4Xys2ZAX5jiAA0otSlB5426Xqrqw2+F+8rEhOVontnWZC0F+FL+p/qab4Ob\nIbm3BNN8rqUovU7BzoTyxKAurGer1UzVqjUscQIDAQABAoIBAA6GW5qtLWhnoVS6\neQtslD2olH1SD4vVJ26jlxSzq+3YCVbJEkE9jIe5QRl1ZI4TjxLfSxqkLGHAdLh5\nxmex2ie2OlX9E5X1KGQBvLE/B6EXFmz2UQ8PJtjQY+A6IsURKw2OBG0cSPOH57KW\nZaxCXdd/FPraW0HH0mEEdLfZrRXL+b0dhzhByU8RGQmjTh06V1ax+3m7PbNra+LF\n9vJT9JMzeGAJSS4sG1Rd85rp9PLt2fgmePxP6WiThdWfWExX5KMfNHmc+Gg8Z0qI\n4UtP5dlFujaYZWheplOYotvrstMGba79vc01+nLD5aQ3mt2QsKVYnWkyAyfA8oj1\nj3NsPM0CgYEA6Igvv2uSD5juY+j4TjmtXECH1gwm8gc5BgMTCM1VlqoP1ygKgcx3\nzOIT8SzncWIEbWuh2IXORBtI9S+6VLIKBnYfLSakLm4jfvouF1lCsME3If8uXeuh\nJoFDjvK6unn8XMrcFYWG0Y6PLnRt0mjwC7wHzcyjqdb/ZcnluX0VuUcCgYEA+GWD\nCl6uegc9YUIpBkhHwmyRUd0tgF5dpEO7tNxPJATv8UvHsrYEQNQZMLYpvVWCskoR\n9K+oaHYYzSUvahbDCq9Bj4ActXjCTectaKuyEmG9Wg2oPHhcQ0IOogI5Qp5p9jMp\nNABUp2dwwf5u+UzP7GBxsOdGOKLqxjOv5g13yIcCgYBrmYkutKIz4Xp+dPFhkULt\nK1cv7xOeb0UtyQJn0kxGmY8W6opiIbFV909vDG5Ugxy1XVbZEKGv1kheXKWGR5Ro\nBQTMKdNTQNfgC/iECWPY0q+mZaSZBU3euXX/kcZiP8xNS/mnY9BM7ADJaErhUHmz\nlGCwFH+vObOY8GIDASSqRQKBgQDehWHM6mD3ZIDyHejOffX7EHNmmPNoKiFNRHhl\nX29uXxXsXey6BiDtSpR+dNITkQUSXxSS1MHTQuiY7pT5PwbfDX135lbRoyq9yzl8\nqUNPAEw23kE2WsScZBLjw4Y0TeGy8sYYlatAhIQY5avYnZ0urn9q8OSRXDFh+W+8\ncZg7BQKBgAiAD7GQ4LNZ27Dd8WspEXVCF0xbFYDEV5TRL3EGhfiJIlXMt2WLCtZE\n/eeCeafgxRoef07E1K9RbLfL1Xt9PL58mjlDodLgGLZrKCjDeldWkgVBXrgq2vOa\nWT0+Txt5qqrSmjX6d7Pfm1VtWiEXU7oHRKzzInd8XPAOteU00J5W\n-----END RSA PRIVATE KEY-----\n"
            },
            "id": "cilium/cilium-ca",
            "immutable": false,
            "metadata": [
              {
                "annotations": {},
                "generate_name": "",
                "generation": 0,
                "labels": {},
                "name": "cilium-ca",
                "namespace": "cilium",
                "resource_version": "2575503",
                "uid": "95690563-10ff-46d2-8c58-8ea2d799ed78"
              }
            ],
            "timeouts": null,
            "type": "Opaque",
            "wait_for_service_account_token": true
          },
          "sensitive_attributes": [],
          "private": "eyJlMmJmYjczMC1lY2FhLTExZTYtOGY4OC0zNDM2M2JjN2M0YzAiOnsiY3JlYXRlIjo2MDAwMDAwMDAwMH19"
        }
      ]
    },
    {
      "mode": "managed",
      "type": "kubernetes_secret",
      "name": "hubble_ca_secret",
      "provider": "provider[\"registry.terraform.io/hashicorp/kubernetes\"]",
      "instances": [
        {
          "schema_version": 0,
          "attributes": {
            "binary_data": null,
            "data": {
              "ca.crt": "-----BEGIN CERTIFICATE-----\nMIIDEzCCAfugAwIBAgIQbSdZttD0DmGIEuOeTWmZkDANBgkqhkiG9w0BAQsFADAU\nMRIwEAYDVQQDEwlDaWxpdW0gQ0EwHhcNMjQwNzMxMTg1NTIwWhcNMjcwNzMxMTg1\nNTIwWjAUMRIwEAYDVQQDEwlDaWxpdW0gQ0EwggEiMA0GCSqGSIb3DQEBAQUAA4IB\nDwAwggEKAoIBAQDhoCMDYnw+MnfMxqVHwlS4grWKzcApD4yzD9HnC97XKWS26HWc\n1yZdbk05vAqlqFReUNJOOwp+I7UPBHuhHYqAS9mqKnLdhPdkyzEl6CVihhGZf9l+\nCm5PcRWzD6eayRgC+jwEp5iX/UiKOt+TwMefNtIvKsjaJEuIwggmQEEDxeaTurJa\n+B9eqd17+VQN+BEWJrKLBOykZcb9MjxQrwngsnQkEd6Ok7ANwGVaRcgqE1gj65Kk\nQVI/hfKzZkBfmOIADSi1KUHnjbpequrDb4X7ysSE5Wie2dZkLQX4Uv6n+ppvg5sh\nubcE03yupSi9TsHOhPLEoC6sZ6vVTNWqNSxxAgMBAAGjYTBfMA4GA1UdDwEB/wQE\nAwICpDAdBgNVHSUEFjAUBggrBgEFBQcDAQYIKwYBBQUHAwIwDwYDVR0TAQH/BAUw\nAwEB/zAdBgNVHQ4EFgQUZoSdxXxt4wq1wFP6029myXKMSP8wDQYJKoZIhvcNAQEL\nBQADggEBALHD9DZesnDFs9sjFE2MLaiyzvD7f8E0fa51AF5I9S9nf6vfWQE+Am5u\nUzbCrlPBthc2mGfiwtF196quF+NwWklCWk4+qsmdut5CrvL/xHeA4vUch3D8pvYj\ny1ydPxVTDoAn0I7xJC4IKHyekfL6RdXXdsspoD2SiXDgfS3oclAhQP3rehay2zWc\nvnW95ukw/W1snHGyeKXlv5RN67vbw6GlNXphVMlLMQm68mDdUtDOmEAai7KHkqZ6\nVazgxt4wBvnDPRrlLCri5nYpH+wkZ/+8ESPdLc+hiGTybkSzmT1X00KAYltU/bs9\n2sxxpsqorSIkCkiQFtAOnPZ2WGCUC10=\n-----END CERTIFICATE-----\n",
              "ca.key": "-----BEGIN RSA PRIVATE KEY-----\nMIIEowIBAAKCAQEA4aAjA2J8PjJ3zMalR8JUuIK1is3AKQ+Msw/R5wve1ylktuh1\nnNcmXW5NObwKpahUXlDSTjsKfiO1DwR7oR2KgEvZqipy3YT3ZMsxJeglYoYRmX/Z\nfgpuT3EVsw+nmskYAvo8BKeYl/1Iijrfk8DHnzbSLyrI2iRLiMIIJkBBA8Xmk7qy\nWvgfXqnde/lUDfgRFiayiwTspGXG/TI8UK8J4LJ0JBHejpOwDcBlWkXIKhNYI+uS\npEFSP4Xys2ZAX5jiAA0otSlB5426Xqrqw2+F+8rEhOVontnWZC0F+FL+p/qab4Ob\nIbm3BNN8rqUovU7BzoTyxKAurGer1UzVqjUscQIDAQABAoIBAA6GW5qtLWhnoVS6\neQtslD2olH1SD4vVJ26jlxSzq+3YCVbJEkE9jIe5QRl1ZI4TjxLfSxqkLGHAdLh5\nxmex2ie2OlX9E5X1KGQBvLE/B6EXFmz2UQ8PJtjQY+A6IsURKw2OBG0cSPOH57KW\nZaxCXdd/FPraW0HH0mEEdLfZrRXL+b0dhzhByU8RGQmjTh06V1ax+3m7PbNra+LF\n9vJT9JMzeGAJSS4sG1Rd85rp9PLt2fgmePxP6WiThdWfWExX5KMfNHmc+Gg8Z0qI\n4UtP5dlFujaYZWheplOYotvrstMGba79vc01+nLD5aQ3mt2QsKVYnWkyAyfA8oj1\nj3NsPM0CgYEA6Igvv2uSD5juY+j4TjmtXECH1gwm8gc5BgMTCM1VlqoP1ygKgcx3\nzOIT8SzncWIEbWuh2IXORBtI9S+6VLIKBnYfLSakLm4jfvouF1lCsME3If8uXeuh\nJoFDjvK6unn8XMrcFYWG0Y6PLnRt0mjwC7wHzcyjqdb/ZcnluX0VuUcCgYEA+GWD\nCl6uegc9YUIpBkhHwmyRUd0tgF5dpEO7tNxPJATv8UvHsrYEQNQZMLYpvVWCskoR\n9K+oaHYYzSUvahbDCq9Bj4ActXjCTectaKuyEmG9Wg2oPHhcQ0IOogI5Qp5p9jMp\nNABUp2dwwf5u+UzP7GBxsOdGOKLqxjOv5g13yIcCgYBrmYkutKIz4Xp+dPFhkULt\nK1cv7xOeb0UtyQJn0kxGmY8W6opiIbFV909vDG5Ugxy1XVbZEKGv1kheXKWGR5Ro\nBQTMKdNTQNfgC/iECWPY0q+mZaSZBU3euXX/kcZiP8xNS/mnY9BM7ADJaErhUHmz\nlGCwFH+vObOY8GIDASSqRQKBgQDehWHM6mD3ZIDyHejOffX7EHNmmPNoKiFNRHhl\nX29uXxXsXey6BiDtSpR+dNITkQUSXxSS1MHTQuiY7pT5PwbfDX135lbRoyq9yzl8\nqUNPAEw23kE2WsScZBLjw4Y0TeGy8sYYlatAhIQY5avYnZ0urn9q8OSRXDFh+W+8\ncZg7BQKBgAiAD7GQ4LNZ27Dd8WspEXVCF0xbFYDEV5TRL3EGhfiJIlXMt2WLCtZE\n/eeCeafgxRoef07E1K9RbLfL1Xt9PL58mjlDodLgGLZrKCjDeldWkgVBXrgq2vOa\nWT0+Txt5qqrSmjX6d7Pfm1VtWiEXU7oHRKzzInd8XPAOteU00J5W\n-----END RSA PRIVATE KEY-----\n"
            },
            "id": "cilium/hubble-ca-secret",
            "immutable": false,
            "metadata": [
              {
                "annotations": null,
                "generate_name": "",
                "generation": 0,
                "labels": null,
                "name": "hubble-ca-secret",
                "namespace": "cilium",
                "resource_version": "2575468",
                "uid": "ae6f9a6e-c3e8-410b-a4cf-12f1ad30a3b0"
              }
            ],
            "timeouts": null,
            "type": "Opaque",
            "wait_for_service_account_token": true
          },
          "sensitive_attributes": [],
          "private": "eyJlMmJmYjczMC1lY2FhLTExZTYtOGY4OC0zNDM2M2JjN2M0YzAiOnsiY3JlYXRlIjo2MDAwMDAwMDAwMH19"
        }
      ]
    },
    {
      "mode": "managed",
      "type": "kubernetes_secret",
      "name": "hubble_relay_client_certs",
      "provider": "provider[\"registry.terraform.io/hashicorp/kubernetes\"]",
      "instances": [
        {
          "schema_version": 0,
          "attributes": {
            "binary_data": null,
            "data": {
              "ca.crt": "-----BEGIN CERTIFICATE-----\nMIIDEzCCAfugAwIBAgIQbSdZttD0DmGIEuOeTWmZkDANBgkqhkiG9w0BAQsFADAU\nMRIwEAYDVQQDEwlDaWxpdW0gQ0EwHhcNMjQwNzMxMTg1NTIwWhcNMjcwNzMxMTg1\nNTIwWjAUMRIwEAYDVQQDEwlDaWxpdW0gQ0EwggEiMA0GCSqGSIb3DQEBAQUAA4IB\nDwAwggEKAoIBAQDhoCMDYnw+MnfMxqVHwlS4grWKzcApD4yzD9HnC97XKWS26HWc\n1yZdbk05vAqlqFReUNJOOwp+I7UPBHuhHYqAS9mqKnLdhPdkyzEl6CVihhGZf9l+\nCm5PcRWzD6eayRgC+jwEp5iX/UiKOt+TwMefNtIvKsjaJEuIwggmQEEDxeaTurJa\n+B9eqd17+VQN+BEWJrKLBOykZcb9MjxQrwngsnQkEd6Ok7ANwGVaRcgqE1gj65Kk\nQVI/hfKzZkBfmOIADSi1KUHnjbpequrDb4X7ysSE5Wie2dZkLQX4Uv6n+ppvg5sh\nubcE03yupSi9TsHOhPLEoC6sZ6vVTNWqNSxxAgMBAAGjYTBfMA4GA1UdDwEB/wQE\nAwICpDAdBgNVHSUEFjAUBggrBgEFBQcDAQYIKwYBBQUHAwIwDwYDVR0TAQH/BAUw\nAwEB/zAdBgNVHQ4EFgQUZoSdxXxt4wq1wFP6029myXKMSP8wDQYJKoZIhvcNAQEL\nBQADggEBALHD9DZesnDFs9sjFE2MLaiyzvD7f8E0fa51AF5I9S9nf6vfWQE+Am5u\nUzbCrlPBthc2mGfiwtF196quF+NwWklCWk4+qsmdut5CrvL/xHeA4vUch3D8pvYj\ny1ydPxVTDoAn0I7xJC4IKHyekfL6RdXXdsspoD2SiXDgfS3oclAhQP3rehay2zWc\nvnW95ukw/W1snHGyeKXlv5RN67vbw6GlNXphVMlLMQm68mDdUtDOmEAai7KHkqZ6\nVazgxt4wBvnDPRrlLCri5nYpH+wkZ/+8ESPdLc+hiGTybkSzmT1X00KAYltU/bs9\n2sxxpsqorSIkCkiQFtAOnPZ2WGCUC10=\n-----END CERTIFICATE-----\n",
              "tls.crt": "-----BEGIN CERTIFICATE-----\nMIIDSDCCAjCgAwIBAgIQMNkSn8qpmUhZYQHh1L5UFDANBgkqhkiG9w0BAQsFADAU\nMRIwEAYDVQQDEwlDaWxpdW0gQ0EwHhcNMjQwNzMxMTg1NTIwWhcNMjcwNzMxMTg1\nNTIwWjAjMSEwHwYDVQQDDBgqLmh1YmJsZS1yZWxheS5jaWxpdW0uaW8wggEiMA0G\nCSqGSIb3DQEBAQUAA4IBDwAwggEKAoIBAQCtMIhZiXksSlm/XaT0DxLXYFFGac9z\njlMsy3Lud/7wb07kR9/x3AVFAsYGqNqJMHZGzJTLON/CuvF0o7tsFy2QE7lqwZTA\n7yEjhaCG5xzMKOTzOdo8zO5G80qf4uWC9q9CoetDOMW7ObFFOetK8YcraGaw+MRV\nfk2VMzn2sk4/MF/01HyBuBdGicTtB+9Hebk/udiegvM9K/hlnXuxx/1RdSF+5LV3\nU9NmwU/dQSReaCCI8t7UBAs6N6XTadlFNqkCUky7SCB3VaU6QNuvbdxV6aSZdqCx\nOxZnt6FMWANcShQ2kyZJ9TZdszMI7Ru65++uZeDFr/ekH1JTRajxKuLHAgMBAAGj\ngYYwgYMwDgYDVR0PAQH/BAQDAgWgMB0GA1UdJQQWMBQGCCsGAQUFBwMBBggrBgEF\nBQcDAjAMBgNVHRMBAf8EAjAAMB8GA1UdIwQYMBaAFGaEncV8beMKtcBT+tNvZsly\njEj/MCMGA1UdEQQcMBqCGCouaHViYmxlLXJlbGF5LmNpbGl1bS5pbzANBgkqhkiG\n9w0BAQsFAAOCAQEAyc+UQOTY2/G+LvhJPvzwD9X/xDKDvTCM2v8a9IDttvUj1KBr\nvne1TYCfhQwt1MNTctE6+B8abmc77KSoLO9OJhEPaE93wlgbXuv0AbnJkbcNlQZg\nUewSMgkX5FOlSiGjaNYM5OvTmunwMaHUUY1ys7RqSXdtvrQsGoj2pojOho/PF1eY\n8ZKw8NCrYaBz+UlXIRfFirowq4myEMvRsSBLMBO4iiqCYWhzkh5n4ONQAHhAEjSv\nZxnl4AxAB56Uk6ZCa1fyq2Ff4YPcFi+pGw4LfmHXPJl5wwcXtubwsdY4Us3orBY7\nFnwwKOdSRMVEnjH2y+HoQ4XI9W9hFwGglDfG/w==\n-----END CERTIFICATE-----\n",
              "tls.key": "-----BEGIN RSA PRIVATE KEY-----\nMIIEogIBAAKCAQEArTCIWYl5LEpZv12k9A8S12BRRmnPc45TLMty7nf+8G9O5Eff\n8dwFRQLGBqjaiTB2RsyUyzjfwrrxdKO7bBctkBO5asGUwO8hI4WghucczCjk8zna\nPMzuRvNKn+LlgvavQqHrQzjFuzmxRTnrSvGHK2hmsPjEVX5NlTM59rJOPzBf9NR8\ngbgXRonE7QfvR3m5P7nYnoLzPSv4ZZ17scf9UXUhfuS1d1PTZsFP3UEkXmggiPLe\n1AQLOjel02nZRTapAlJMu0ggd1WlOkDbr23cVemkmXagsTsWZ7ehTFgDXEoUNpMm\nSfU2XbMzCO0buufvrmXgxa/3pB9SU0Wo8SrixwIDAQABAoIBAAZdt1VbOUoIfZ4M\nKikSeMXT84jcENUVkTcfT102qfdakBLSFYhFZygvPuo1wLq0PlTB5mJF9+unhYKd\nFiGWBIW8Q9+JuBcTcytkGQ98ZVGX2zqZkM0VV1jiTobsBzW2LaEMZKJ27sXADCUY\nSO7bS/Wrg8LTkhv2ZZGrbWEFEt09sXyyymk+FDKvgcVLwYFnaJ/N3iqcuQeKdHM9\ntDW+uEs6HK5c33jLRz0uD2w85v6Jo2uhKc2rpIU6JM+UnFOlMzV0McLH8QZoQu1m\niC3/CJv+GI/yu0z76A5z/Zd0EXQX37ykdwf05+6f+ntUHMxfuSD8jsMhFVddlR+n\nsrP7r5kCgYEAzHIRm/K6c/PiPsnAfsDof09YtXJjRvRVuzFmM+h2cF/P7yvKZqRV\nk7hlDc1Faceo6isN0csQnJt/3HKwDgf8T3P+I3d+nTYiaYGgWORlaKNM/j8AXoxY\n2yr31eI/v6ZAc1WCjhTs9TcM60TgOnoB6so7sa7pvoQy7lWCiwa/he0CgYEA2Ny9\nqI09CIPjTfFiIkuY+xykFuaHpC4csiGaRkA9djVLhBnD7fFpk3pdC016YDbTaGP/\nCmVbV5LaAD3TM6xvSXCjGHofL3pyvv+QuLigPqrHhe/X/6aCRFaRPo/bK5IwwM+d\ninQphztGakU1kS6QoeFUL8KFIxRZKD5JMHCzdQMCgYA4nqatz80/a52O0gUTlY1O\nJMVmiuVfsy9DBm1NluWmPYKytCf7wStKG9kwt1av8vGe2ImdPmW9WXtRrBmB6UhB\nINiTLfbMxz9EhPfJZoeHMSKTjxMlHC1HlWDJxTzucLaMunPLsZPmXXageZS33S5G\nvfdGQDDP6IDKbLgYlKfaCQKBgG4CBB+ljglsxfi68xoMmU0A6WhIhxRM4/ekvhrW\n6Za2UFlxrIdeiDzsvJhINETsau+wkibW5bAV6Ypn0mSLG2T4w3NeN8Wg6uZixCpA\nVeGURmR2F28zKy+5bjJ7TSXcIekdKICcjphwBDdSZmsAYRQNNuSHW3xBDT0x43S0\nJwS7AoGAbu+TIUSfHnTG7kG9l0pv2IwCQMS9N4EB7RVdFHuYq5/wjgOqbL76znPx\n58K5viMUBI2IealhjVx3b/MB1veM1gsLgs3oUM7/7epfmTgmeN0OGCcJ7Etr7Bsq\nJmALELAvAYQnGt3D6fUwSyYsTNer6Cc0LoehFC16swoGjVydo74=\n-----END RSA PRIVATE KEY-----\n"
            },
            "id": "cilium/hubble-relay-client-certs",
            "immutable": false,
            "metadata": [
              {
                "annotations": {},
                "generate_name": "",
                "generation": 0,
                "labels": {},
                "name": "hubble-relay-client-certs",
                "namespace": "cilium",
                "resource_version": "2575533",
                "uid": "7e6fd8e5-8d9b-4e57-8adf-fdcf539f7ad7"
              }
            ],
            "timeouts": null,
            "type": "kubernetes.io/tls",
            "wait_for_service_account_token": true
          },
          "sensitive_attributes": [],
          "private": "eyJlMmJmYjczMC1lY2FhLTExZTYtOGY4OC0zNDM2M2JjN2M0YzAiOnsiY3JlYXRlIjo2MDAwMDAwMDAwMH19"
        }
      ]
    },
    {
      "mode": "managed",
      "type": "kubernetes_secret",
      "name": "hubble_server_certs",
      "provider": "provider[\"registry.terraform.io/hashicorp/kubernetes\"]",
      "instances": [
        {
          "schema_version": 0,
          "attributes": {
            "binary_data": null,
            "data": {
              "ca.crt": "-----BEGIN CERTIFICATE-----\nMIIDEzCCAfugAwIBAgIQbSdZttD0DmGIEuOeTWmZkDANBgkqhkiG9w0BAQsFADAU\nMRIwEAYDVQQDEwlDaWxpdW0gQ0EwHhcNMjQwNzMxMTg1NTIwWhcNMjcwNzMxMTg1\nNTIwWjAUMRIwEAYDVQQDEwlDaWxpdW0gQ0EwggEiMA0GCSqGSIb3DQEBAQUAA4IB\nDwAwggEKAoIBAQDhoCMDYnw+MnfMxqVHwlS4grWKzcApD4yzD9HnC97XKWS26HWc\n1yZdbk05vAqlqFReUNJOOwp+I7UPBHuhHYqAS9mqKnLdhPdkyzEl6CVihhGZf9l+\nCm5PcRWzD6eayRgC+jwEp5iX/UiKOt+TwMefNtIvKsjaJEuIwggmQEEDxeaTurJa\n+B9eqd17+VQN+BEWJrKLBOykZcb9MjxQrwngsnQkEd6Ok7ANwGVaRcgqE1gj65Kk\nQVI/hfKzZkBfmOIADSi1KUHnjbpequrDb4X7ysSE5Wie2dZkLQX4Uv6n+ppvg5sh\nubcE03yupSi9TsHOhPLEoC6sZ6vVTNWqNSxxAgMBAAGjYTBfMA4GA1UdDwEB/wQE\nAwICpDAdBgNVHSUEFjAUBggrBgEFBQcDAQYIKwYBBQUHAwIwDwYDVR0TAQH/BAUw\nAwEB/zAdBgNVHQ4EFgQUZoSdxXxt4wq1wFP6029myXKMSP8wDQYJKoZIhvcNAQEL\nBQADggEBALHD9DZesnDFs9sjFE2MLaiyzvD7f8E0fa51AF5I9S9nf6vfWQE+Am5u\nUzbCrlPBthc2mGfiwtF196quF+NwWklCWk4+qsmdut5CrvL/xHeA4vUch3D8pvYj\ny1ydPxVTDoAn0I7xJC4IKHyekfL6RdXXdsspoD2SiXDgfS3oclAhQP3rehay2zWc\nvnW95ukw/W1snHGyeKXlv5RN67vbw6GlNXphVMlLMQm68mDdUtDOmEAai7KHkqZ6\nVazgxt4wBvnDPRrlLCri5nYpH+wkZ/+8ESPdLc+hiGTybkSzmT1X00KAYltU/bs9\n2sxxpsqorSIkCkiQFtAOnPZ2WGCUC10=\n-----END CERTIFICATE-----\n",
              "tls.crt": "-----BEGIN CERTIFICATE-----\nMIIDYjCCAkqgAwIBAgIQLP0ud9Q752/8pCycZc52fzANBgkqhkiG9w0BAQsFADAU\nMRIwEAYDVQQDEwlDaWxpdW0gQ0EwHhcNMjQwNzMxMTg1NTIwWhcNMjcwNzMxMTg1\nNTIwWjAwMS4wLAYDVQQDDCUqLmRlY29zdGUtcGFuZGEuaHViYmxlLWdycGMuY2ls\naXVtLmlvMIIBIjANBgkqhkiG9w0BAQEFAAOCAQ8AMIIBCgKCAQEA5bBiHOnn768Q\noqTusqQrrCYJr+p1J1Sux7SkKUYLkhilGjw3JOTa9MaDME5mRRXkOX4tt8MTdQqw\nIpmmuGpO8YfnnNde6KrxKWAlxmSYXHXPp/vnz9k3RraTj+TDzYndiM8HvQTlUN8c\nss5fpBEcgBGB0Qw1VDAgELalrha4G8Ath4RXb20qvV2zex2tESiRQiS1VEukAj7B\n812/CuHN5BNU+COY/gza24kK7hjZdWff6nL9iLQ2WKlZb14N5qMtnF3VRXkybYcj\n1ffxbONV16K3Dd8vFcZk9ReO26UamIvjiDfOaEAx7gqPUvp6PXN6N/lPFoLNbq7i\n8+WCT6UwrQIDAQABo4GTMIGQMA4GA1UdDwEB/wQEAwIFoDAdBgNVHSUEFjAUBggr\nBgEFBQcDAQYIKwYBBQUHAwIwDAYDVR0TAQH/BAIwADAfBgNVHSMEGDAWgBRmhJ3F\nfG3jCrXAU/rTb2bJcoxI/zAwBgNVHREEKTAngiUqLmRlY29zdGUtcGFuZGEuaHVi\nYmxlLWdycGMuY2lsaXVtLmlvMA0GCSqGSIb3DQEBCwUAA4IBAQDGsMI3NQiD7MZx\nybPwIzZr3NQSJen2xEWVHn6t0LWDwmOaTHHpuNsz1j+d8veVvZX88Wm04b8tY1dF\nOqI6za8byeZ8woZAc0OhrQx0WK66+bicmd5kcctxTHOx1L663dFSRPBpPYvuess6\nWp+nS9m/TL0FFVAIQQe4QYcRB5aVpu52aqiRYGAwAp9DchUOyUUTiuKbIxdgmxfn\nkEOLYCbIfez0Q0P2SciLuRS9DSWLQTZFOIwbujDsDoITjvLBEG54B7bYxnB5Cb1C\n83tV+yx32ZAZLZIm2oAHz3aV0FwduwdqEx56CjymaWnB9AUyne13nA5HP984brqs\ne9qr/ayM\n-----END CERTIFICATE-----\n",
              "tls.key": "-----BEGIN RSA PRIVATE KEY-----\nMIIEpAIBAAKCAQEA5bBiHOnn768QoqTusqQrrCYJr+p1J1Sux7SkKUYLkhilGjw3\nJOTa9MaDME5mRRXkOX4tt8MTdQqwIpmmuGpO8YfnnNde6KrxKWAlxmSYXHXPp/vn\nz9k3RraTj+TDzYndiM8HvQTlUN8css5fpBEcgBGB0Qw1VDAgELalrha4G8Ath4RX\nb20qvV2zex2tESiRQiS1VEukAj7B812/CuHN5BNU+COY/gza24kK7hjZdWff6nL9\niLQ2WKlZb14N5qMtnF3VRXkybYcj1ffxbONV16K3Dd8vFcZk9ReO26UamIvjiDfO\naEAx7gqPUvp6PXN6N/lPFoLNbq7i8+WCT6UwrQIDAQABAoIBACne9JPGxCQ6arLr\nlCP2r4trR7rM59xqoI4BTSfFABj66yYUMg1EtvGGOqYUtKoFapxcdyMXqbVdZGx6\nTB00K/31w3AhBsktWFctktVOw0OfqmI6FrEaLOx0HgRONK+EYWEuNH/to4wRkB68\nZkz3XZWvG1YrfpFBUKcbVKqes6NDFd9jqhuEzy/rSOtJuRbxn7CfJBFumGMZXwFf\ngcmQz/zrczfqfeSW5GHQAH1nsb9oXeEzfXjqXdATF6SQ0p6n30rx7tnAcGFnRwQO\nEKj/j7hoo7ZGTgX/HW9eYoQjIimZBFM5SWgvkYnxx5VPCW3C3g1rsb2vwlcGEfWN\nNffHC2ECgYEA78GfVYe4YecW3oIJy7kHVzys70xSKs2jml7cPAokSEPIipOaPpg0\nfMccUmc5OKU2K0Vr8hkbY5cXCR5yFz2OuGXdsEj3V026WXw3o8JQjRcLjaJtHlx3\n5xhk1ZqtnXnRsGSylrjZPSEIpD3vd6a7QYZ1OhgZLsgDMFzukykP2gUCgYEA9UAm\nrGzMD8T5ZQrZX7DTiWKj6/0/DdCmVnhRMC6lyhKk0/aTCut0BVpWACxbm27COy3A\nYdij7cRx5jZMV7KP3NetTC9UBMiYbtMYl73PmlGLAnGuRYQTmSwir/FejQZ9C8U5\nZE875FVIVzovkmVtzlyUtOcRGab7u0E0yR3GtIkCgYEAqBubHN2M6xidcGa9d5rF\nCuYAW8mn01tc22CoC3EQ/5qHgqL8A+e05ci2kxDNjmpJEQ4cIiR4j9vgywQN+z2u\nVJ0YVALVauGVSClQ2gHleQgvkZ/R4vfzGpaAHUXXdhN0c7onfocdyz7eUEsdHUhL\nBCbDC3jaL3MOyVpf7c9czgECgYAlHlt8F09fR6GzcEvsFrg9f+dtbTvg3GaAid9H\n2pePGPlHd3dT3MUHll+T0SLgSIgvKsKGTKKq9uOCQ0+Uqlrpwt7gu/0MaEvh4iND\nvB+yrIrMiOYmcVICCdMKLA7yazv7zxLbor5e1aWIRi8zChTvecWsB5jn+AT7l2fk\n1JPheQKBgQCRbIeT1VCar/9jTiqFoz1Oovhj2wUGpzJVW0dL7h22fG/I8+07p/9f\nRwTi1OjUbcVxdJdIsnnGbPn0J13aTiSWc3Yg8S2sxbaDDoQqdufOSIJ6dEYTiqnF\n6Xt0vAcja5QLvNStqa94UtERPlq+M2nIAoHwey9b889Jb5/k9KjwXw==\n-----END RSA PRIVATE KEY-----\n"
            },
            "id": "cilium/hubble-server-certs",
            "immutable": false,
            "metadata": [
              {
                "annotations": {},
                "generate_name": "",
                "generation": 0,
                "labels": {},
                "name": "hubble-server-certs",
                "namespace": "cilium",
                "resource_version": "2575576",
                "uid": "75f9f559-1100-4f56-9442-f7bd1d86227e"
              }
            ],
            "timeouts": null,
            "type": "kubernetes.io/tls",
            "wait_for_service_account_token": true
          },
          "sensitive_attributes": [],
          "private": "eyJlMmJmYjczMC1lY2FhLTExZTYtOGY4OC0zNDM2M2JjN2M0YzAiOnsiY3JlYXRlIjo2MDAwMDAwMDAwMH19"
        }
      ]
    },
    {
      "mode": "managed",
      "type": "kubernetes_service_account",
      "name": "cilium",
      "provider": "provider[\"registry.terraform.io/hashicorp/kubernetes\"]",
      "instances": [
        {
          "schema_version": 0,
          "attributes": {
            "automount_service_account_token": true,
            "default_secret_name": "",
            "id": "cilium/cilium",
            "image_pull_secret": [],
            "metadata": [
              {
                "annotations": {},
                "generate_name": "",
                "generation": 0,
                "labels": {},
                "name": "cilium",
                "namespace": "cilium",
                "resource_version": "2443",
                "uid": "eb2c212f-1704-45af-b39f-fd0b64c7d07e"
              }
            ],
            "secret": [],
            "timeouts": null
          },
          "sensitive_attributes": [],
          "private": "eyJlMmJmYjczMC1lY2FhLTExZTYtOGY4OC0zNDM2M2JjN2M0YzAiOnsiY3JlYXRlIjozMDAwMDAwMDAwMH19"
        }
      ]
    },
    {
      "mode": "managed",
      "type": "kubernetes_service_account",
      "name": "cilium_operator",
      "provider": "provider[\"registry.terraform.io/hashicorp/kubernetes\"]",
      "instances": [
        {
          "schema_version": 0,
          "attributes": {
            "automount_service_account_token": true,
            "default_secret_name": "",
            "id": "cilium/cilium-operator",
            "image_pull_secret": [],
            "metadata": [
              {
                "annotations": {},
                "generate_name": "",
                "generation": 0,
                "labels": {},
                "name": "cilium-operator",
                "namespace": "cilium",
                "resource_version": "2397",
                "uid": "8305cdca-7a29-467b-9836-c55b8e4fb15e"
              }
            ],
            "secret": [],
            "timeouts": null
          },
          "sensitive_attributes": [],
          "private": "eyJlMmJmYjczMC1lY2FhLTExZTYtOGY4OC0zNDM2M2JjN2M0YzAiOnsiY3JlYXRlIjozMDAwMDAwMDAwMH19"
        }
      ]
    },
    {
      "mode": "managed",
      "type": "kubernetes_service_account",
      "name": "hubble_enterprise",
      "provider": "provider[\"registry.terraform.io/hashicorp/kubernetes\"]",
      "instances": [
        {
          "schema_version": 0,
          "attributes": {
            "automount_service_account_token": true,
            "default_secret_name": "",
            "id": "cilium/hubble-enterprise",
            "image_pull_secret": [],
            "metadata": [
              {
                "annotations": null,
                "generate_name": "",
                "generation": 0,
                "labels": {
                  "app.kubernetes.io/instance": "release-name",
                  "app.kubernetes.io/managed-by": "Helm",
                  "app.kubernetes.io/name": "hubble-enterprise",
                  "helm.sh/chart": "hubble-enterprise-1.10.3"
                },
                "name": "hubble-enterprise",
                "namespace": "cilium",
                "resource_version": "2575535",
                "uid": "61a7315a-3499-44d1-b673-7b36b6f12804"
              }
            ],
            "secret": [],
            "timeouts": null
          },
          "sensitive_attributes": [],
          "private": "eyJlMmJmYjczMC1lY2FhLTExZTYtOGY4OC0zNDM2M2JjN2M0YzAiOnsiY3JlYXRlIjozMDAwMDAwMDAwMH19"
        }
      ]
    },
    {
      "mode": "managed",
      "type": "kubernetes_service_account",
      "name": "hubble_relay",
      "provider": "provider[\"registry.terraform.io/hashicorp/kubernetes\"]",
      "instances": [
        {
          "schema_version": 0,
          "attributes": {
            "automount_service_account_token": true,
            "default_secret_name": "",
            "id": "cilium/hubble-relay",
            "image_pull_secret": [],
            "metadata": [
              {
                "annotations": {},
                "generate_name": "",
                "generation": 0,
                "labels": {},
                "name": "hubble-relay",
                "namespace": "cilium",
                "resource_version": "2424",
                "uid": "de8c1b38-b2bf-464f-985a-34a114324740"
              }
            ],
            "secret": [],
            "timeouts": null
          },
          "sensitive_attributes": [],
          "private": "eyJlMmJmYjczMC1lY2FhLTExZTYtOGY4OC0zNDM2M2JjN2M0YzAiOnsiY3JlYXRlIjozMDAwMDAwMDAwMH19"
        }
      ]
    },
    {
      "mode": "managed",
      "type": "kubernetes_service_account",
      "name": "hubble_ui",
      "provider": "provider[\"registry.terraform.io/hashicorp/kubernetes\"]",
      "instances": [
        {
          "schema_version": 0,
          "attributes": {
            "automount_service_account_token": true,
            "default_secret_name": "",
            "id": "cilium/hubble-ui",
            "image_pull_secret": [],
            "metadata": [
              {
                "annotations": {},
                "generate_name": "",
                "generation": 0,
                "labels": {},
                "name": "hubble-ui",
                "namespace": "cilium",
                "resource_version": "2418",
                "uid": "1d5942bb-31a1-4ff0-bf8a-65e289ac9570"
              }
            ],
            "secret": [],
            "timeouts": null
          },
          "sensitive_attributes": [],
          "private": "eyJlMmJmYjczMC1lY2FhLTExZTYtOGY4OC0zNDM2M2JjN2M0YzAiOnsiY3JlYXRlIjozMDAwMDAwMDAwMH19"
        }
      ]
    }
  ],
  "check_results": null
}
