{
  "version": 4,
  "terraform_version": "1.5.7",
  "serial": 927,
  "lineage": "9f27f70e-c26f-6753-c433-1a7f681f22f6",
  "outputs": {},
  "resources": [
    {
      "mode": "managed",
      "type": "kubernetes_cluster_role",
      "name": "cilium",
      "provider": "provider[\"registry.terraform.io/hashicorp/kubernetes\"]",
      "instances": [
        {
          "schema_version": 0,
          "attributes": {
            "aggregation_rule": [],
            "id": "cilium",
            "metadata": [
              {
                "annotations": {},
                "generate_name": "",
                "generation": 0,
                "labels": {
                  "app.kubernetes.io/part-of": "cilium"
                },
                "name": "cilium",
                "resource_version": "2401",
                "uid": "739e231e-cbf3-410d-a6d2-129332682e6c"
              }
            ],
            "rule": [
              {
                "api_groups": [
                  "networking.k8s.io"
                ],
                "non_resource_urls": [],
                "resource_names": [],
                "resources": [
                  "networkpolicies"
                ],
                "verbs": [
                  "get",
                  "list",
                  "watch"
                ]
              },
              {
                "api_groups": [
                  "discovery.k8s.io"
                ],
                "non_resource_urls": [],
                "resource_names": [],
                "resources": [
                  "endpointslices"
                ],
                "verbs": [
                  "get",
                  "list",
                  "watch"
                ]
              },
              {
                "api_groups": [
                  ""
                ],
                "non_resource_urls": [],
                "resource_names": [],
                "resources": [
                  "namespaces",
                  "services",
                  "pods",
                  "endpoints",
                  "nodes"
                ],
                "verbs": [
                  "get",
                  "list",
                  "watch"
                ]
              },
              {
                "api_groups": [
                  "apiextensions.k8s.io"
                ],
                "non_resource_urls": [],
                "resource_names": [],
                "resources": [
                  "customresourcedefinitions"
                ],
                "verbs": [
                  "list",
                  "watch",
                  "get"
                ]
              },
              {
                "api_groups": [
                  "cilium.io"
                ],
                "non_resource_urls": [],
                "resource_names": [],
                "resources": [
                  "ciliumloadbalancerippools",
                  "ciliumbgppeeringpolicies",
                  "ciliumbgpnodeconfigs",
                  "ciliumbgpadvertisements",
                  "ciliumbgppeerconfigs",
                  "ciliumclusterwideenvoyconfigs",
                  "ciliumclusterwidenetworkpolicies",
                  "ciliumegressgatewaypolicies",
                  "ciliumendpoints",
                  "ciliumendpointslices",
                  "ciliumenvoyconfigs",
                  "ciliumidentities",
                  "ciliumlocalredirectpolicies",
                  "ciliumnetworkpolicies",
                  "ciliumnodes",
                  "ciliumnodeconfigs",
                  "ciliumcidrgroups",
                  "ciliuml2announcementpolicies",
                  "ciliumpodippools"
                ],
                "verbs": [
                  "list",
                  "watch"
                ]
              },
              {
                "api_groups": [
                  "cilium.io"
                ],
                "non_resource_urls": [],
                "resource_names": [],
                "resources": [
                  "ciliumidentities",
                  "ciliumendpoints",
                  "ciliumnodes"
                ],
                "verbs": [
                  "create"
                ]
              },
              {
                "api_groups": [
                  "cilium.io"
                ],
                "non_resource_urls": [],
                "resource_names": [],
                "resources": [
                  "ciliumidentities"
                ],
                "verbs": [
                  "update"
                ]
              },
              {
                "api_groups": [
                  "cilium.io"
                ],
                "non_resource_urls": [],
                "resource_names": [],
                "resources": [
                  "ciliumendpoints"
                ],
                "verbs": [
                  "delete",
                  "get"
                ]
              },
              {
                "api_groups": [
                  "cilium.io"
                ],
                "non_resource_urls": [],
                "resource_names": [],
                "resources": [
                  "ciliumnodes",
                  "ciliumnodes/status"
                ],
                "verbs": [
                  "get",
                  "update"
                ]
              },
              {
                "api_groups": [
                  "cilium.io"
                ],
                "non_resource_urls": [],
                "resource_names": [],
                "resources": [
                  "ciliumnetworkpolicies/status",
                  "ciliumclusterwidenetworkpolicies/status",
                  "ciliumendpoints/status",
                  "ciliumendpoints",
                  "ciliuml2announcementpolicies/status",
                  "ciliumbgpnodeconfigs/status"
                ],
                "verbs": [
                  "patch"
                ]
              }
            ]
          },
          "sensitive_attributes": [],
          "private": "bnVsbA=="
        }
      ]
    },
    {
      "mode": "managed",
      "type": "kubernetes_cluster_role",
      "name": "cilium_operator",
      "provider": "provider[\"registry.terraform.io/hashicorp/kubernetes\"]",
      "instances": [
        {
          "schema_version": 0,
          "attributes": {
            "aggregation_rule": [],
            "id": "cilium-operator",
            "metadata": [
              {
                "annotations": {},
                "generate_name": "",
                "generation": 0,
                "labels": {
                  "app.kubernetes.io/part-of": "cilium"
                },
                "name": "cilium-operator",
                "resource_version": "2439",
                "uid": "085dac89-c243-4bf8-a5b0-605b7520138c"
              }
            ],
            "rule": [
              {
                "api_groups": [
                  ""
                ],
                "non_resource_urls": [],
                "resource_names": [],
                "resources": [
                  "pods"
                ],
                "verbs": [
                  "get",
                  "list",
                  "watch",
                  "delete"
                ]
              },
              {
                "api_groups": [
                  ""
                ],
                "non_resource_urls": [],
                "resource_names": [],
                "resources": [
                  "nodes"
                ],
                "verbs": [
                  "list",
                  "watch"
                ]
              },
              {
                "api_groups": [
                  ""
                ],
                "non_resource_urls": [],
                "resource_names": [],
                "resources": [
                  "nodes",
                  "nodes/status"
                ],
                "verbs": [
                  "patch"
                ]
              },
              {
                "api_groups": [
                  "discovery.k8s.io"
                ],
                "non_resource_urls": [],
                "resource_names": [],
                "resources": [
                  "endpointslices"
                ],
                "verbs": [
                  "get",
                  "list",
                  "watch"
                ]
              },
              {
                "api_groups": [
                  ""
                ],
                "non_resource_urls": [],
                "resource_names": [],
                "resources": [
                  "services/status"
                ],
                "verbs": [
                  "update",
                  "patch"
                ]
              },
              {
                "api_groups": [
                  ""
                ],
                "non_resource_urls": [],
                "resource_names": [],
                "resources": [
                  "namespaces",
                  "secrets"
                ],
                "verbs": [
                  "get",
                  "list",
                  "watch"
                ]
              },
              {
                "api_groups": [
                  ""
                ],
                "non_resource_urls": [],
                "resource_names": [],
                "resources": [
                  "services",
                  "endpoints"
                ],
                "verbs": [
                  "get",
                  "list",
                  "watch",
                  "create",
                  "update",
                  "delete",
                  "patch"
                ]
              },
              {
                "api_groups": [
                  "cilium.io"
                ],
                "non_resource_urls": [],
                "resource_names": [],
                "resources": [
                  "ciliumnetworkpolicies",
                  "ciliumclusterwidenetworkpolicies"
                ],
                "verbs": [
                  "create",
                  "update",
                  "deletecollection",
                  "patch",
                  "get",
                  "list",
                  "watch"
                ]
              },
              {
                "api_groups": [
                  "cilium.io"
                ],
                "non_resource_urls": [],
                "resource_names": [],
                "resources": [
                  "ciliumnetworkpolicies/status",
                  "ciliumclusterwidenetworkpolicies/status"
                ],
                "verbs": [
                  "patch",
                  "update"
                ]
              },
              {
                "api_groups": [
                  "cilium.io"
                ],
                "non_resource_urls": [],
                "resource_names": [],
                "resources": [
                  "ciliumendpoints",
                  "ciliumidentities"
                ],
                "verbs": [
                  "delete",
                  "list",
                  "watch"
                ]
              },
              {
                "api_groups": [
                  "cilium.io"
                ],
                "non_resource_urls": [],
                "resource_names": [],
                "resources": [
                  "ciliumidentities"
                ],
                "verbs": [
                  "update"
                ]
              },
              {
                "api_groups": [
                  "cilium.io"
                ],
                "non_resource_urls": [],
                "resource_names": [],
                "resources": [
                  "ciliumnodes"
                ],
                "verbs": [
                  "create",
                  "update",
                  "get",
                  "list",
                  "watch",
                  "delete"
                ]
              },
              {
                "api_groups": [
                  "cilium.io"
                ],
                "non_resource_urls": [],
                "resource_names": [],
                "resources": [
                  "ciliumnodes/status"
                ],
                "verbs": [
                  "update"
                ]
              },
              {
                "api_groups": [
                  "cilium.io"
                ],
                "non_resource_urls": [],
                "resource_names": [],
                "resources": [
                  "ciliumendpointslices",
                  "ciliumenvoyconfigs",
                  "ciliumbgppeerconfigs",
                  "ciliumbgpadvertisements",
                  "ciliumbgpnodeconfigs"
                ],
                "verbs": [
                  "create",
                  "update",
                  "get",
                  "list",
                  "watch",
                  "delete",
                  "patch"
                ]
              },
              {
                "api_groups": [
                  "apiextensions.k8s.io"
                ],
                "non_resource_urls": [],
                "resource_names": [],
                "resources": [
                  "customresourcedefinitions"
                ],
                "verbs": [
                  "create",
                  "get",
                  "list",
                  "watch"
                ]
              },
              {
                "api_groups": [
                  "apiextensions.k8s.io"
                ],
                "non_resource_urls": [],
                "resource_names": [
                  "ciliumloadbalancerippools.cilium.io",
                  "ciliumbgppeeringpolicies.cilium.io",
                  "ciliumbgpclusterconfigs.cilium.io",
                  "ciliumbgppeerconfigs.cilium.io",
                  "ciliumbgpadvertisements.cilium.io",
                  "ciliumbgpnodeconfigs.cilium.io",
                  "ciliumbgpnodeconfigoverrides.cilium.io",
                  "ciliumclusterwideenvoyconfigs.cilium.io",
                  "ciliumclusterwidenetworkpolicies.cilium.io",
                  "ciliumegressgatewaypolicies.cilium.io",
                  "ciliumendpoints.cilium.io",
                  "ciliumendpointslices.cilium.io",
                  "ciliumenvoyconfigs.cilium.io",
                  "ciliumexternalworkloads.cilium.io",
                  "ciliumidentities.cilium.io",
                  "ciliumlocalredirectpolicies.cilium.io",
                  "ciliumnetworkpolicies.cilium.io",
                  "ciliumnodes.cilium.io",
                  "ciliumnodeconfigs.cilium.io",
                  "ciliumcidrgroups.cilium.io",
                  "ciliuml2announcementpolicies.cilium.io",
                  "ciliumpodippools.cilium.io"
                ],
                "resources": [
                  "customresourcedefinitions"
                ],
                "verbs": [
                  "update"
                ]
              },
              {
                "api_groups": [
                  "cilium.io"
                ],
                "non_resource_urls": [],
                "resource_names": [],
                "resources": [
                  "ciliumloadbalancerippools",
                  "ciliumpodippools",
                  "ciliumbgpclusterconfigs",
                  "ciliumbgpnodeconfigoverrides"
                ],
                "verbs": [
                  "get",
                  "list",
                  "watch"
                ]
              },
              {
                "api_groups": [
                  "cilium.io"
                ],
                "non_resource_urls": [],
                "resource_names": [],
                "resources": [
                  "ciliumpodippools"
                ],
                "verbs": [
                  "create"
                ]
              },
              {
                "api_groups": [
                  "cilium.io"
                ],
                "non_resource_urls": [],
                "resource_names": [],
                "resources": [
                  "ciliumloadbalancerippools/status"
                ],
                "verbs": [
                  "patch"
                ]
              },
              {
                "api_groups": [
                  "coordination.k8s.io"
                ],
                "non_resource_urls": [],
                "resource_names": [],
                "resources": [
                  "leases"
                ],
                "verbs": [
                  "create",
                  "get",
                  "update"
                ]
              },
              {
                "api_groups": [
                  "gateway.networking.k8s.io"
                ],
                "non_resource_urls": [],
                "resource_names": [],
                "resources": [
                  "gatewayclasses",
                  "gateways",
                  "tlsroutes",
                  "httproutes",
                  "grpcroutes",
                  "referencegrants",
                  "referencepolicies"
                ],
                "verbs": [
                  "get",
                  "list",
                  "watch"
                ]
              },
              {
                "api_groups": [
                  "gateway.networking.k8s.io"
                ],
                "non_resource_urls": [],
                "resource_names": [],
                "resources": [
                  "gatewayclasses/status",
                  "gateways/status",
                  "httproutes/status",
                  "grpcroutes/status",
                  "tlsroutes/status"
                ],
                "verbs": [
                  "update",
                  "patch"
                ]
              }
            ]
          },
          "sensitive_attributes": [],
          "private": "bnVsbA=="
        }
      ]
    },
    {
      "mode": "managed",
      "type": "kubernetes_cluster_role",
      "name": "enterprise_cilium",
      "provider": "provider[\"registry.terraform.io/hashicorp/kubernetes\"]",
      "instances": [
        {
          "schema_version": 0,
          "attributes": {
            "aggregation_rule": [],
            "id": "enterprise-cilium",
            "metadata": [
              {
                "annotations": {},
                "generate_name": "",
                "generation": 0,
                "labels": {
                  "app.kubernetes.io/part-of": "cilium"
                },
                "name": "enterprise-cilium",
                "resource_version": "2389",
                "uid": "07866978-f869-4763-bc13-e17124b3f958"
              }
            ],
            "rule": [
              {
                "api_groups": [
                  "isovalent.com"
                ],
                "non_resource_urls": [],
                "resource_names": [],
                "resources": [
                  "isovalentegressgatewaypolicies",
                  "isovalentsrv6sidmanagers",
                  "isovalentsrv6locatorpools",
                  "isovalentsrv6egresspolicies",
                  "isovalentvrfs",
                  "isovalentmulticastgroups"
                ],
                "verbs": [
                  "list",
                  "watch"
                ]
              },
              {
                "api_groups": [
                  "isovalent.com"
                ],
                "non_resource_urls": [],
                "resource_names": [],
                "resources": [
                  "isovalentsrv6sidmanagers/status"
                ],
                "verbs": [
                  "patch"
                ]
              },
              {
                "api_groups": [
                  "isovalent.com"
                ],
                "non_resource_urls": [],
                "resource_names": [],
                "resources": [
                  "isovalentsrv6egresspolicies"
                ],
                "verbs": [
                  "create",
                  "delete",
                  "get"
                ]
              },
              {
                "api_groups": [
                  "isovalent.com"
                ],
                "non_resource_urls": [],
                "resource_names": [],
                "resources": [
                  "isovalentmulticastnodes",
                  "isovalentmulticastnodes/status"
                ],
                "verbs": [
                  "create",
                  "update",
                  "delete",
                  "get",
                  "watch",
                  "list",
                  "patch"
                ]
              }
            ]
          },
          "sensitive_attributes": [],
          "private": "bnVsbA=="
        }
      ]
    },
    {
      "mode": "managed",
      "type": "kubernetes_cluster_role",
      "name": "enterprise_cilium_operator",
      "provider": "provider[\"registry.terraform.io/hashicorp/kubernetes\"]",
      "instances": [
        {
          "schema_version": 0,
          "attributes": {
            "aggregation_rule": [],
            "id": "enterprise-cilium-operator",
            "metadata": [
              {
                "annotations": {},
                "generate_name": "",
                "generation": 0,
                "labels": {
                  "app.kubernetes.io/part-of": "cilium"
                },
                "name": "enterprise-cilium-operator",
                "resource_version": "2351",
                "uid": "8bc02520-1802-4aab-a6c5-0083bf8552f0"
              }
            ],
            "rule": [
              {
                "api_groups": [
                  "apiextensions.k8s.io"
                ],
                "non_resource_urls": [],
                "resource_names": [
                  "isovalentmulticastgroups.isovalent.com",
                  "isovalentmulticastnodes.isovalent.com",
                  "isovalentegressgatewaypolicies.isovalent.com",
                  "isovalentfqdngroups.isovalent.com",
                  "isovalentpodnetworks.isovalent.com",
                  "isovalentsrv6egresspolicies.isovalent.com",
                  "isovalentsrv6sidmanagers.isovalent.com",
                  "isovalentsrv6locatorpools.isovalent.com",
                  "isovalentvrfs.isovalent.com"
                ],
                "resources": [
                  "customresourcedefinitions"
                ],
                "verbs": [
                  "update"
                ]
              },
              {
                "api_groups": [
                  "isovalent.com"
                ],
                "non_resource_urls": [],
                "resource_names": [],
                "resources": [
                  "isovalentsrv6locatorpools",
                  "isovalentfqdngroups"
                ],
                "verbs": [
                  "get",
                  "list",
                  "watch"
                ]
              },
              {
                "api_groups": [
                  "isovalent.com"
                ],
                "non_resource_urls": [],
                "resource_names": [],
                "resources": [
                  "isovalentsrv6sidmanagers"
                ],
                "verbs": [
                  "get",
                  "list",
                  "watch"
                ]
              },
              {
                "api_groups": [
                  "cilium.io"
                ],
                "non_resource_urls": [],
                "resource_names": [],
                "resources": [
                  "ciliumcidrgroups"
                ],
                "verbs": [
                  "create",
                  "patch",
                  "delete"
                ]
              },
              {
                "api_groups": [
                  "isovalent.com"
                ],
                "non_resource_urls": [],
                "resource_names": [],
                "resources": [
                  "isovalentegressgatewaypolicies"
                ],
                "verbs": [
                  "watch",
                  "list"
                ]
              },
              {
                "api_groups": [
                  "isovalent.com"
                ],
                "non_resource_urls": [],
                "resource_names": [],
                "resources": [
                  "isovalentegressgatewaypolicies/status"
                ],
                "verbs": [
                  "update"
                ]
              }
            ]
          },
          "sensitive_attributes": [],
          "private": "bnVsbA=="
        }
      ]
    },
    {
      "mode": "managed",
      "type": "kubernetes_cluster_role",
      "name": "hubble_ui",
      "provider": "provider[\"registry.terraform.io/hashicorp/kubernetes\"]",
      "instances": [
        {
          "schema_version": 0,
          "attributes": {
            "aggregation_rule": [],
            "id": "hubble-ui",
            "metadata": [
              {
                "annotations": {},
                "generate_name": "",
                "generation": 0,
                "labels": {},
                "name": "hubble-ui",
                "resource_version": "2419",
                "uid": "d975e65d-88d4-4954-9bc3-9c2fee02a1bc"
              }
            ],
            "rule": [
              {
                "api_groups": [
                  "networking.k8s.io"
                ],
                "non_resource_urls": [],
                "resource_names": [],
                "resources": [
                  "networkpolicies"
                ],
                "verbs": [
                  "get",
                  "list",
                  "watch"
                ]
              },
              {
                "api_groups": [
                  ""
                ],
                "non_resource_urls": [],
                "resource_names": [],
                "resources": [
                  "componentstatuses",
                  "endpoints",
                  "namespaces",
                  "nodes",
                  "pods",
                  "services"
                ],
                "verbs": [
                  "get",
                  "list",
                  "watch"
                ]
              },
              {
                "api_groups": [
                  "apiextensions.k8s.io"
                ],
                "non_resource_urls": [],
                "resource_names": [],
                "resources": [
                  "customresourcedefinitions"
                ],
                "verbs": [
                  "get",
                  "list",
                  "watch"
                ]
              },
              {
                "api_groups": [
                  "cilium.io"
                ],
                "non_resource_urls": [],
                "resource_names": [],
                "resources": [
                  "*"
                ],
                "verbs": [
                  "get",
                  "list",
                  "watch"
                ]
              }
            ]
          },
          "sensitive_attributes": [],
          "private": "bnVsbA=="
        }
      ]
    },
    {
      "mode": "managed",
      "type": "kubernetes_cluster_role_binding",
      "name": "cilium",
      "provider": "provider[\"registry.terraform.io/hashicorp/kubernetes\"]",
      "instances": [
        {
          "schema_version": 0,
          "attributes": {
            "id": "cilium",
            "metadata": [
              {
                "annotations": {},
                "generate_name": "",
                "generation": 0,
                "labels": {
                  "app.kubernetes.io/part-of": "cilium"
                },
                "name": "cilium",
                "resource_version": "2399",
                "uid": "bb22aef1-018a-4ea5-8380-0a09788f1df4"
              }
            ],
            "role_ref": [
              {
                "api_group": "rbac.authorization.k8s.io",
                "kind": "ClusterRole",
                "name": "cilium"
              }
            ],
            "subject": [
              {
                "api_group": "",
                "kind": "ServiceAccount",
                "name": "cilium",
                "namespace": "cilium"
              }
            ]
          },
          "sensitive_attributes": [],
          "private": "bnVsbA=="
        }
      ]
    },
    {
      "mode": "managed",
      "type": "kubernetes_cluster_role_binding",
      "name": "cilium_operator",
      "provider": "provider[\"registry.terraform.io/hashicorp/kubernetes\"]",
      "instances": [
        {
          "schema_version": 0,
          "attributes": {
            "id": "cilium-operator",
            "metadata": [
              {
                "annotations": {},
                "generate_name": "",
                "generation": 0,
                "labels": {
                  "app.kubernetes.io/part-of": "cilium"
                },
                "name": "cilium-operator",
                "resource_version": "2335",
                "uid": "591ac73a-2977-48e2-8e90-ff8e503ee2da"
              }
            ],
            "role_ref": [
              {
                "api_group": "rbac.authorization.k8s.io",
                "kind": "ClusterRole",
                "name": "cilium-operator"
              }
            ],
            "subject": [
              {
                "api_group": "",
                "kind": "ServiceAccount",
                "name": "cilium-operator",
                "namespace": "cilium"
              }
            ]
          },
          "sensitive_attributes": [],
          "private": "bnVsbA=="
        }
      ]
    },
    {
      "mode": "managed",
      "type": "kubernetes_cluster_role_binding",
      "name": "enterprise_cilium",
      "provider": "provider[\"registry.terraform.io/hashicorp/kubernetes\"]",
      "instances": [
        {
          "schema_version": 0,
          "attributes": {
            "id": "enterprise-cilium",
            "metadata": [
              {
                "annotations": {},
                "generate_name": "",
                "generation": 0,
                "labels": {
                  "app.kubernetes.io/part-of": "cilium"
                },
                "name": "enterprise-cilium",
                "resource_version": "2422",
                "uid": "06078955-6798-4534-93c4-3430ba21c016"
              }
            ],
            "role_ref": [
              {
                "api_group": "rbac.authorization.k8s.io",
                "kind": "ClusterRole",
                "name": "enterprise-cilium"
              }
            ],
            "subject": [
              {
                "api_group": "",
                "kind": "ServiceAccount",
                "name": "cilium",
                "namespace": "cilium"
              }
            ]
          },
          "sensitive_attributes": [],
          "private": "bnVsbA=="
        }
      ]
    },
    {
      "mode": "managed",
      "type": "kubernetes_cluster_role_binding",
      "name": "enterprise_cilium_operator",
      "provider": "provider[\"registry.terraform.io/hashicorp/kubernetes\"]",
      "instances": [
        {
          "schema_version": 0,
          "attributes": {
            "id": "enterprise-cilium-operator",
            "metadata": [
              {
                "annotations": {},
                "generate_name": "",
                "generation": 0,
                "labels": {
                  "app.kubernetes.io/part-of": "cilium"
                },
                "name": "enterprise-cilium-operator",
                "resource_version": "2386",
                "uid": "adc7131f-222a-4523-ac03-20d6601a4e0f"
              }
            ],
            "role_ref": [
              {
                "api_group": "rbac.authorization.k8s.io",
                "kind": "ClusterRole",
                "name": "enterprise-cilium-operator"
              }
            ],
            "subject": [
              {
                "api_group": "",
                "kind": "ServiceAccount",
                "name": "cilium-operator",
                "namespace": "cilium"
              }
            ]
          },
          "sensitive_attributes": [],
          "private": "bnVsbA=="
        }
      ]
    },
    {
      "mode": "managed",
      "type": "kubernetes_cluster_role_binding",
      "name": "hubble_ui",
      "provider": "provider[\"registry.terraform.io/hashicorp/kubernetes\"]",
      "instances": [
        {
          "schema_version": 0,
          "attributes": {
            "id": "hubble-ui",
            "metadata": [
              {
                "annotations": {},
                "generate_name": "",
                "generation": 0,
                "labels": {},
                "name": "hubble-ui",
                "resource_version": "2391",
                "uid": "a1d2a874-e71e-429e-91d4-d0629f6ff84a"
              }
            ],
            "role_ref": [
              {
                "api_group": "rbac.authorization.k8s.io",
                "kind": "ClusterRole",
                "name": "hubble-ui"
              }
            ],
            "subject": [
              {
                "api_group": "",
                "kind": "ServiceAccount",
                "name": "hubble-ui",
                "namespace": "cilium"
              }
            ]
          },
          "sensitive_attributes": [],
          "private": "bnVsbA=="
        }
      ]
    },
    {
      "mode": "managed",
      "type": "kubernetes_config_map",
      "name": "cilium_config",
      "provider": "provider[\"registry.terraform.io/hashicorp/kubernetes\"]",
      "instances": [
        {
          "schema_version": 0,
          "attributes": {
            "binary_data": {},
            "data": {
              "agent-not-ready-taint-key": "node.cilium.io/agent-not-ready",
              "arping-refresh-period": "30s",
              "auto-direct-node-routes": "false",
              "bpf-lb-acceleration": "disabled",
              "bpf-lb-external-clusterip": "false",
              "bpf-lb-map-max": "65536",
              "bpf-lb-sock": "false",
              "bpf-map-dynamic-size-ratio": "0.0025",
              "bpf-policy-map-max": "16384",
              "bpf-root": "/sys/fs/bpf",
              "cgroup-root": "/run/cilium/cgroupv2",
              "cilium-endpoint-gc-interval": "5m0s",
              "cluster-id": "0",
              "cluster-name": "decoste-panda",
              "cluster-pool-ipv4-cidr": "192.168.0.0/16",
              "cluster-pool-ipv4-mask-size": "24",
              "cni-exclusive": "true",
              "cni-log-file": "/var/run/cilium/cilium-cni.log",
              "controller-group-metrics": "write-cni-file sync-host-ips sync-lb-maps-with-k8s-services",
              "custom-cni-conf": "false",
              "debug": "true",
              "dnsproxy-enable-transparent-mode": "true",
              "egress-gateway-ha-reconciliation-trigger-interval": "1s",
              "egress-gateway-reconciliation-trigger-interval": "1s",
              "enable-auto-protect-node-port-range": "true",
              "enable-bgp-control-plane": "false",
              "enable-bpf-clock-probe": "false",
              "enable-cilium-endpoint-slice": "true",
              "enable-cluster-aware-addressing": "false",
              "enable-endpoint-health-checking": "true",
              "enable-envoy-config": "true",
              "enable-external-ips": "false",
              "enable-gateway-api": "true",
              "enable-gateway-api-secrets-sync": "true",
              "enable-health-check-loadbalancer-ip": "true",
              "enable-health-check-nodeport": "true",
              "enable-health-checking": "true",
              "enable-host-port": "false",
              "enable-hubble": "true",
              "enable-hubble-open-metrics": "true",
              "enable-inter-cluster-snat": "false",
              "enable-ipv4": "true",
              "enable-ipv4-big-tcp": "false",
              "enable-ipv4-masquerade": "true",
              "enable-ipv6": "false",
              "enable-ipv6-big-tcp": "false",
              "enable-ipv6-masquerade": "true",
              "enable-k8s-endpoint-slice": "true",
              "enable-k8s-networkpolicy": "true",
              "enable-k8s-terminating-endpoint": "true",
              "enable-l2-neigh-discovery": "true",
              "enable-l7-proxy": "true",
              "enable-local-redirect-policy": "true",
              "enable-masquerade-to-route-source": "false",
              "enable-metrics": "true",
              "enable-node-port": "true",
              "enable-policy": "default",
              "enable-remote-node-identity": "true",
              "enable-sctp": "false",
              "enable-srv6": "false",
              "enable-svc-source-range-check": "true",
              "enable-vtep": "false",
              "enable-well-known-identities": "false",
              "enable-xt-socket-fallback": "true",
              "external-envoy-proxy": "true",
              "gateway-api-secrets-namespace": "cilium-secrets",
              "hubble-disable-tls": "false",
              "hubble-export-file-max-backups": "5",
              "hubble-export-file-max-size-mb": "10",
              "hubble-listen-address": ":4244",
              "hubble-metrics": "dns:query;sourceContext=workload-name;destinationContext=workload-name drop:sourceContext=identity;destinationContext=identity;labelsContext=source_workload,destination_workload tcp flow port-distribution http flows-to-world policy",
              "hubble-metrics-server": ":9965",
              "hubble-socket-path": "/var/run/cilium/hubble.sock",
              "hubble-tls-cert-file": "/var/lib/cilium/tls/hubble/server.crt",
              "hubble-tls-client-ca-files": "/var/lib/cilium/tls/hubble/client-ca.crt",
              "hubble-tls-key-file": "/var/lib/cilium/tls/hubble/server.key",
              "identity-allocation-mode": "crd",
              "identity-gc-interval": "15m0s",
              "identity-heartbeat-timeout": "30m0s",
              "install-no-conntrack-iptables-rules": "false",
              "ipam": "cluster-pool",
              "ipam-cilium-node-update-rate": "15s",
              "k8s-client-burst": "20",
              "k8s-client-qps": "10",
              "kube-proxy-replacement": "false",
              "max-connected-clusters": "255",
              "mesh-auth-enabled": "true",
              "mesh-auth-gc-interval": "5m0s",
              "mesh-auth-queue-size": "1024",
              "mesh-auth-rotated-identities-queue-size": "1024",
              "monitor-aggregation": "medium",
              "monitor-aggregation-flags": "all",
              "monitor-aggregation-interval": "5s",
              "multicast-enabled": "false",
              "node-port-bind-protection": "true",
              "nodes-gc-interval": "5m0s",
              "operator-api-serve-addr": "127.0.0.1:9234",
              "operator-prometheus-serve-addr": ":9963",
              "preallocate-bpf-maps": "false",
              "procfs": "/host/proc",
              "prometheus-serve-addr": ":9962",
              "proxy-connect-timeout": "2",
              "proxy-idle-timeout-seconds": "60",
              "proxy-max-connection-duration-seconds": "0",
              "proxy-max-requests-per-connection": "0",
              "proxy-xff-num-trusted-hops-egress": "0",
              "proxy-xff-num-trusted-hops-ingress": "0",
              "remove-cilium-node-taints": "true",
              "routing-mode": "tunnel",
              "service-no-backend-response": "reject",
              "set-cilium-is-up-condition": "true",
              "set-cilium-node-taints": "true",
              "sidecar-istio-proxy-image": "cilium/istio_proxy",
              "skip-cnp-status-startup-clean": "false",
              "srv6-encap-mode": "reduced",
              "srv6-locator-pool-enabled": "false",
              "synchronize-k8s-nodes": "true",
              "tofqdns-dns-reject-response-code": "refused",
              "tofqdns-enable-dns-compression": "true",
              "tofqdns-endpoint-max-ip-per-hostname": "50",
              "tofqdns-idle-connection-grace-period": "0s",
              "tofqdns-max-deferred-connection-deletes": "10000",
              "tofqdns-proxy-response-max-delay": "100ms",
              "tunnel-protocol": "vxlan",
              "unmanaged-pod-watcher-interval": "15",
              "write-cni-conf-when-ready": "/host/etc/cni/net.d/05-cilium.conflist"
            },
            "id": "cilium/cilium-config",
            "immutable": false,
            "metadata": [
              {
                "annotations": {},
                "generate_name": "",
                "generation": 0,
                "labels": {},
                "name": "cilium-config",
                "namespace": "cilium",
                "resource_version": "8309",
                "uid": "89a28c54-4777-4cf0-bd3a-9a564036903e"
              }
            ]
          },
          "sensitive_attributes": [],
          "private": "bnVsbA=="
        }
      ]
    },
    {
      "mode": "managed",
      "type": "kubernetes_config_map",
      "name": "cilium_envoy_config",
      "provider": "provider[\"registry.terraform.io/hashicorp/kubernetes\"]",
      "instances": [
        {
          "schema_version": 0,
          "attributes": {
            "binary_data": {},
            "data": {
              "bootstrap-config.json": "{\n  \"node\": {\n    \"id\": \"host~127.0.0.1~no-id~localdomain\",\n    \"cluster\": \"ingress-cluster\"\n  },\n  \"staticResources\": {\n    \"listeners\": [\n      {\n        \"name\": \"envoy-prometheus-metrics-listener\",\n        \"address\": {\n          \"socket_address\": {\n            \"address\": \"0.0.0.0\",\n            \"port_value\": 9964\n          }\n        },\n        \"filter_chains\": [\n          {\n            \"filters\": [\n              {\n                \"name\": \"envoy.filters.network.http_connection_manager\",\n                \"typed_config\": {\n                  \"@type\": \"type.googleapis.com/envoy.extensions.filters.network.http_connection_manager.v3.HttpConnectionManager\",\n                  \"stat_prefix\": \"envoy-prometheus-metrics-listener\",\n                  \"route_config\": {\n                    \"virtual_hosts\": [\n                      {\n                        \"name\": \"prometheus_metrics_route\",\n                        \"domains\": [\n                          \"*\"\n                        ],\n                        \"routes\": [\n                          {\n                            \"name\": \"prometheus_metrics_route\",\n                            \"match\": {\n                              \"prefix\": \"/metrics\"\n                            },\n                            \"route\": {\n                              \"cluster\": \"/envoy-admin\",\n                              \"prefix_rewrite\": \"/stats/prometheus\"\n                            }\n                          }\n                        ]\n                      }\n                    ]\n                  },\n                  \"http_filters\": [\n                    {\n                      \"name\": \"envoy.filters.http.router\",\n                      \"typed_config\": {\n                        \"@type\": \"type.googleapis.com/envoy.extensions.filters.http.router.v3.Router\"\n                      }\n                    }\n                  ],\n                  \"stream_idle_timeout\": \"0s\"\n                }\n              }\n            ]\n          }\n        ]\n      },\n      {\n        \"name\": \"envoy-health-listener\",\n        \"address\": {\n          \"socket_address\": {\n            \"address\": \"127.0.0.1\",\n            \"port_value\": 9878\n          }\n        },\n        \"filter_chains\": [\n          {\n            \"filters\": [\n              {\n                \"name\": \"envoy.filters.network.http_connection_manager\",\n                \"typed_config\": {\n                  \"@type\": \"type.googleapis.com/envoy.extensions.filters.network.http_connection_manager.v3.HttpConnectionManager\",\n                  \"stat_prefix\": \"envoy-health-listener\",\n                  \"route_config\": {\n                    \"virtual_hosts\": [\n                      {\n                        \"name\": \"health\",\n                        \"domains\": [\n                          \"*\"\n                        ],\n                        \"routes\": [\n                          {\n                            \"name\": \"health\",\n                            \"match\": {\n                              \"prefix\": \"/healthz\"\n                            },\n                            \"route\": {\n                              \"cluster\": \"/envoy-admin\",\n                              \"prefix_rewrite\": \"/ready\"\n                            }\n                          }\n                        ]\n                      }\n                    ]\n                  },\n                  \"http_filters\": [\n                    {\n                      \"name\": \"envoy.filters.http.router\",\n                      \"typed_config\": {\n                        \"@type\": \"type.googleapis.com/envoy.extensions.filters.http.router.v3.Router\"\n                      }\n                    }\n                  ],\n                  \"stream_idle_timeout\": \"0s\"\n                }\n              }\n            ]\n          }\n        ]\n      }\n    ],\n    \"clusters\": [\n      {\n        \"name\": \"ingress-cluster\",\n        \"type\": \"ORIGINAL_DST\",\n        \"connectTimeout\": \"2s\",\n        \"lbPolicy\": \"CLUSTER_PROVIDED\",\n        \"typedExtensionProtocolOptions\": {\n          \"envoy.extensions.upstreams.http.v3.HttpProtocolOptions\": {\n            \"@type\": \"type.googleapis.com/envoy.extensions.upstreams.http.v3.HttpProtocolOptions\",\n            \"commonHttpProtocolOptions\": {\n              \"idleTimeout\": \"60s\",\n              \"maxConnectionDuration\": \"0s\",\n              \"maxRequestsPerConnection\": 0\n            },\n            \"useDownstreamProtocolConfig\": {}\n          }\n        },\n        \"cleanupInterval\": \"2.500s\"\n      },\n      {\n        \"name\": \"egress-cluster-tls\",\n        \"type\": \"ORIGINAL_DST\",\n        \"connectTimeout\": \"2s\",\n        \"lbPolicy\": \"CLUSTER_PROVIDED\",\n        \"typedExtensionProtocolOptions\": {\n          \"envoy.extensions.upstreams.http.v3.HttpProtocolOptions\": {\n            \"@type\": \"type.googleapis.com/envoy.extensions.upstreams.http.v3.HttpProtocolOptions\",\n            \"commonHttpProtocolOptions\": {\n              \"idleTimeout\": \"60s\",\n              \"maxConnectionDuration\": \"0s\",\n              \"maxRequestsPerConnection\": 0\n            },\n            \"upstreamHttpProtocolOptions\": {},\n            \"useDownstreamProtocolConfig\": {}\n          }\n        },\n        \"cleanupInterval\": \"2.500s\",\n        \"transportSocket\": {\n          \"name\": \"cilium.tls_wrapper\",\n          \"typedConfig\": {\n            \"@type\": \"type.googleapis.com/cilium.UpstreamTlsWrapperContext\"\n          }\n        }\n      },\n      {\n        \"name\": \"egress-cluster\",\n        \"type\": \"ORIGINAL_DST\",\n        \"connectTimeout\": \"2s\",\n        \"lbPolicy\": \"CLUSTER_PROVIDED\",\n        \"typedExtensionProtocolOptions\": {\n          \"envoy.extensions.upstreams.http.v3.HttpProtocolOptions\": {\n            \"@type\": \"type.googleapis.com/envoy.extensions.upstreams.http.v3.HttpProtocolOptions\",\n            \"commonHttpProtocolOptions\": {\n              \"idleTimeout\": \"60s\",\n              \"maxConnectionDuration\": \"0s\",\n              \"maxRequestsPerConnection\": 0\n            },\n            \"useDownstreamProtocolConfig\": {}\n          }\n        },\n        \"cleanupInterval\": \"2.500s\"\n      },\n      {\n        \"name\": \"ingress-cluster-tls\",\n        \"type\": \"ORIGINAL_DST\",\n        \"connectTimeout\": \"2s\",\n        \"lbPolicy\": \"CLUSTER_PROVIDED\",\n        \"typedExtensionProtocolOptions\": {\n          \"envoy.extensions.upstreams.http.v3.HttpProtocolOptions\": {\n            \"@type\": \"type.googleapis.com/envoy.extensions.upstreams.http.v3.HttpProtocolOptions\",\n            \"commonHttpProtocolOptions\": {\n              \"idleTimeout\": \"60s\",\n              \"maxConnectionDuration\": \"0s\",\n              \"maxRequestsPerConnection\": 0\n            },\n            \"upstreamHttpProtocolOptions\": {},\n            \"useDownstreamProtocolConfig\": {}\n          }\n        },\n        \"cleanupInterval\": \"2.500s\",\n        \"transportSocket\": {\n          \"name\": \"cilium.tls_wrapper\",\n          \"typedConfig\": {\n            \"@type\": \"type.googleapis.com/cilium.UpstreamTlsWrapperContext\"\n          }\n        }\n      },\n      {\n        \"name\": \"xds-grpc-cilium\",\n        \"type\": \"STATIC\",\n        \"connectTimeout\": \"2s\",\n        \"loadAssignment\": {\n          \"clusterName\": \"xds-grpc-cilium\",\n          \"endpoints\": [\n            {\n              \"lbEndpoints\": [\n                {\n                  \"endpoint\": {\n                    \"address\": {\n                      \"pipe\": {\n                        \"path\": \"/var/run/cilium/envoy/sockets/xds.sock\"\n                      }\n                    }\n                  }\n                }\n              ]\n            }\n          ]\n        },\n        \"typedExtensionProtocolOptions\": {\n          \"envoy.extensions.upstreams.http.v3.HttpProtocolOptions\": {\n            \"@type\": \"type.googleapis.com/envoy.extensions.upstreams.http.v3.HttpProtocolOptions\",\n            \"explicitHttpConfig\": {\n              \"http2ProtocolOptions\": {}\n            }\n          }\n        }\n      },\n      {\n        \"name\": \"/envoy-admin\",\n        \"type\": \"STATIC\",\n        \"connectTimeout\": \"2s\",\n        \"loadAssignment\": {\n          \"clusterName\": \"/envoy-admin\",\n          \"endpoints\": [\n            {\n              \"lbEndpoints\": [\n                {\n                  \"endpoint\": {\n                    \"address\": {\n                      \"pipe\": {\n                        \"path\": \"/var/run/cilium/envoy/sockets/admin.sock\"\n                      }\n                    }\n                  }\n                }\n              ]\n            }\n          ]\n        }\n      }\n    ]\n  },\n  \"dynamicResources\": {\n    \"ldsConfig\": {\n      \"apiConfigSource\": {\n        \"apiType\": \"GRPC\",\n        \"transportApiVersion\": \"V3\",\n        \"grpcServices\": [\n          {\n            \"envoyGrpc\": {\n              \"clusterName\": \"xds-grpc-cilium\"\n            }\n          }\n        ],\n        \"setNodeOnFirstMessageOnly\": true\n      },\n      \"resourceApiVersion\": \"V3\"\n    },\n    \"cdsConfig\": {\n      \"apiConfigSource\": {\n        \"apiType\": \"GRPC\",\n        \"transportApiVersion\": \"V3\",\n        \"grpcServices\": [\n          {\n            \"envoyGrpc\": {\n              \"clusterName\": \"xds-grpc-cilium\"\n            }\n          }\n        ],\n        \"setNodeOnFirstMessageOnly\": true\n      },\n      \"resourceApiVersion\": \"V3\"\n    }\n  },\n  \"bootstrapExtensions\": [\n    {\n      \"name\": \"envoy.bootstrap.internal_listener\",\n      \"typed_config\": {\n        \"@type\": \"type.googleapis.com/envoy.extensions.bootstrap.internal_listener.v3.InternalListener\"\n      }\n    }\n  ],\n  \"layeredRuntime\": {\n    \"layers\": [\n      {\n        \"name\": \"static_layer_0\",\n        \"staticLayer\": {\n          \"overload\": {\n            \"global_downstream_max_connections\": 50000\n          }\n        }\n      }\n    ]\n  },\n  \"admin\": {\n    \"address\": {\n      \"pipe\": {\n        \"path\": \"/var/run/cilium/envoy/sockets/admin.sock\"\n      }\n    }\n  }\n}\n"
            },
            "id": "cilium/cilium-envoy-config",
            "immutable": false,
            "metadata": [
              {
                "annotations": {},
                "generate_name": "",
                "generation": 0,
                "labels": {},
                "name": "cilium-envoy-config",
                "namespace": "cilium",
                "resource_version": "2440",
                "uid": "ba80a701-0a0f-43a5-a884-d1f67169a2a7"
              }
            ]
          },
          "sensitive_attributes": [],
          "private": "bnVsbA=="
        }
      ]
    },
    {
      "mode": "managed",
      "type": "kubernetes_config_map",
      "name": "hubble_relay_config",
      "provider": "provider[\"registry.terraform.io/hashicorp/kubernetes\"]",
      "instances": [
        {
          "schema_version": 0,
          "attributes": {
            "binary_data": {},
            "data": {
              "config.yaml": "cluster-name: decoste-panda\npeer-service: \"hubble-peer.cilium.svc.cluster.local:443\"\nlisten-address: :4245\ngops: true\ngops-port: \"9893\"\ndial-timeout: 15s\nretry-timeout: 15s\nsort-buffer-len-max: \nsort-buffer-drain-timeout: \ntls-hubble-client-cert-file: /var/lib/hubble-relay/tls/client.crt\ntls-hubble-client-key-file: /var/lib/hubble-relay/tls/client.key\ntls-hubble-server-ca-files: /var/lib/hubble-relay/tls/hubble-server-ca.crt\ndisable-server-tls: true\n"
            },
            "id": "cilium/hubble-relay-config",
            "immutable": false,
            "metadata": [
              {
                "annotations": {},
                "generate_name": "",
                "generation": 0,
                "labels": {},
                "name": "hubble-relay-config",
                "namespace": "cilium",
                "resource_version": "2423",
                "uid": "85925d8b-3a6d-4316-8ae5-b03d9dcbdbc1"
              }
            ]
          },
          "sensitive_attributes": [],
          "private": "bnVsbA=="
        }
      ]
    },
    {
      "mode": "managed",
      "type": "kubernetes_config_map",
      "name": "hubble_ui_nginx",
      "provider": "provider[\"registry.terraform.io/hashicorp/kubernetes\"]",
      "instances": [
        {
          "schema_version": 0,
          "attributes": {
            "binary_data": {},
            "data": {
              "nginx.conf": "map $http_upgrade $connection_upgrade {\n  default upgrade;\n  '' close;\n}\n\nserver {\n    listen       8081;\n    server_name  localhost;\n\n    client_max_body_size 1G;\n    proxy_buffer_size 16k;\n    proxy_busy_buffers_size 24k;\n    proxy_buffers 64 8k;\n    subrequest_output_buffer_size 8k;\n\n    location /healthz {\n        access_log off;\n        add_header Content-Type text/plain;\n        return 200 'ok';\n    }\n\n    location / {\n        proxy_set_header Host $host;\n        proxy_set_header X-Real-IP $remote_addr;\n\n        # CORS\n        add_header Access-Control-Allow-Methods \"GET, POST, PUT, HEAD, DELETE, OPTIONS\";\n        add_header Access-Control-Allow-Origin *;\n        add_header Access-Control-Max-Age 1728000;\n        add_header Access-Control-Expose-Headers content-length,grpc-status,grpc-message;\n        add_header Access-Control-Allow-Headers range,keep-alive,user-agent,cache-control,content-type,content-transfer-encoding,x-accept-content-transfer-encoding,x-accept-response-streaming,x-user-agent,x-grpc-web,grpc-timeout;\n        if ($request_method = OPTIONS) {\n            return 204;\n        }\n        # /CORS\n\n        location = / {\n          proxy_pass http://localhost:8090/web/;\n        }\n        location = /service-map {\n          proxy_pass http://localhost:8090/web/;\n        }\n        location = /policies {\n          proxy_pass http://localhost:8090/web/;\n        }\n        location = /ps-tree {\n          proxy_pass http://localhost:8090/web/;\n        }\n        location = /error {\n          proxy_pass http://localhost:8090/web/;\n        }\n\n        location /hubble-ui-api {\n            proxy_pass_request_headers on;\n            proxy_pass http://localhost:8090/hubble-ui-api;\n        }\n        location /oauth2 {\n            proxy_pass_request_headers on;\n            proxy_pass http://localhost:8090/oauth2;\n        }\n        location / {\n            proxy_pass http://127.0.0.1:8082;\n        }\n    }\n}\nserver {\n    listen       8082;\n    server_name  localhost;\n\n    root /app;\n    index index.html;\n\n    location / {\n        try_files $uri $uri/ /index.html;\n    }\n}"
            },
            "id": "cilium/hubble-ui-nginx",
            "immutable": false,
            "metadata": [
              {
                "annotations": {},
                "generate_name": "",
                "generation": 0,
                "labels": {},
                "name": "hubble-ui-nginx",
                "namespace": "cilium",
                "resource_version": "2338",
                "uid": "eb516857-7c4b-4e25-8c8e-b2cd198b2ff1"
              }
            ]
          },
          "sensitive_attributes": [],
          "private": "bnVsbA=="
        }
      ]
    },
    {
      "mode": "managed",
      "type": "kubernetes_daemonset",
      "name": "cilium",
      "provider": "provider[\"registry.terraform.io/hashicorp/kubernetes\"]",
      "instances": [
        {
          "schema_version": 1,
          "attributes": {
            "id": "cilium/cilium",
            "metadata": [
              {
                "annotations": {},
                "generate_name": "",
                "generation": 1,
                "labels": {
                  "app.kubernetes.io/name": "cilium-agent",
                  "app.kubernetes.io/part-of": "cilium",
                  "k8s-app": "cilium"
                },
                "name": "cilium",
                "namespace": "cilium",
                "resource_version": "2816",
                "uid": "837343b8-eeea-4813-ac20-45455d0046c8"
              }
            ],
            "spec": [
              {
                "min_ready_seconds": 0,
                "revision_history_limit": 10,
                "selector": [
                  {
                    "match_expressions": [],
                    "match_labels": {
                      "k8s-app": "cilium"
                    }
                  }
                ],
                "strategy": [
                  {
                    "rolling_update": [
                      {
                        "max_unavailable": "2"
                      }
                    ],
                    "type": "RollingUpdate"
                  }
                ],
                "template": [
                  {
                    "metadata": [
                      {
                        "annotations": {
                          "container.apparmor.security.beta.kubernetes.io/apply-sysctl-overwrites": "unconfined",
                          "container.apparmor.security.beta.kubernetes.io/cilium-agent": "unconfined",
                          "container.apparmor.security.beta.kubernetes.io/clean-cilium-state": "unconfined",
                          "container.apparmor.security.beta.kubernetes.io/mount-cgroup": "unconfined",
                          "prometheus.io/port": "9962",
                          "prometheus.io/scrape": "true"
                        },
                        "generate_name": "",
                        "generation": 0,
                        "labels": {
                          "app.kubernetes.io/name": "cilium-agent",
                          "app.kubernetes.io/part-of": "cilium",
                          "k8s-app": "cilium"
                        },
                        "name": "",
                        "namespace": "",
                        "resource_version": "",
                        "uid": ""
                      }
                    ],
                    "spec": [
                      {
                        "active_deadline_seconds": 0,
                        "affinity": [
                          {
                            "node_affinity": [],
                            "pod_affinity": [],
                            "pod_anti_affinity": [
                              {
                                "preferred_during_scheduling_ignored_during_execution": [],
                                "required_during_scheduling_ignored_during_execution": [
                                  {
                                    "label_selector": [
                                      {
                                        "match_expressions": [],
                                        "match_labels": {
                                          "k8s-app": "cilium"
                                        }
                                      }
                                    ],
                                    "namespaces": [],
                                    "topology_key": "kubernetes.io/hostname"
                                  }
                                ]
                              }
                            ]
                          }
                        ],
                        "automount_service_account_token": true,
                        "container": [
                          {
                            "args": [
                              "--config-dir=/tmp/cilium/config-map"
                            ],
                            "command": [
                              "cilium-agent"
                            ],
                            "env": [
                              {
                                "name": "K8S_NODE_NAME",
                                "value": "",
                                "value_from": [
                                  {
                                    "config_map_key_ref": [],
                                    "field_ref": [
                                      {
                                        "api_version": "v1",
                                        "field_path": "spec.nodeName"
                                      }
                                    ],
                                    "resource_field_ref": [],
                                    "secret_key_ref": []
                                  }
                                ]
                              },
                              {
                                "name": "CILIUM_K8S_NAMESPACE",
                                "value": "",
                                "value_from": [
                                  {
                                    "config_map_key_ref": [],
                                    "field_ref": [
                                      {
                                        "api_version": "v1",
                                        "field_path": "metadata.namespace"
                                      }
                                    ],
                                    "resource_field_ref": [],
                                    "secret_key_ref": []
                                  }
                                ]
                              },
                              {
                                "name": "CILIUM_CLUSTERMESH_CONFIG",
                                "value": "/var/lib/cilium/clustermesh/",
                                "value_from": []
                              },
                              {
                                "name": "GOMEMLIMIT",
                                "value": "",
                                "value_from": [
                                  {
                                    "config_map_key_ref": [],
                                    "field_ref": [],
                                    "resource_field_ref": [
                                      {
                                        "container_name": "",
                                        "divisor": "1",
                                        "resource": "limits.memory"
                                      }
                                    ],
                                    "secret_key_ref": []
                                  }
                                ]
                              },
                              {
                                "name": "KUBERNETES_SERVICE_HOST",
                                "value": "10.0.0.1",
                                "value_from": []
                              },
                              {
                                "name": "KUBERNETES_SERVICE_PORT",
                                "value": "443",
                                "value_from": []
                              }
                            ],
                            "env_from": [],
                            "image": "quay.io/isovalent/cilium:v1.15.6-cee.1",
                            "image_pull_policy": "IfNotPresent",
                            "lifecycle": [
                              {
                                "post_start": [
                                  {
                                    "exec": [
                                      {
                                        "command": [
                                          "bash",
                                          "-c",
                                          "set -o errexit\nset -o pipefail\nset -o nounset\n\n# When running in AWS ENI mode, it's likely that 'aws-node' has\n# had a chance to install SNAT iptables rules. These can result\n# in dropped traffic, so we should attempt to remove them.\n# We do it using a 'postStart' hook since this may need to run\n# for nodes which might have already been init'ed but may still\n# have dangling rules. This is safe because there are no\n# dependencies on anything that is part of the startup script\n# itself, and can be safely run multiple times per node (e.g. in\n# case of a restart).\nif [[ \"$(iptables-save | grep -E -c 'AWS-SNAT-CHAIN|AWS-CONNMARK-CHAIN')\" != \"0\" ]];\nthen\n    echo 'Deleting iptables rules created by the AWS CNI VPC plugin'\n    iptables-save | grep -E -v 'AWS-SNAT-CHAIN|AWS-CONNMARK-CHAIN' | iptables-restore\nfi\necho 'Done!'\n"
                                        ]
                                      }
                                    ],
                                    "http_get": [],
                                    "tcp_socket": []
                                  }
                                ],
                                "pre_stop": [
                                  {
                                    "exec": [
                                      {
                                        "command": [
                                          "/cni-uninstall.sh"
                                        ]
                                      }
                                    ],
                                    "http_get": [],
                                    "tcp_socket": []
                                  }
                                ]
                              }
                            ],
                            "liveness_probe": [
                              {
                                "exec": [
                                  {
                                    "command": [
                                      "cilium",
                                      "status",
                                      "--brief"
                                    ]
                                  }
                                ],
                                "failure_threshold": 10,
                                "grpc": [],
                                "http_get": [],
                                "initial_delay_seconds": 0,
                                "period_seconds": 30,
                                "success_threshold": 1,
                                "tcp_socket": [],
                                "timeout_seconds": 5
                              }
                            ],
                            "name": "cilium-agent",
                            "port": [
                              {
                                "container_port": 4244,
                                "host_ip": "",
                                "host_port": 4244,
                                "name": "peer-service",
                                "protocol": "TCP"
                              },
                              {
                                "container_port": 9962,
                                "host_ip": "",
                                "host_port": 9962,
                                "name": "prometheus",
                                "protocol": "TCP"
                              },
                              {
                                "container_port": 9965,
                                "host_ip": "",
                                "host_port": 9965,
                                "name": "hubble-metrics",
                                "protocol": "TCP"
                              }
                            ],
                            "readiness_probe": [
                              {
                                "exec": [
                                  {
                                    "command": [
                                      "cilium",
                                      "status",
                                      "--brief"
                                    ]
                                  }
                                ],
                                "failure_threshold": 3,
                                "grpc": [],
                                "http_get": [],
                                "initial_delay_seconds": 0,
                                "period_seconds": 30,
                                "success_threshold": 1,
                                "tcp_socket": [],
                                "timeout_seconds": 5
                              }
                            ],
                            "resources": [
                              {
                                "limits": {},
                                "requests": {}
                              }
                            ],
                            "security_context": [
                              {
                                "allow_privilege_escalation": true,
                                "capabilities": [
                                  {
                                    "add": [
                                      "CHOWN",
                                      "KILL",
                                      "NET_ADMIN",
                                      "NET_RAW",
                                      "IPC_LOCK",
                                      "SYS_MODULE",
                                      "SYS_ADMIN",
                                      "SYS_RESOURCE",
                                      "DAC_OVERRIDE",
                                      "FOWNER",
                                      "SETGID",
                                      "SETUID"
                                    ],
                                    "drop": [
                                      "ALL"
                                    ]
                                  }
                                ],
                                "privileged": false,
                                "read_only_root_filesystem": false,
                                "run_as_group": "",
                                "run_as_non_root": false,
                                "run_as_user": "",
                                "se_linux_options": [],
                                "seccomp_profile": []
                              }
                            ],
                            "startup_probe": [
                              {
                                "exec": [],
                                "failure_threshold": 105,
                                "grpc": [],
                                "http_get": [
                                  {
                                    "host": "127.0.0.1",
                                    "http_header": [
                                      {
                                        "name": "brief",
                                        "value": "true"
                                      }
                                    ],
                                    "path": "/healthz",
                                    "port": "9879",
                                    "scheme": "HTTP"
                                  }
                                ],
                                "initial_delay_seconds": 5,
                                "period_seconds": 2,
                                "success_threshold": 1,
                                "tcp_socket": [],
                                "timeout_seconds": 1
                              }
                            ],
                            "stdin": false,
                            "stdin_once": false,
                            "termination_message_path": "/dev/termination-log",
                            "termination_message_policy": "FallbackToLogsOnError",
                            "tty": false,
                            "volume_mount": [
                              {
                                "mount_path": "/var/run/cilium/envoy/sockets",
                                "mount_propagation": "None",
                                "name": "envoy-sockets",
                                "read_only": false,
                                "sub_path": ""
                              },
                              {
                                "mount_path": "/host/proc/sys/net",
                                "mount_propagation": "None",
                                "name": "host-proc-sys-net",
                                "read_only": false,
                                "sub_path": ""
                              },
                              {
                                "mount_path": "/host/proc/sys/kernel",
                                "mount_propagation": "None",
                                "name": "host-proc-sys-kernel",
                                "read_only": false,
                                "sub_path": ""
                              },
                              {
                                "mount_path": "/sys/fs/bpf",
                                "mount_propagation": "HostToContainer",
                                "name": "bpf-maps",
                                "read_only": false,
                                "sub_path": ""
                              },
                              {
                                "mount_path": "/var/run/cilium",
                                "mount_propagation": "None",
                                "name": "cilium-run",
                                "read_only": false,
                                "sub_path": ""
                              },
                              {
                                "mount_path": "/host/etc/cni/net.d",
                                "mount_propagation": "None",
                                "name": "etc-cni-netd",
                                "read_only": false,
                                "sub_path": ""
                              },
                              {
                                "mount_path": "/var/lib/cilium/clustermesh",
                                "mount_propagation": "None",
                                "name": "clustermesh-secrets",
                                "read_only": true,
                                "sub_path": ""
                              },
                              {
                                "mount_path": "/lib/modules",
                                "mount_propagation": "None",
                                "name": "lib-modules",
                                "read_only": true,
                                "sub_path": ""
                              },
                              {
                                "mount_path": "/run/xtables.lock",
                                "mount_propagation": "None",
                                "name": "xtables-lock",
                                "read_only": false,
                                "sub_path": ""
                              },
                              {
                                "mount_path": "/var/lib/cilium/tls/hubble",
                                "mount_propagation": "None",
                                "name": "hubble-tls",
                                "read_only": true,
                                "sub_path": ""
                              },
                              {
                                "mount_path": "/tmp",
                                "mount_propagation": "None",
                                "name": "tmp",
                                "read_only": false,
                                "sub_path": ""
                              }
                            ],
                            "working_dir": ""
                          }
                        ],
                        "dns_config": [],
                        "dns_policy": "ClusterFirst",
                        "enable_service_links": true,
                        "host_aliases": [],
                        "host_ipc": false,
                        "host_network": true,
                        "host_pid": false,
                        "hostname": "",
                        "image_pull_secrets": [],
                        "init_container": [
                          {
                            "args": [],
                            "command": [
                              "cilium-dbg",
                              "build-config"
                            ],
                            "env": [
                              {
                                "name": "K8S_NODE_NAME",
                                "value": "",
                                "value_from": [
                                  {
                                    "config_map_key_ref": [],
                                    "field_ref": [
                                      {
                                        "api_version": "v1",
                                        "field_path": "spec.nodeName"
                                      }
                                    ],
                                    "resource_field_ref": [],
                                    "secret_key_ref": []
                                  }
                                ]
                              },
                              {
                                "name": "CILIUM_K8S_NAMESPACE",
                                "value": "",
                                "value_from": [
                                  {
                                    "config_map_key_ref": [],
                                    "field_ref": [
                                      {
                                        "api_version": "v1",
                                        "field_path": "metadata.namespace"
                                      }
                                    ],
                                    "resource_field_ref": [],
                                    "secret_key_ref": []
                                  }
                                ]
                              },
                              {
                                "name": "KUBERNETES_SERVICE_HOST",
                                "value": "10.0.0.1",
                                "value_from": []
                              },
                              {
                                "name": "KUBERNETES_SERVICE_PORT",
                                "value": "443",
                                "value_from": []
                              }
                            ],
                            "env_from": [],
                            "image": "quay.io/isovalent/cilium:v1.15.6-cee.1",
                            "image_pull_policy": "IfNotPresent",
                            "lifecycle": [],
                            "liveness_probe": [],
                            "name": "config",
                            "port": [],
                            "readiness_probe": [],
                            "resources": [
                              {
                                "limits": {},
                                "requests": {}
                              }
                            ],
                            "security_context": [],
                            "startup_probe": [],
                            "stdin": false,
                            "stdin_once": false,
                            "termination_message_path": "/dev/termination-log",
                            "termination_message_policy": "FallbackToLogsOnError",
                            "tty": false,
                            "volume_mount": [
                              {
                                "mount_path": "/tmp",
                                "mount_propagation": "None",
                                "name": "tmp",
                                "read_only": false,
                                "sub_path": ""
                              }
                            ],
                            "working_dir": ""
                          },
                          {
                            "args": [],
                            "command": [
                              "sh",
                              "-ec",
                              "cp /usr/bin/cilium-mount /hostbin/cilium-mount;\nnsenter --cgroup=/hostproc/1/ns/cgroup --mount=/hostproc/1/ns/mnt \"${BIN_PATH}/cilium-mount\" $CGROUP_ROOT;\nrm /hostbin/cilium-mount\n"
                            ],
                            "env": [
                              {
                                "name": "CGROUP_ROOT",
                                "value": "/run/cilium/cgroupv2",
                                "value_from": []
                              },
                              {
                                "name": "BIN_PATH",
                                "value": "/opt/cni/bin",
                                "value_from": []
                              }
                            ],
                            "env_from": [],
                            "image": "quay.io/isovalent/cilium:v1.15.6-cee.1",
                            "image_pull_policy": "IfNotPresent",
                            "lifecycle": [],
                            "liveness_probe": [],
                            "name": "mount-cgroup",
                            "port": [],
                            "readiness_probe": [],
                            "resources": [
                              {
                                "limits": {},
                                "requests": {}
                              }
                            ],
                            "security_context": [
                              {
                                "allow_privilege_escalation": true,
                                "capabilities": [
                                  {
                                    "add": [
                                      "SYS_ADMIN",
                                      "SYS_CHROOT",
                                      "SYS_PTRACE"
                                    ],
                                    "drop": [
                                      "ALL"
                                    ]
                                  }
                                ],
                                "privileged": false,
                                "read_only_root_filesystem": false,
                                "run_as_group": "",
                                "run_as_non_root": false,
                                "run_as_user": "",
                                "se_linux_options": [],
                                "seccomp_profile": []
                              }
                            ],
                            "startup_probe": [],
                            "stdin": false,
                            "stdin_once": false,
                            "termination_message_path": "/dev/termination-log",
                            "termination_message_policy": "FallbackToLogsOnError",
                            "tty": false,
                            "volume_mount": [
                              {
                                "mount_path": "/hostproc",
                                "mount_propagation": "None",
                                "name": "hostproc",
                                "read_only": false,
                                "sub_path": ""
                              },
                              {
                                "mount_path": "/hostbin",
                                "mount_propagation": "None",
                                "name": "cni-path",
                                "read_only": false,
                                "sub_path": ""
                              }
                            ],
                            "working_dir": ""
                          },
                          {
                            "args": [],
                            "command": [
                              "sh",
                              "-ec",
                              "cp /usr/bin/cilium-sysctlfix /hostbin/cilium-sysctlfix;\nnsenter --mount=/hostproc/1/ns/mnt \"${BIN_PATH}/cilium-sysctlfix\";\nrm /hostbin/cilium-sysctlfix\n"
                            ],
                            "env": [
                              {
                                "name": "BIN_PATH",
                                "value": "/opt/cni/bin",
                                "value_from": []
                              }
                            ],
                            "env_from": [],
                            "image": "quay.io/isovalent/cilium:v1.15.6-cee.1",
                            "image_pull_policy": "IfNotPresent",
                            "lifecycle": [],
                            "liveness_probe": [],
                            "name": "apply-sysctl-overwrites",
                            "port": [],
                            "readiness_probe": [],
                            "resources": [
                              {
                                "limits": {},
                                "requests": {}
                              }
                            ],
                            "security_context": [
                              {
                                "allow_privilege_escalation": true,
                                "capabilities": [
                                  {
                                    "add": [
                                      "SYS_ADMIN",
                                      "SYS_CHROOT",
                                      "SYS_PTRACE"
                                    ],
                                    "drop": [
                                      "ALL"
                                    ]
                                  }
                                ],
                                "privileged": false,
                                "read_only_root_filesystem": false,
                                "run_as_group": "",
                                "run_as_non_root": false,
                                "run_as_user": "",
                                "se_linux_options": [],
                                "seccomp_profile": []
                              }
                            ],
                            "startup_probe": [],
                            "stdin": false,
                            "stdin_once": false,
                            "termination_message_path": "/dev/termination-log",
                            "termination_message_policy": "FallbackToLogsOnError",
                            "tty": false,
                            "volume_mount": [
                              {
                                "mount_path": "/hostproc",
                                "mount_propagation": "None",
                                "name": "hostproc",
                                "read_only": false,
                                "sub_path": ""
                              },
                              {
                                "mount_path": "/hostbin",
                                "mount_propagation": "None",
                                "name": "cni-path",
                                "read_only": false,
                                "sub_path": ""
                              }
                            ],
                            "working_dir": ""
                          },
                          {
                            "args": [
                              "mount | grep \"/sys/fs/bpf type bpf\" || mount -t bpf bpf /sys/fs/bpf"
                            ],
                            "command": [
                              "/bin/bash",
                              "-c",
                              "--"
                            ],
                            "env": [],
                            "env_from": [],
                            "image": "quay.io/isovalent/cilium:v1.15.6-cee.1",
                            "image_pull_policy": "IfNotPresent",
                            "lifecycle": [],
                            "liveness_probe": [],
                            "name": "mount-bpf-fs",
                            "port": [],
                            "readiness_probe": [],
                            "resources": [
                              {
                                "limits": {},
                                "requests": {}
                              }
                            ],
                            "security_context": [
                              {
                                "allow_privilege_escalation": true,
                                "capabilities": [],
                                "privileged": true,
                                "read_only_root_filesystem": false,
                                "run_as_group": "",
                                "run_as_non_root": false,
                                "run_as_user": "",
                                "se_linux_options": [],
                                "seccomp_profile": []
                              }
                            ],
                            "startup_probe": [],
                            "stdin": false,
                            "stdin_once": false,
                            "termination_message_path": "/dev/termination-log",
                            "termination_message_policy": "FallbackToLogsOnError",
                            "tty": false,
                            "volume_mount": [
                              {
                                "mount_path": "/sys/fs/bpf",
                                "mount_propagation": "Bidirectional",
                                "name": "bpf-maps",
                                "read_only": false,
                                "sub_path": ""
                              }
                            ],
                            "working_dir": ""
                          },
                          {
                            "args": [],
                            "command": [
                              "/init-container.sh"
                            ],
                            "env": [
                              {
                                "name": "CILIUM_ALL_STATE",
                                "value": "",
                                "value_from": [
                                  {
                                    "config_map_key_ref": [
                                      {
                                        "key": "clean-cilium-state",
                                        "name": "cilium-config",
                                        "optional": true
                                      }
                                    ],
                                    "field_ref": [],
                                    "resource_field_ref": [],
                                    "secret_key_ref": []
                                  }
                                ]
                              },
                              {
                                "name": "CILIUM_BPF_STATE",
                                "value": "",
                                "value_from": [
                                  {
                                    "config_map_key_ref": [
                                      {
                                        "key": "clean-cilium-bpf-state",
                                        "name": "cilium-config",
                                        "optional": true
                                      }
                                    ],
                                    "field_ref": [],
                                    "resource_field_ref": [],
                                    "secret_key_ref": []
                                  }
                                ]
                              },
                              {
                                "name": "WRITE_CNI_CONF_WHEN_READY",
                                "value": "",
                                "value_from": [
                                  {
                                    "config_map_key_ref": [
                                      {
                                        "key": "write-cni-conf-when-ready",
                                        "name": "cilium-config",
                                        "optional": true
                                      }
                                    ],
                                    "field_ref": [],
                                    "resource_field_ref": [],
                                    "secret_key_ref": []
                                  }
                                ]
                              },
                              {
                                "name": "KUBERNETES_SERVICE_HOST",
                                "value": "10.0.0.1",
                                "value_from": []
                              },
                              {
                                "name": "KUBERNETES_SERVICE_PORT",
                                "value": "443",
                                "value_from": []
                              }
                            ],
                            "env_from": [],
                            "image": "quay.io/isovalent/cilium:v1.15.6-cee.1",
                            "image_pull_policy": "IfNotPresent",
                            "lifecycle": [],
                            "liveness_probe": [],
                            "name": "clean-cilium-state",
                            "port": [],
                            "readiness_probe": [],
                            "resources": [
                              {
                                "limits": {},
                                "requests": {}
                              }
                            ],
                            "security_context": [
                              {
                                "allow_privilege_escalation": true,
                                "capabilities": [
                                  {
                                    "add": [
                                      "NET_ADMIN",
                                      "SYS_MODULE",
                                      "SYS_ADMIN",
                                      "SYS_RESOURCE"
                                    ],
                                    "drop": [
                                      "ALL"
                                    ]
                                  }
                                ],
                                "privileged": false,
                                "read_only_root_filesystem": false,
                                "run_as_group": "",
                                "run_as_non_root": false,
                                "run_as_user": "",
                                "se_linux_options": [],
                                "seccomp_profile": []
                              }
                            ],
                            "startup_probe": [],
                            "stdin": false,
                            "stdin_once": false,
                            "termination_message_path": "/dev/termination-log",
                            "termination_message_policy": "FallbackToLogsOnError",
                            "tty": false,
                            "volume_mount": [
                              {
                                "mount_path": "/sys/fs/bpf",
                                "mount_propagation": "None",
                                "name": "bpf-maps",
                                "read_only": false,
                                "sub_path": ""
                              },
                              {
                                "mount_path": "/run/cilium/cgroupv2",
                                "mount_propagation": "HostToContainer",
                                "name": "cilium-cgroup",
                                "read_only": false,
                                "sub_path": ""
                              },
                              {
                                "mount_path": "/var/run/cilium",
                                "mount_propagation": "None",
                                "name": "cilium-run",
                                "read_only": false,
                                "sub_path": ""
                              }
                            ],
                            "working_dir": ""
                          },
                          {
                            "args": [],
                            "command": [
                              "/install-plugin.sh"
                            ],
                            "env": [],
                            "env_from": [],
                            "image": "quay.io/isovalent/cilium:v1.15.6-cee.1",
                            "image_pull_policy": "IfNotPresent",
                            "lifecycle": [],
                            "liveness_probe": [],
                            "name": "install-cni-binaries",
                            "port": [],
                            "readiness_probe": [],
                            "resources": [
                              {
                                "limits": {},
                                "requests": {
                                  "cpu": "100m",
                                  "memory": "10Mi"
                                }
                              }
                            ],
                            "security_context": [
                              {
                                "allow_privilege_escalation": true,
                                "capabilities": [
                                  {
                                    "add": [],
                                    "drop": [
                                      "ALL"
                                    ]
                                  }
                                ],
                                "privileged": false,
                                "read_only_root_filesystem": false,
                                "run_as_group": "",
                                "run_as_non_root": false,
                                "run_as_user": "",
                                "se_linux_options": [],
                                "seccomp_profile": []
                              }
                            ],
                            "startup_probe": [],
                            "stdin": false,
                            "stdin_once": false,
                            "termination_message_path": "/dev/termination-log",
                            "termination_message_policy": "FallbackToLogsOnError",
                            "tty": false,
                            "volume_mount": [
                              {
                                "mount_path": "/host/opt/cni/bin",
                                "mount_propagation": "None",
                                "name": "cni-path",
                                "read_only": false,
                                "sub_path": ""
                              }
                            ],
                            "working_dir": ""
                          }
                        ],
                        "node_name": "",
                        "node_selector": {
                          "kubernetes.io/os": "linux"
                        },
                        "os": [],
                        "priority_class_name": "system-node-critical",
                        "readiness_gate": [],
                        "restart_policy": "Always",
                        "runtime_class_name": "",
                        "scheduler_name": "default-scheduler",
                        "security_context": [],
                        "service_account_name": "cilium",
                        "share_process_namespace": false,
                        "subdomain": "",
                        "termination_grace_period_seconds": 1,
                        "toleration": [
                          {
                            "effect": "",
                            "key": "",
                            "operator": "Exists",
                            "toleration_seconds": "",
                            "value": ""
                          }
                        ],
                        "topology_spread_constraint": [],
                        "volume": [
                          {
                            "aws_elastic_block_store": [],
                            "azure_disk": [],
                            "azure_file": [],
                            "ceph_fs": [],
                            "cinder": [],
                            "config_map": [],
                            "csi": [],
                            "downward_api": [],
                            "empty_dir": [
                              {
                                "medium": "",
                                "size_limit": ""
                              }
                            ],
                            "ephemeral": [],
                            "fc": [],
                            "flex_volume": [],
                            "flocker": [],
                            "gce_persistent_disk": [],
                            "git_repo": [],
                            "glusterfs": [],
                            "host_path": [],
                            "iscsi": [],
                            "local": [],
                            "name": "tmp",
                            "nfs": [],
                            "persistent_volume_claim": [],
                            "photon_persistent_disk": [],
                            "projected": [],
                            "quobyte": [],
                            "rbd": [],
                            "secret": [],
                            "vsphere_volume": []
                          },
                          {
                            "aws_elastic_block_store": [],
                            "azure_disk": [],
                            "azure_file": [],
                            "ceph_fs": [],
                            "cinder": [],
                            "config_map": [],
                            "csi": [],
                            "downward_api": [],
                            "empty_dir": [],
                            "ephemeral": [],
                            "fc": [],
                            "flex_volume": [],
                            "flocker": [],
                            "gce_persistent_disk": [],
                            "git_repo": [],
                            "glusterfs": [],
                            "host_path": [
                              {
                                "path": "/var/run/cilium",
                                "type": "DirectoryOrCreate"
                              }
                            ],
                            "iscsi": [],
                            "local": [],
                            "name": "cilium-run",
                            "nfs": [],
                            "persistent_volume_claim": [],
                            "photon_persistent_disk": [],
                            "projected": [],
                            "quobyte": [],
                            "rbd": [],
                            "secret": [],
                            "vsphere_volume": []
                          },
                          {
                            "aws_elastic_block_store": [],
                            "azure_disk": [],
                            "azure_file": [],
                            "ceph_fs": [],
                            "cinder": [],
                            "config_map": [],
                            "csi": [],
                            "downward_api": [],
                            "empty_dir": [],
                            "ephemeral": [],
                            "fc": [],
                            "flex_volume": [],
                            "flocker": [],
                            "gce_persistent_disk": [],
                            "git_repo": [],
                            "glusterfs": [],
                            "host_path": [
                              {
                                "path": "/sys/fs/bpf",
                                "type": "DirectoryOrCreate"
                              }
                            ],
                            "iscsi": [],
                            "local": [],
                            "name": "bpf-maps",
                            "nfs": [],
                            "persistent_volume_claim": [],
                            "photon_persistent_disk": [],
                            "projected": [],
                            "quobyte": [],
                            "rbd": [],
                            "secret": [],
                            "vsphere_volume": []
                          },
                          {
                            "aws_elastic_block_store": [],
                            "azure_disk": [],
                            "azure_file": [],
                            "ceph_fs": [],
                            "cinder": [],
                            "config_map": [],
                            "csi": [],
                            "downward_api": [],
                            "empty_dir": [],
                            "ephemeral": [],
                            "fc": [],
                            "flex_volume": [],
                            "flocker": [],
                            "gce_persistent_disk": [],
                            "git_repo": [],
                            "glusterfs": [],
                            "host_path": [
                              {
                                "path": "/proc",
                                "type": "Directory"
                              }
                            ],
                            "iscsi": [],
                            "local": [],
                            "name": "hostproc",
                            "nfs": [],
                            "persistent_volume_claim": [],
                            "photon_persistent_disk": [],
                            "projected": [],
                            "quobyte": [],
                            "rbd": [],
                            "secret": [],
                            "vsphere_volume": []
                          },
                          {
                            "aws_elastic_block_store": [],
                            "azure_disk": [],
                            "azure_file": [],
                            "ceph_fs": [],
                            "cinder": [],
                            "config_map": [],
                            "csi": [],
                            "downward_api": [],
                            "empty_dir": [],
                            "ephemeral": [],
                            "fc": [],
                            "flex_volume": [],
                            "flocker": [],
                            "gce_persistent_disk": [],
                            "git_repo": [],
                            "glusterfs": [],
                            "host_path": [
                              {
                                "path": "/run/cilium/cgroupv2",
                                "type": "DirectoryOrCreate"
                              }
                            ],
                            "iscsi": [],
                            "local": [],
                            "name": "cilium-cgroup",
                            "nfs": [],
                            "persistent_volume_claim": [],
                            "photon_persistent_disk": [],
                            "projected": [],
                            "quobyte": [],
                            "rbd": [],
                            "secret": [],
                            "vsphere_volume": []
                          },
                          {
                            "aws_elastic_block_store": [],
                            "azure_disk": [],
                            "azure_file": [],
                            "ceph_fs": [],
                            "cinder": [],
                            "config_map": [],
                            "csi": [],
                            "downward_api": [],
                            "empty_dir": [],
                            "ephemeral": [],
                            "fc": [],
                            "flex_volume": [],
                            "flocker": [],
                            "gce_persistent_disk": [],
                            "git_repo": [],
                            "glusterfs": [],
                            "host_path": [
                              {
                                "path": "/opt/cni/bin",
                                "type": "DirectoryOrCreate"
                              }
                            ],
                            "iscsi": [],
                            "local": [],
                            "name": "cni-path",
                            "nfs": [],
                            "persistent_volume_claim": [],
                            "photon_persistent_disk": [],
                            "projected": [],
                            "quobyte": [],
                            "rbd": [],
                            "secret": [],
                            "vsphere_volume": []
                          },
                          {
                            "aws_elastic_block_store": [],
                            "azure_disk": [],
                            "azure_file": [],
                            "ceph_fs": [],
                            "cinder": [],
                            "config_map": [],
                            "csi": [],
                            "downward_api": [],
                            "empty_dir": [],
                            "ephemeral": [],
                            "fc": [],
                            "flex_volume": [],
                            "flocker": [],
                            "gce_persistent_disk": [],
                            "git_repo": [],
                            "glusterfs": [],
                            "host_path": [
                              {
                                "path": "/etc/cni/net.d",
                                "type": "DirectoryOrCreate"
                              }
                            ],
                            "iscsi": [],
                            "local": [],
                            "name": "etc-cni-netd",
                            "nfs": [],
                            "persistent_volume_claim": [],
                            "photon_persistent_disk": [],
                            "projected": [],
                            "quobyte": [],
                            "rbd": [],
                            "secret": [],
                            "vsphere_volume": []
                          },
                          {
                            "aws_elastic_block_store": [],
                            "azure_disk": [],
                            "azure_file": [],
                            "ceph_fs": [],
                            "cinder": [],
                            "config_map": [],
                            "csi": [],
                            "downward_api": [],
                            "empty_dir": [],
                            "ephemeral": [],
                            "fc": [],
                            "flex_volume": [],
                            "flocker": [],
                            "gce_persistent_disk": [],
                            "git_repo": [],
                            "glusterfs": [],
                            "host_path": [
                              {
                                "path": "/lib/modules",
                                "type": ""
                              }
                            ],
                            "iscsi": [],
                            "local": [],
                            "name": "lib-modules",
                            "nfs": [],
                            "persistent_volume_claim": [],
                            "photon_persistent_disk": [],
                            "projected": [],
                            "quobyte": [],
                            "rbd": [],
                            "secret": [],
                            "vsphere_volume": []
                          },
                          {
                            "aws_elastic_block_store": [],
                            "azure_disk": [],
                            "azure_file": [],
                            "ceph_fs": [],
                            "cinder": [],
                            "config_map": [],
                            "csi": [],
                            "downward_api": [],
                            "empty_dir": [],
                            "ephemeral": [],
                            "fc": [],
                            "flex_volume": [],
                            "flocker": [],
                            "gce_persistent_disk": [],
                            "git_repo": [],
                            "glusterfs": [],
                            "host_path": [
                              {
                                "path": "/run/xtables.lock",
                                "type": "FileOrCreate"
                              }
                            ],
                            "iscsi": [],
                            "local": [],
                            "name": "xtables-lock",
                            "nfs": [],
                            "persistent_volume_claim": [],
                            "photon_persistent_disk": [],
                            "projected": [],
                            "quobyte": [],
                            "rbd": [],
                            "secret": [],
                            "vsphere_volume": []
                          },
                          {
                            "aws_elastic_block_store": [],
                            "azure_disk": [],
                            "azure_file": [],
                            "ceph_fs": [],
                            "cinder": [],
                            "config_map": [],
                            "csi": [],
                            "downward_api": [],
                            "empty_dir": [],
                            "ephemeral": [],
                            "fc": [],
                            "flex_volume": [],
                            "flocker": [],
                            "gce_persistent_disk": [],
                            "git_repo": [],
                            "glusterfs": [],
                            "host_path": [
                              {
                                "path": "/var/run/cilium/envoy/sockets",
                                "type": "DirectoryOrCreate"
                              }
                            ],
                            "iscsi": [],
                            "local": [],
                            "name": "envoy-sockets",
                            "nfs": [],
                            "persistent_volume_claim": [],
                            "photon_persistent_disk": [],
                            "projected": [],
                            "quobyte": [],
                            "rbd": [],
                            "secret": [],
                            "vsphere_volume": []
                          },
                          {
                            "aws_elastic_block_store": [],
                            "azure_disk": [],
                            "azure_file": [],
                            "ceph_fs": [],
                            "cinder": [],
                            "config_map": [],
                            "csi": [],
                            "downward_api": [],
                            "empty_dir": [],
                            "ephemeral": [],
                            "fc": [],
                            "flex_volume": [],
                            "flocker": [],
                            "gce_persistent_disk": [],
                            "git_repo": [],
                            "glusterfs": [],
                            "host_path": [],
                            "iscsi": [],
                            "local": [],
                            "name": "clustermesh-secrets",
                            "nfs": [],
                            "persistent_volume_claim": [],
                            "photon_persistent_disk": [],
                            "projected": [
                              {
                                "default_mode": "0400",
                                "sources": [
                                  {
                                    "config_map": [],
                                    "downward_api": [],
                                    "secret": [
                                      {
                                        "items": [],
                                        "name": "cilium-clustermesh",
                                        "optional": true
                                      }
                                    ],
                                    "service_account_token": []
                                  },
                                  {
                                    "config_map": [],
                                    "downward_api": [],
                                    "secret": [
                                      {
                                        "items": [
                                          {
                                            "key": "tls.key",
                                            "mode": "",
                                            "path": "common-etcd-client.key"
                                          },
                                          {
                                            "key": "tls.crt",
                                            "mode": "",
                                            "path": "common-etcd-client.crt"
                                          },
                                          {
                                            "key": "ca.crt",
                                            "mode": "",
                                            "path": "common-etcd-client-ca.crt"
                                          }
                                        ],
                                        "name": "clustermesh-apiserver-remote-cert",
                                        "optional": true
                                      }
                                    ],
                                    "service_account_token": []
                                  }
                                ]
                              }
                            ],
                            "quobyte": [],
                            "rbd": [],
                            "secret": [],
                            "vsphere_volume": []
                          },
                          {
                            "aws_elastic_block_store": [],
                            "azure_disk": [],
                            "azure_file": [],
                            "ceph_fs": [],
                            "cinder": [],
                            "config_map": [],
                            "csi": [],
                            "downward_api": [],
                            "empty_dir": [],
                            "ephemeral": [],
                            "fc": [],
                            "flex_volume": [],
                            "flocker": [],
                            "gce_persistent_disk": [],
                            "git_repo": [],
                            "glusterfs": [],
                            "host_path": [
                              {
                                "path": "/proc/sys/net",
                                "type": "Directory"
                              }
                            ],
                            "iscsi": [],
                            "local": [],
                            "name": "host-proc-sys-net",
                            "nfs": [],
                            "persistent_volume_claim": [],
                            "photon_persistent_disk": [],
                            "projected": [],
                            "quobyte": [],
                            "rbd": [],
                            "secret": [],
                            "vsphere_volume": []
                          },
                          {
                            "aws_elastic_block_store": [],
                            "azure_disk": [],
                            "azure_file": [],
                            "ceph_fs": [],
                            "cinder": [],
                            "config_map": [],
                            "csi": [],
                            "downward_api": [],
                            "empty_dir": [],
                            "ephemeral": [],
                            "fc": [],
                            "flex_volume": [],
                            "flocker": [],
                            "gce_persistent_disk": [],
                            "git_repo": [],
                            "glusterfs": [],
                            "host_path": [
                              {
                                "path": "/proc/sys/kernel",
                                "type": "Directory"
                              }
                            ],
                            "iscsi": [],
                            "local": [],
                            "name": "host-proc-sys-kernel",
                            "nfs": [],
                            "persistent_volume_claim": [],
                            "photon_persistent_disk": [],
                            "projected": [],
                            "quobyte": [],
                            "rbd": [],
                            "secret": [],
                            "vsphere_volume": []
                          },
                          {
                            "aws_elastic_block_store": [],
                            "azure_disk": [],
                            "azure_file": [],
                            "ceph_fs": [],
                            "cinder": [],
                            "config_map": [],
                            "csi": [],
                            "downward_api": [],
                            "empty_dir": [],
                            "ephemeral": [],
                            "fc": [],
                            "flex_volume": [],
                            "flocker": [],
                            "gce_persistent_disk": [],
                            "git_repo": [],
                            "glusterfs": [],
                            "host_path": [],
                            "iscsi": [],
                            "local": [],
                            "name": "hubble-tls",
                            "nfs": [],
                            "persistent_volume_claim": [],
                            "photon_persistent_disk": [],
                            "projected": [
                              {
                                "default_mode": "0400",
                                "sources": [
                                  {
                                    "config_map": [],
                                    "downward_api": [],
                                    "secret": [
                                      {
                                        "items": [
                                          {
                                            "key": "tls.crt",
                                            "mode": "",
                                            "path": "server.crt"
                                          },
                                          {
                                            "key": "tls.key",
                                            "mode": "",
                                            "path": "server.key"
                                          },
                                          {
                                            "key": "ca.crt",
                                            "mode": "",
                                            "path": "client-ca.crt"
                                          }
                                        ],
                                        "name": "hubble-server-certs",
                                        "optional": true
                                      }
                                    ],
                                    "service_account_token": []
                                  }
                                ]
                              }
                            ],
                            "quobyte": [],
                            "rbd": [],
                            "secret": [],
                            "vsphere_volume": []
                          }
                        ]
                      }
                    ]
                  }
                ]
              }
            ],
            "timeouts": null,
            "wait_for_rollout": true
          },
          "sensitive_attributes": [],
          "private": "eyJlMmJmYjczMC1lY2FhLTExZTYtOGY4OC0zNDM2M2JjN2M0YzAiOnsiY3JlYXRlIjo2MDAwMDAwMDAwMDAsImRlbGV0ZSI6NjAwMDAwMDAwMDAwLCJ1cGRhdGUiOjYwMDAwMDAwMDAwMH0sInNjaGVtYV92ZXJzaW9uIjoiMSJ9"
        }
      ]
    },
    {
      "mode": "managed",
      "type": "kubernetes_daemonset",
      "name": "cilium_envoy",
      "provider": "provider[\"registry.terraform.io/hashicorp/kubernetes\"]",
      "instances": [
        {
          "schema_version": 1,
          "attributes": {
            "id": "cilium/cilium-envoy",
            "metadata": [
              {
                "annotations": {},
                "generate_name": "",
                "generation": 1,
                "labels": {
                  "app.kubernetes.io/name": "cilium-envoy",
                  "app.kubernetes.io/part-of": "cilium",
                  "k8s-app": "cilium-envoy",
                  "name": "cilium-envoy"
                },
                "name": "cilium-envoy",
                "namespace": "cilium",
                "resource_version": "2842",
                "uid": "4db8dcc2-00fe-498d-ac47-9e0d317e8bb8"
              }
            ],
            "spec": [
              {
                "min_ready_seconds": 0,
                "revision_history_limit": 10,
                "selector": [
                  {
                    "match_expressions": [],
                    "match_labels": {
                      "k8s-app": "cilium-envoy"
                    }
                  }
                ],
                "strategy": [
                  {
                    "rolling_update": [
                      {
                        "max_unavailable": "2"
                      }
                    ],
                    "type": "RollingUpdate"
                  }
                ],
                "template": [
                  {
                    "metadata": [
                      {
                        "annotations": {
                          "container.apparmor.security.beta.kubernetes.io/cilium-envoy": "unconfined",
                          "prometheus.io/port": "9964",
                          "prometheus.io/scrape": "true"
                        },
                        "generate_name": "",
                        "generation": 0,
                        "labels": {
                          "app.kubernetes.io/name": "cilium-envoy",
                          "app.kubernetes.io/part-of": "cilium",
                          "k8s-app": "cilium-envoy",
                          "name": "cilium-envoy"
                        },
                        "name": "",
                        "namespace": "",
                        "resource_version": "",
                        "uid": ""
                      }
                    ],
                    "spec": [
                      {
                        "active_deadline_seconds": 0,
                        "affinity": [
                          {
                            "node_affinity": [
                              {
                                "preferred_during_scheduling_ignored_during_execution": [],
                                "required_during_scheduling_ignored_during_execution": [
                                  {
                                    "node_selector_term": [
                                      {
                                        "match_expressions": [
                                          {
                                            "key": "cilium.io/no-schedule",
                                            "operator": "NotIn",
                                            "values": [
                                              "true"
                                            ]
                                          }
                                        ],
                                        "match_fields": []
                                      }
                                    ]
                                  }
                                ]
                              }
                            ],
                            "pod_affinity": [
                              {
                                "preferred_during_scheduling_ignored_during_execution": [],
                                "required_during_scheduling_ignored_during_execution": [
                                  {
                                    "label_selector": [
                                      {
                                        "match_expressions": [],
                                        "match_labels": {
                                          "k8s-app": "cilium"
                                        }
                                      }
                                    ],
                                    "namespaces": [],
                                    "topology_key": "kubernetes.io/hostname"
                                  }
                                ]
                              }
                            ],
                            "pod_anti_affinity": [
                              {
                                "preferred_during_scheduling_ignored_during_execution": [],
                                "required_during_scheduling_ignored_during_execution": [
                                  {
                                    "label_selector": [
                                      {
                                        "match_expressions": [],
                                        "match_labels": {
                                          "k8s-app": "cilium-envoy"
                                        }
                                      }
                                    ],
                                    "namespaces": [],
                                    "topology_key": "kubernetes.io/hostname"
                                  }
                                ]
                              }
                            ]
                          }
                        ],
                        "automount_service_account_token": true,
                        "container": [
                          {
                            "args": [
                              "-c /var/run/cilium/envoy/bootstrap-config.json",
                              "--base-id 0",
                              "--log-level info",
                              "--log-format [%Y-%m-%d %T.%e][%t][%l][%n] [%g:%#] %v",
                              "--component-log-level http:debug,http2:debug,filter:debug,conn_handler:debug,router:debug,connection:debug,upstream:debug,pool:debug"
                            ],
                            "command": [
                              "/usr/bin/cilium-envoy-starter"
                            ],
                            "env": [
                              {
                                "name": "K8S_NODE_NAME",
                                "value": "",
                                "value_from": [
                                  {
                                    "config_map_key_ref": [],
                                    "field_ref": [
                                      {
                                        "api_version": "v1",
                                        "field_path": "spec.nodeName"
                                      }
                                    ],
                                    "resource_field_ref": [],
                                    "secret_key_ref": []
                                  }
                                ]
                              },
                              {
                                "name": "CILIUM_K8S_NAMESPACE",
                                "value": "",
                                "value_from": [
                                  {
                                    "config_map_key_ref": [],
                                    "field_ref": [
                                      {
                                        "api_version": "v1",
                                        "field_path": "metadata.namespace"
                                      }
                                    ],
                                    "resource_field_ref": [],
                                    "secret_key_ref": []
                                  }
                                ]
                              },
                              {
                                "name": "KUBERNETES_SERVICE_HOST",
                                "value": "10.0.0.1",
                                "value_from": []
                              },
                              {
                                "name": "KUBERNETES_SERVICE_PORT",
                                "value": "443",
                                "value_from": []
                              }
                            ],
                            "env_from": [],
                            "image": "quay.io/cilium/cilium-envoy:v1.28.4-b35188ffa1bbe54d1720d2e392779f7a48e58f6b@sha256:b528b291561e459024f66414ac3325b88cdd8f9f4854828a155a11e5b10b78a3",
                            "image_pull_policy": "IfNotPresent",
                            "lifecycle": [],
                            "liveness_probe": [
                              {
                                "exec": [],
                                "failure_threshold": 10,
                                "grpc": [],
                                "http_get": [
                                  {
                                    "host": "127.0.0.1",
                                    "http_header": [],
                                    "path": "/healthz",
                                    "port": "9878",
                                    "scheme": "HTTP"
                                  }
                                ],
                                "initial_delay_seconds": 0,
                                "period_seconds": 30,
                                "success_threshold": 1,
                                "tcp_socket": [],
                                "timeout_seconds": 5
                              }
                            ],
                            "name": "cilium-envoy",
                            "port": [
                              {
                                "container_port": 9964,
                                "host_ip": "",
                                "host_port": 9964,
                                "name": "envoy-metrics",
                                "protocol": "TCP"
                              }
                            ],
                            "readiness_probe": [
                              {
                                "exec": [],
                                "failure_threshold": 3,
                                "grpc": [],
                                "http_get": [
                                  {
                                    "host": "127.0.0.1",
                                    "http_header": [],
                                    "path": "/healthz",
                                    "port": "9878",
                                    "scheme": "HTTP"
                                  }
                                ],
                                "initial_delay_seconds": 0,
                                "period_seconds": 30,
                                "success_threshold": 1,
                                "tcp_socket": [],
                                "timeout_seconds": 5
                              }
                            ],
                            "resources": [
                              {
                                "limits": {},
                                "requests": {}
                              }
                            ],
                            "security_context": [
                              {
                                "allow_privilege_escalation": true,
                                "capabilities": [
                                  {
                                    "add": [
                                      "NET_ADMIN",
                                      "SYS_ADMIN"
                                    ],
                                    "drop": [
                                      "ALL"
                                    ]
                                  }
                                ],
                                "privileged": false,
                                "read_only_root_filesystem": false,
                                "run_as_group": "",
                                "run_as_non_root": false,
                                "run_as_user": "",
                                "se_linux_options": [],
                                "seccomp_profile": []
                              }
                            ],
                            "startup_probe": [
                              {
                                "exec": [],
                                "failure_threshold": 105,
                                "grpc": [],
                                "http_get": [
                                  {
                                    "host": "127.0.0.1",
                                    "http_header": [],
                                    "path": "/healthz",
                                    "port": "9878",
                                    "scheme": "HTTP"
                                  }
                                ],
                                "initial_delay_seconds": 5,
                                "period_seconds": 2,
                                "success_threshold": 1,
                                "tcp_socket": [],
                                "timeout_seconds": 1
                              }
                            ],
                            "stdin": false,
                            "stdin_once": false,
                            "termination_message_path": "/dev/termination-log",
                            "termination_message_policy": "FallbackToLogsOnError",
                            "tty": false,
                            "volume_mount": [
                              {
                                "mount_path": "/var/run/cilium/envoy/sockets",
                                "mount_propagation": "None",
                                "name": "envoy-sockets",
                                "read_only": false,
                                "sub_path": ""
                              },
                              {
                                "mount_path": "/var/run/cilium/envoy/artifacts",
                                "mount_propagation": "None",
                                "name": "envoy-artifacts",
                                "read_only": true,
                                "sub_path": ""
                              },
                              {
                                "mount_path": "/var/run/cilium/envoy/",
                                "mount_propagation": "None",
                                "name": "envoy-config",
                                "read_only": true,
                                "sub_path": ""
                              },
                              {
                                "mount_path": "/sys/fs/bpf",
                                "mount_propagation": "HostToContainer",
                                "name": "bpf-maps",
                                "read_only": false,
                                "sub_path": ""
                              }
                            ],
                            "working_dir": ""
                          }
                        ],
                        "dns_config": [],
                        "dns_policy": "ClusterFirst",
                        "enable_service_links": true,
                        "host_aliases": [],
                        "host_ipc": false,
                        "host_network": true,
                        "host_pid": false,
                        "hostname": "",
                        "image_pull_secrets": [],
                        "init_container": [],
                        "node_name": "",
                        "node_selector": {
                          "kubernetes.io/os": "linux"
                        },
                        "os": [],
                        "priority_class_name": "system-node-critical",
                        "readiness_gate": [],
                        "restart_policy": "Always",
                        "runtime_class_name": "",
                        "scheduler_name": "default-scheduler",
                        "security_context": [],
                        "service_account_name": "cilium-envoy",
                        "share_process_namespace": false,
                        "subdomain": "",
                        "termination_grace_period_seconds": 1,
                        "toleration": [
                          {
                            "effect": "",
                            "key": "",
                            "operator": "Exists",
                            "toleration_seconds": "",
                            "value": ""
                          }
                        ],
                        "topology_spread_constraint": [],
                        "volume": [
                          {
                            "aws_elastic_block_store": [],
                            "azure_disk": [],
                            "azure_file": [],
                            "ceph_fs": [],
                            "cinder": [],
                            "config_map": [],
                            "csi": [],
                            "downward_api": [],
                            "empty_dir": [],
                            "ephemeral": [],
                            "fc": [],
                            "flex_volume": [],
                            "flocker": [],
                            "gce_persistent_disk": [],
                            "git_repo": [],
                            "glusterfs": [],
                            "host_path": [
                              {
                                "path": "/var/run/cilium/envoy/sockets",
                                "type": "DirectoryOrCreate"
                              }
                            ],
                            "iscsi": [],
                            "local": [],
                            "name": "envoy-sockets",
                            "nfs": [],
                            "persistent_volume_claim": [],
                            "photon_persistent_disk": [],
                            "projected": [],
                            "quobyte": [],
                            "rbd": [],
                            "secret": [],
                            "vsphere_volume": []
                          },
                          {
                            "aws_elastic_block_store": [],
                            "azure_disk": [],
                            "azure_file": [],
                            "ceph_fs": [],
                            "cinder": [],
                            "config_map": [],
                            "csi": [],
                            "downward_api": [],
                            "empty_dir": [],
                            "ephemeral": [],
                            "fc": [],
                            "flex_volume": [],
                            "flocker": [],
                            "gce_persistent_disk": [],
                            "git_repo": [],
                            "glusterfs": [],
                            "host_path": [
                              {
                                "path": "/var/run/cilium/envoy/artifacts",
                                "type": "DirectoryOrCreate"
                              }
                            ],
                            "iscsi": [],
                            "local": [],
                            "name": "envoy-artifacts",
                            "nfs": [],
                            "persistent_volume_claim": [],
                            "photon_persistent_disk": [],
                            "projected": [],
                            "quobyte": [],
                            "rbd": [],
                            "secret": [],
                            "vsphere_volume": []
                          },
                          {
                            "aws_elastic_block_store": [],
                            "azure_disk": [],
                            "azure_file": [],
                            "ceph_fs": [],
                            "cinder": [],
                            "config_map": [
                              {
                                "default_mode": "0400",
                                "items": [
                                  {
                                    "key": "bootstrap-config.json",
                                    "mode": "",
                                    "path": "bootstrap-config.json"
                                  }
                                ],
                                "name": "cilium-envoy-config",
                                "optional": false
                              }
                            ],
                            "csi": [],
                            "downward_api": [],
                            "empty_dir": [],
                            "ephemeral": [],
                            "fc": [],
                            "flex_volume": [],
                            "flocker": [],
                            "gce_persistent_disk": [],
                            "git_repo": [],
                            "glusterfs": [],
                            "host_path": [],
                            "iscsi": [],
                            "local": [],
                            "name": "envoy-config",
                            "nfs": [],
                            "persistent_volume_claim": [],
                            "photon_persistent_disk": [],
                            "projected": [],
                            "quobyte": [],
                            "rbd": [],
                            "secret": [],
                            "vsphere_volume": []
                          },
                          {
                            "aws_elastic_block_store": [],
                            "azure_disk": [],
                            "azure_file": [],
                            "ceph_fs": [],
                            "cinder": [],
                            "config_map": [],
                            "csi": [],
                            "downward_api": [],
                            "empty_dir": [],
                            "ephemeral": [],
                            "fc": [],
                            "flex_volume": [],
                            "flocker": [],
                            "gce_persistent_disk": [],
                            "git_repo": [],
                            "glusterfs": [],
                            "host_path": [
                              {
                                "path": "/sys/fs/bpf",
                                "type": "DirectoryOrCreate"
                              }
                            ],
                            "iscsi": [],
                            "local": [],
                            "name": "bpf-maps",
                            "nfs": [],
                            "persistent_volume_claim": [],
                            "photon_persistent_disk": [],
                            "projected": [],
                            "quobyte": [],
                            "rbd": [],
                            "secret": [],
                            "vsphere_volume": []
                          }
                        ]
                      }
                    ]
                  }
                ]
              }
            ],
            "timeouts": null,
            "wait_for_rollout": true
          },
          "sensitive_attributes": [],
          "private": "eyJlMmJmYjczMC1lY2FhLTExZTYtOGY4OC0zNDM2M2JjN2M0YzAiOnsiY3JlYXRlIjo2MDAwMDAwMDAwMDAsImRlbGV0ZSI6NjAwMDAwMDAwMDAwLCJ1cGRhdGUiOjYwMDAwMDAwMDAwMH0sInNjaGVtYV92ZXJzaW9uIjoiMSJ9"
        }
      ]
    },
    {
      "mode": "managed",
      "type": "kubernetes_deployment",
      "name": "cilium_operator",
      "provider": "provider[\"registry.terraform.io/hashicorp/kubernetes\"]",
      "instances": [
        {
          "schema_version": 1,
          "attributes": {
            "id": "cilium/cilium-operator",
            "metadata": [
              {
                "annotations": {},
                "generate_name": "",
                "generation": 1,
                "labels": {
                  "app.kubernetes.io/name": "cilium-operator",
                  "app.kubernetes.io/part-of": "cilium",
                  "io.cilium/app": "operator",
                  "name": "cilium-operator"
                },
                "name": "cilium-operator",
                "namespace": "cilium",
                "resource_version": "2687",
                "uid": "3654d5d9-5932-4800-b23f-2b071e4bb381"
              }
            ],
            "spec": [
              {
                "min_ready_seconds": 0,
                "paused": false,
                "progress_deadline_seconds": 600,
                "replicas": "2",
                "revision_history_limit": 10,
                "selector": [
                  {
                    "match_expressions": [],
                    "match_labels": {
                      "io.cilium/app": "operator",
                      "name": "cilium-operator"
                    }
                  }
                ],
                "strategy": [
                  {
                    "rolling_update": [
                      {
                        "max_surge": "25%",
                        "max_unavailable": "50%"
                      }
                    ],
                    "type": "RollingUpdate"
                  }
                ],
                "template": [
                  {
                    "metadata": [
                      {
                        "annotations": {
                          "prometheus.io/port": "9963",
                          "prometheus.io/scrape": "true"
                        },
                        "generate_name": "",
                        "generation": 0,
                        "labels": {
                          "app.kubernetes.io/name": "cilium-operator",
                          "app.kubernetes.io/part-of": "cilium",
                          "io.cilium/app": "operator",
                          "name": "cilium-operator"
                        },
                        "name": "",
                        "namespace": "",
                        "resource_version": "",
                        "uid": ""
                      }
                    ],
                    "spec": [
                      {
                        "active_deadline_seconds": 0,
                        "affinity": [
                          {
                            "node_affinity": [],
                            "pod_affinity": [],
                            "pod_anti_affinity": [
                              {
                                "preferred_during_scheduling_ignored_during_execution": [],
                                "required_during_scheduling_ignored_during_execution": [
                                  {
                                    "label_selector": [
                                      {
                                        "match_expressions": [],
                                        "match_labels": {
                                          "io.cilium/app": "operator"
                                        }
                                      }
                                    ],
                                    "namespaces": [],
                                    "topology_key": "kubernetes.io/hostname"
                                  }
                                ]
                              }
                            ]
                          }
                        ],
                        "automount_service_account_token": true,
                        "container": [
                          {
                            "args": [
                              "--config-dir=/tmp/cilium/config-map",
                              "--debug=$(CILIUM_DEBUG)"
                            ],
                            "command": [
                              "cilium-operator-generic"
                            ],
                            "env": [
                              {
                                "name": "K8S_NODE_NAME",
                                "value": "",
                                "value_from": [
                                  {
                                    "config_map_key_ref": [],
                                    "field_ref": [
                                      {
                                        "api_version": "v1",
                                        "field_path": "spec.nodeName"
                                      }
                                    ],
                                    "resource_field_ref": [],
                                    "secret_key_ref": []
                                  }
                                ]
                              },
                              {
                                "name": "CILIUM_K8S_NAMESPACE",
                                "value": "",
                                "value_from": [
                                  {
                                    "config_map_key_ref": [],
                                    "field_ref": [
                                      {
                                        "api_version": "v1",
                                        "field_path": "metadata.namespace"
                                      }
                                    ],
                                    "resource_field_ref": [],
                                    "secret_key_ref": []
                                  }
                                ]
                              },
                              {
                                "name": "CILIUM_DEBUG",
                                "value": "",
                                "value_from": [
                                  {
                                    "config_map_key_ref": [
                                      {
                                        "key": "debug",
                                        "name": "cilium-config",
                                        "optional": true
                                      }
                                    ],
                                    "field_ref": [],
                                    "resource_field_ref": [],
                                    "secret_key_ref": []
                                  }
                                ]
                              },
                              {
                                "name": "KUBERNETES_SERVICE_HOST",
                                "value": "10.0.0.1",
                                "value_from": []
                              },
                              {
                                "name": "KUBERNETES_SERVICE_PORT",
                                "value": "443",
                                "value_from": []
                              }
                            ],
                            "env_from": [],
                            "image": "quay.io/isovalent/operator-generic:v1.15.6-cee.1",
                            "image_pull_policy": "IfNotPresent",
                            "lifecycle": [],
                            "liveness_probe": [
                              {
                                "exec": [],
                                "failure_threshold": 3,
                                "grpc": [],
                                "http_get": [
                                  {
                                    "host": "127.0.0.1",
                                    "http_header": [],
                                    "path": "/healthz",
                                    "port": "9234",
                                    "scheme": "HTTP"
                                  }
                                ],
                                "initial_delay_seconds": 60,
                                "period_seconds": 10,
                                "success_threshold": 1,
                                "tcp_socket": [],
                                "timeout_seconds": 3
                              }
                            ],
                            "name": "cilium-operator",
                            "port": [
                              {
                                "container_port": 9963,
                                "host_ip": "",
                                "host_port": 9963,
                                "name": "prometheus",
                                "protocol": "TCP"
                              }
                            ],
                            "readiness_probe": [
                              {
                                "exec": [],
                                "failure_threshold": 5,
                                "grpc": [],
                                "http_get": [
                                  {
                                    "host": "127.0.0.1",
                                    "http_header": [],
                                    "path": "/healthz",
                                    "port": "9234",
                                    "scheme": "HTTP"
                                  }
                                ],
                                "initial_delay_seconds": 0,
                                "period_seconds": 5,
                                "success_threshold": 1,
                                "tcp_socket": [],
                                "timeout_seconds": 3
                              }
                            ],
                            "resources": [
                              {
                                "limits": {},
                                "requests": {}
                              }
                            ],
                            "security_context": [],
                            "startup_probe": [],
                            "stdin": false,
                            "stdin_once": false,
                            "termination_message_path": "/dev/termination-log",
                            "termination_message_policy": "FallbackToLogsOnError",
                            "tty": false,
                            "volume_mount": [
                              {
                                "mount_path": "/tmp/cilium/config-map",
                                "mount_propagation": "None",
                                "name": "cilium-config-path",
                                "read_only": true,
                                "sub_path": ""
                              }
                            ],
                            "working_dir": ""
                          }
                        ],
                        "dns_config": [],
                        "dns_policy": "ClusterFirst",
                        "enable_service_links": true,
                        "host_aliases": [],
                        "host_ipc": false,
                        "host_network": true,
                        "host_pid": false,
                        "hostname": "",
                        "image_pull_secrets": [],
                        "init_container": [],
                        "node_name": "",
                        "node_selector": {
                          "kubernetes.io/os": "linux"
                        },
                        "os": [],
                        "priority_class_name": "system-cluster-critical",
                        "readiness_gate": [],
                        "restart_policy": "Always",
                        "runtime_class_name": "",
                        "scheduler_name": "default-scheduler",
                        "security_context": [],
                        "service_account_name": "cilium-operator",
                        "share_process_namespace": false,
                        "subdomain": "",
                        "termination_grace_period_seconds": 30,
                        "toleration": [
                          {
                            "effect": "",
                            "key": "",
                            "operator": "Exists",
                            "toleration_seconds": "",
                            "value": ""
                          }
                        ],
                        "topology_spread_constraint": [],
                        "volume": [
                          {
                            "aws_elastic_block_store": [],
                            "azure_disk": [],
                            "azure_file": [],
                            "ceph_fs": [],
                            "cinder": [],
                            "config_map": [
                              {
                                "default_mode": "0644",
                                "items": [],
                                "name": "cilium-config",
                                "optional": false
                              }
                            ],
                            "csi": [],
                            "downward_api": [],
                            "empty_dir": [],
                            "ephemeral": [],
                            "fc": [],
                            "flex_volume": [],
                            "flocker": [],
                            "gce_persistent_disk": [],
                            "git_repo": [],
                            "glusterfs": [],
                            "host_path": [],
                            "iscsi": [],
                            "local": [],
                            "name": "cilium-config-path",
                            "nfs": [],
                            "persistent_volume_claim": [],
                            "photon_persistent_disk": [],
                            "projected": [],
                            "quobyte": [],
                            "rbd": [],
                            "secret": [],
                            "vsphere_volume": []
                          }
                        ]
                      }
                    ]
                  }
                ]
              }
            ],
            "timeouts": null,
            "wait_for_rollout": true
          },
          "sensitive_attributes": [],
          "private": "eyJlMmJmYjczMC1lY2FhLTExZTYtOGY4OC0zNDM2M2JjN2M0YzAiOnsiY3JlYXRlIjo2MDAwMDAwMDAwMDAsImRlbGV0ZSI6NjAwMDAwMDAwMDAwLCJ1cGRhdGUiOjYwMDAwMDAwMDAwMH0sInNjaGVtYV92ZXJzaW9uIjoiMSJ9"
        }
      ]
    },
    {
      "mode": "managed",
      "type": "kubernetes_deployment",
      "name": "hubble_relay",
      "provider": "provider[\"registry.terraform.io/hashicorp/kubernetes\"]",
      "instances": [
        {
          "schema_version": 1,
          "attributes": {
            "id": "cilium/hubble-relay",
            "metadata": [
              {
                "annotations": {},
                "generate_name": "",
                "generation": 1,
                "labels": {
                  "app.kubernetes.io/name": "hubble-relay",
                  "app.kubernetes.io/part-of": "cilium",
                  "k8s-app": "hubble-relay"
                },
                "name": "hubble-relay",
                "namespace": "cilium",
                "resource_version": "3075",
                "uid": "d0f6ab6b-5470-4814-b1ac-b6834a3070f3"
              }
            ],
            "spec": [
              {
                "min_ready_seconds": 0,
                "paused": false,
                "progress_deadline_seconds": 600,
                "replicas": "1",
                "revision_history_limit": 10,
                "selector": [
                  {
                    "match_expressions": [],
                    "match_labels": {
                      "k8s-app": "hubble-relay"
                    }
                  }
                ],
                "strategy": [
                  {
                    "rolling_update": [
                      {
                        "max_surge": "25%",
                        "max_unavailable": "1"
                      }
                    ],
                    "type": "RollingUpdate"
                  }
                ],
                "template": [
                  {
                    "metadata": [
                      {
                        "annotations": {},
                        "generate_name": "",
                        "generation": 0,
                        "labels": {
                          "app.kubernetes.io/name": "hubble-relay",
                          "app.kubernetes.io/part-of": "cilium",
                          "k8s-app": "hubble-relay"
                        },
                        "name": "",
                        "namespace": "",
                        "resource_version": "",
                        "uid": ""
                      }
                    ],
                    "spec": [
                      {
                        "active_deadline_seconds": 0,
                        "affinity": [
                          {
                            "node_affinity": [],
                            "pod_affinity": [
                              {
                                "preferred_during_scheduling_ignored_during_execution": [],
                                "required_during_scheduling_ignored_during_execution": [
                                  {
                                    "label_selector": [
                                      {
                                        "match_expressions": [],
                                        "match_labels": {
                                          "k8s-app": "cilium"
                                        }
                                      }
                                    ],
                                    "namespaces": [],
                                    "topology_key": "kubernetes.io/hostname"
                                  }
                                ]
                              }
                            ],
                            "pod_anti_affinity": []
                          }
                        ],
                        "automount_service_account_token": true,
                        "container": [
                          {
                            "args": [
                              "serve",
                              "--debug"
                            ],
                            "command": [
                              "hubble-relay"
                            ],
                            "env": [],
                            "env_from": [],
                            "image": "quay.io/isovalent/hubble-relay:v1.15.6-cee.1",
                            "image_pull_policy": "IfNotPresent",
                            "lifecycle": [],
                            "liveness_probe": [
                              {
                                "exec": [],
                                "failure_threshold": 3,
                                "grpc": [
                                  {
                                    "port": 4222,
                                    "service": ""
                                  }
                                ],
                                "http_get": [],
                                "initial_delay_seconds": 0,
                                "period_seconds": 10,
                                "success_threshold": 1,
                                "tcp_socket": [],
                                "timeout_seconds": 3
                              }
                            ],
                            "name": "hubble-relay",
                            "port": [
                              {
                                "container_port": 4245,
                                "host_ip": "",
                                "host_port": 0,
                                "name": "grpc",
                                "protocol": "TCP"
                              }
                            ],
                            "readiness_probe": [
                              {
                                "exec": [],
                                "failure_threshold": 3,
                                "grpc": [
                                  {
                                    "port": 4222,
                                    "service": ""
                                  }
                                ],
                                "http_get": [],
                                "initial_delay_seconds": 0,
                                "period_seconds": 10,
                                "success_threshold": 1,
                                "tcp_socket": [],
                                "timeout_seconds": 3
                              }
                            ],
                            "resources": [
                              {
                                "limits": {},
                                "requests": {}
                              }
                            ],
                            "security_context": [
                              {
                                "allow_privilege_escalation": true,
                                "capabilities": [
                                  {
                                    "add": [],
                                    "drop": [
                                      "ALL"
                                    ]
                                  }
                                ],
                                "privileged": false,
                                "read_only_root_filesystem": false,
                                "run_as_group": "65532",
                                "run_as_non_root": true,
                                "run_as_user": "65532",
                                "se_linux_options": [],
                                "seccomp_profile": []
                              }
                            ],
                            "startup_probe": [
                              {
                                "exec": [],
                                "failure_threshold": 20,
                                "grpc": [
                                  {
                                    "port": 4222,
                                    "service": ""
                                  }
                                ],
                                "http_get": [],
                                "initial_delay_seconds": 0,
                                "period_seconds": 3,
                                "success_threshold": 1,
                                "tcp_socket": [],
                                "timeout_seconds": 3
                              }
                            ],
                            "stdin": false,
                            "stdin_once": false,
                            "termination_message_path": "/dev/termination-log",
                            "termination_message_policy": "FallbackToLogsOnError",
                            "tty": false,
                            "volume_mount": [
                              {
                                "mount_path": "/etc/hubble-relay",
                                "mount_propagation": "None",
                                "name": "config",
                                "read_only": true,
                                "sub_path": ""
                              },
                              {
                                "mount_path": "/var/lib/hubble-relay/tls",
                                "mount_propagation": "None",
                                "name": "tls",
                                "read_only": true,
                                "sub_path": ""
                              }
                            ],
                            "working_dir": ""
                          }
                        ],
                        "dns_config": [],
                        "dns_policy": "ClusterFirst",
                        "enable_service_links": true,
                        "host_aliases": [],
                        "host_ipc": false,
                        "host_network": false,
                        "host_pid": false,
                        "hostname": "",
                        "image_pull_secrets": [],
                        "init_container": [],
                        "node_name": "",
                        "node_selector": {
                          "kubernetes.io/os": "linux"
                        },
                        "os": [],
                        "priority_class_name": "",
                        "readiness_gate": [],
                        "restart_policy": "Always",
                        "runtime_class_name": "",
                        "scheduler_name": "default-scheduler",
                        "security_context": [
                          {
                            "fs_group": "65532",
                            "fs_group_change_policy": "",
                            "run_as_group": "",
                            "run_as_non_root": false,
                            "run_as_user": "",
                            "se_linux_options": [],
                            "seccomp_profile": [],
                            "supplemental_groups": [],
                            "sysctl": [],
                            "windows_options": []
                          }
                        ],
                        "service_account_name": "hubble-relay",
                        "share_process_namespace": false,
                        "subdomain": "",
                        "termination_grace_period_seconds": 1,
                        "toleration": [],
                        "topology_spread_constraint": [],
                        "volume": [
                          {
                            "aws_elastic_block_store": [],
                            "azure_disk": [],
                            "azure_file": [],
                            "ceph_fs": [],
                            "cinder": [],
                            "config_map": [
                              {
                                "default_mode": "0644",
                                "items": [
                                  {
                                    "key": "config.yaml",
                                    "mode": "",
                                    "path": "config.yaml"
                                  }
                                ],
                                "name": "hubble-relay-config",
                                "optional": false
                              }
                            ],
                            "csi": [],
                            "downward_api": [],
                            "empty_dir": [],
                            "ephemeral": [],
                            "fc": [],
                            "flex_volume": [],
                            "flocker": [],
                            "gce_persistent_disk": [],
                            "git_repo": [],
                            "glusterfs": [],
                            "host_path": [],
                            "iscsi": [],
                            "local": [],
                            "name": "config",
                            "nfs": [],
                            "persistent_volume_claim": [],
                            "photon_persistent_disk": [],
                            "projected": [],
                            "quobyte": [],
                            "rbd": [],
                            "secret": [],
                            "vsphere_volume": []
                          },
                          {
                            "aws_elastic_block_store": [],
                            "azure_disk": [],
                            "azure_file": [],
                            "ceph_fs": [],
                            "cinder": [],
                            "config_map": [],
                            "csi": [],
                            "downward_api": [],
                            "empty_dir": [],
                            "ephemeral": [],
                            "fc": [],
                            "flex_volume": [],
                            "flocker": [],
                            "gce_persistent_disk": [],
                            "git_repo": [],
                            "glusterfs": [],
                            "host_path": [],
                            "iscsi": [],
                            "local": [],
                            "name": "tls",
                            "nfs": [],
                            "persistent_volume_claim": [],
                            "photon_persistent_disk": [],
                            "projected": [
                              {
                                "default_mode": "0400",
                                "sources": [
                                  {
                                    "config_map": [],
                                    "downward_api": [],
                                    "secret": [
                                      {
                                        "items": [
                                          {
                                            "key": "tls.crt",
                                            "mode": "",
                                            "path": "client.crt"
                                          },
                                          {
                                            "key": "tls.key",
                                            "mode": "",
                                            "path": "client.key"
                                          },
                                          {
                                            "key": "ca.crt",
                                            "mode": "",
                                            "path": "hubble-server-ca.crt"
                                          }
                                        ],
                                        "name": "hubble-relay-client-certs",
                                        "optional": false
                                      }
                                    ],
                                    "service_account_token": []
                                  }
                                ]
                              }
                            ],
                            "quobyte": [],
                            "rbd": [],
                            "secret": [],
                            "vsphere_volume": []
                          }
                        ]
                      }
                    ]
                  }
                ]
              }
            ],
            "timeouts": null,
            "wait_for_rollout": true
          },
          "sensitive_attributes": [],
          "private": "eyJlMmJmYjczMC1lY2FhLTExZTYtOGY4OC0zNDM2M2JjN2M0YzAiOnsiY3JlYXRlIjo2MDAwMDAwMDAwMDAsImRlbGV0ZSI6NjAwMDAwMDAwMDAwLCJ1cGRhdGUiOjYwMDAwMDAwMDAwMH0sInNjaGVtYV92ZXJzaW9uIjoiMSJ9"
        }
      ]
    },
    {
      "mode": "managed",
      "type": "kubernetes_deployment",
      "name": "hubble_ui",
      "provider": "provider[\"registry.terraform.io/hashicorp/kubernetes\"]",
      "instances": [
        {
          "schema_version": 1,
          "attributes": {
            "id": "cilium/hubble-ui",
            "metadata": [
              {
                "annotations": {},
                "generate_name": "",
                "generation": 1,
                "labels": {
                  "k8s-app": "hubble-ui"
                },
                "name": "hubble-ui",
                "namespace": "cilium",
                "resource_version": "3053",
                "uid": "65f1e754-38cf-4108-bfc6-811589805737"
              }
            ],
            "spec": [
              {
                "min_ready_seconds": 0,
                "paused": false,
                "progress_deadline_seconds": 600,
                "replicas": "1",
                "revision_history_limit": 10,
                "selector": [
                  {
                    "match_expressions": [],
                    "match_labels": {
                      "k8s-app": "hubble-ui"
                    }
                  }
                ],
                "strategy": [
                  {
                    "rolling_update": [
                      {
                        "max_surge": "25%",
                        "max_unavailable": "25%"
                      }
                    ],
                    "type": "RollingUpdate"
                  }
                ],
                "template": [
                  {
                    "metadata": [
                      {
                        "annotations": {},
                        "generate_name": "",
                        "generation": 0,
                        "labels": {
                          "k8s-app": "hubble-ui"
                        },
                        "name": "",
                        "namespace": "",
                        "resource_version": "",
                        "uid": ""
                      }
                    ],
                    "spec": [
                      {
                        "active_deadline_seconds": 0,
                        "affinity": [],
                        "automount_service_account_token": true,
                        "container": [
                          {
                            "args": [],
                            "command": [],
                            "env": [
                              {
                                "name": "VERSION",
                                "value": "quay.io/isovalent/hubble-ui-enterprise:v1.0.1",
                                "value_from": []
                              }
                            ],
                            "env_from": [],
                            "image": "quay.io/isovalent/hubble-ui-enterprise:v1.0.1",
                            "image_pull_policy": "IfNotPresent",
                            "lifecycle": [],
                            "liveness_probe": [
                              {
                                "exec": [],
                                "failure_threshold": 3,
                                "grpc": [],
                                "http_get": [
                                  {
                                    "host": "",
                                    "http_header": [],
                                    "path": "/healthz",
                                    "port": "http",
                                    "scheme": "HTTP"
                                  }
                                ],
                                "initial_delay_seconds": 0,
                                "period_seconds": 10,
                                "success_threshold": 1,
                                "tcp_socket": [],
                                "timeout_seconds": 1
                              }
                            ],
                            "name": "frontend",
                            "port": [
                              {
                                "container_port": 8081,
                                "host_ip": "",
                                "host_port": 0,
                                "name": "http",
                                "protocol": "TCP"
                              }
                            ],
                            "readiness_probe": [],
                            "resources": [
                              {
                                "limits": {},
                                "requests": {}
                              }
                            ],
                            "security_context": [
                              {
                                "allow_privilege_escalation": true,
                                "capabilities": [
                                  {
                                    "add": [],
                                    "drop": [
                                      "ALL"
                                    ]
                                  }
                                ],
                                "privileged": false,
                                "read_only_root_filesystem": false,
                                "run_as_group": "101",
                                "run_as_non_root": true,
                                "run_as_user": "101",
                                "se_linux_options": [],
                                "seccomp_profile": []
                              }
                            ],
                            "startup_probe": [],
                            "stdin": false,
                            "stdin_once": false,
                            "termination_message_path": "/dev/termination-log",
                            "termination_message_policy": "File",
                            "tty": false,
                            "volume_mount": [
                              {
                                "mount_path": "/etc/nginx/templates/default.conf.template",
                                "mount_propagation": "None",
                                "name": "hubble-ui-nginx-conf",
                                "read_only": false,
                                "sub_path": "nginx.conf"
                              }
                            ],
                            "working_dir": ""
                          },
                          {
                            "args": [],
                            "command": [],
                            "env": [
                              {
                                "name": "EVENTS_SERVER_PORT",
                                "value": "8090",
                                "value_from": []
                              },
                              {
                                "name": "HUBBLE_RELAY_ADDR",
                                "value": "hubble-relay.cilium.svc.cluster.local:80",
                                "value_from": []
                              },
                              {
                                "name": "GOPS_ENABLED",
                                "value": "false",
                                "value_from": []
                              },
                              {
                                "name": "ENABLE_TRACING",
                                "value": "false",
                                "value_from": []
                              },
                              {
                                "name": "LOG_TRACES",
                                "value": "false",
                                "value_from": []
                              },
                              {
                                "name": "OTLP_ENABLED",
                                "value": "false",
                                "value_from": []
                              }
                            ],
                            "env_from": [],
                            "image": "quay.io/isovalent/hubble-ui-enterprise-backend:v1.0.1",
                            "image_pull_policy": "IfNotPresent",
                            "lifecycle": [],
                            "liveness_probe": [
                              {
                                "exec": [],
                                "failure_threshold": 3,
                                "grpc": [],
                                "http_get": [
                                  {
                                    "host": "",
                                    "http_header": [],
                                    "path": "/healthz",
                                    "port": "grpc",
                                    "scheme": "HTTP"
                                  }
                                ],
                                "initial_delay_seconds": 0,
                                "period_seconds": 10,
                                "success_threshold": 1,
                                "tcp_socket": [],
                                "timeout_seconds": 1
                              }
                            ],
                            "name": "backend",
                            "port": [
                              {
                                "container_port": 8090,
                                "host_ip": "",
                                "host_port": 0,
                                "name": "grpc",
                                "protocol": "TCP"
                              }
                            ],
                            "readiness_probe": [],
                            "resources": [
                              {
                                "limits": {},
                                "requests": {}
                              }
                            ],
                            "security_context": [
                              {
                                "allow_privilege_escalation": true,
                                "capabilities": [
                                  {
                                    "add": [],
                                    "drop": [
                                      "ALL"
                                    ]
                                  }
                                ],
                                "privileged": false,
                                "read_only_root_filesystem": false,
                                "run_as_group": "",
                                "run_as_non_root": false,
                                "run_as_user": "",
                                "se_linux_options": [],
                                "seccomp_profile": []
                              }
                            ],
                            "startup_probe": [],
                            "stdin": false,
                            "stdin_once": false,
                            "termination_message_path": "/dev/termination-log",
                            "termination_message_policy": "File",
                            "tty": false,
                            "volume_mount": [],
                            "working_dir": ""
                          }
                        ],
                        "dns_config": [],
                        "dns_policy": "ClusterFirst",
                        "enable_service_links": true,
                        "host_aliases": [],
                        "host_ipc": false,
                        "host_network": false,
                        "host_pid": false,
                        "hostname": "",
                        "image_pull_secrets": [],
                        "init_container": [],
                        "node_name": "",
                        "node_selector": {},
                        "os": [],
                        "priority_class_name": "",
                        "readiness_gate": [],
                        "restart_policy": "Always",
                        "runtime_class_name": "",
                        "scheduler_name": "default-scheduler",
                        "security_context": [
                          {
                            "fs_group": "65532",
                            "fs_group_change_policy": "",
                            "run_as_group": "",
                            "run_as_non_root": false,
                            "run_as_user": "",
                            "se_linux_options": [],
                            "seccomp_profile": [],
                            "supplemental_groups": [],
                            "sysctl": [],
                            "windows_options": []
                          }
                        ],
                        "service_account_name": "hubble-ui",
                        "share_process_namespace": false,
                        "subdomain": "",
                        "termination_grace_period_seconds": 30,
                        "toleration": [],
                        "topology_spread_constraint": [],
                        "volume": [
                          {
                            "aws_elastic_block_store": [],
                            "azure_disk": [],
                            "azure_file": [],
                            "ceph_fs": [],
                            "cinder": [],
                            "config_map": [
                              {
                                "default_mode": "0666",
                                "items": [],
                                "name": "hubble-ui-nginx",
                                "optional": false
                              }
                            ],
                            "csi": [],
                            "downward_api": [],
                            "empty_dir": [],
                            "ephemeral": [],
                            "fc": [],
                            "flex_volume": [],
                            "flocker": [],
                            "gce_persistent_disk": [],
                            "git_repo": [],
                            "glusterfs": [],
                            "host_path": [],
                            "iscsi": [],
                            "local": [],
                            "name": "hubble-ui-nginx-conf",
                            "nfs": [],
                            "persistent_volume_claim": [],
                            "photon_persistent_disk": [],
                            "projected": [],
                            "quobyte": [],
                            "rbd": [],
                            "secret": [],
                            "vsphere_volume": []
                          }
                        ]
                      }
                    ]
                  }
                ]
              }
            ],
            "timeouts": null,
            "wait_for_rollout": true
          },
          "sensitive_attributes": [],
          "private": "eyJlMmJmYjczMC1lY2FhLTExZTYtOGY4OC0zNDM2M2JjN2M0YzAiOnsiY3JlYXRlIjo2MDAwMDAwMDAwMDAsImRlbGV0ZSI6NjAwMDAwMDAwMDAwLCJ1cGRhdGUiOjYwMDAwMDAwMDAwMH0sInNjaGVtYV92ZXJzaW9uIjoiMSJ9"
        }
      ]
    },
    {
      "mode": "managed",
      "type": "kubernetes_role",
      "name": "cilium_config_agent",
      "provider": "provider[\"registry.terraform.io/hashicorp/kubernetes\"]",
      "instances": [
        {
          "schema_version": 0,
          "attributes": {
            "id": "cilium/cilium-config-agent",
            "metadata": [
              {
                "annotations": {},
                "generate_name": "",
                "generation": 0,
                "labels": {
                  "app.kubernetes.io/part-of": "cilium"
                },
                "name": "cilium-config-agent",
                "namespace": "cilium",
                "resource_version": "2390",
                "uid": "cadd6d78-8df0-454d-a04e-de773ee22fc5"
              }
            ],
            "rule": [
              {
                "api_groups": [
                  ""
                ],
                "resource_names": [],
                "resources": [
                  "configmaps"
                ],
                "verbs": [
                  "get",
                  "list",
                  "watch"
                ]
              }
            ]
          },
          "sensitive_attributes": [],
          "private": "bnVsbA=="
        }
      ]
    },
    {
      "mode": "managed",
      "type": "kubernetes_role",
      "name": "cilium_gateway_secrets",
      "provider": "provider[\"registry.terraform.io/hashicorp/kubernetes\"]",
      "instances": [
        {
          "schema_version": 0,
          "attributes": {
            "id": "cilium-secrets/cilium-gateway-secrets",
            "metadata": [
              {
                "annotations": {},
                "generate_name": "",
                "generation": 0,
                "labels": {
                  "app.kubernetes.io/part-of": "cilium"
                },
                "name": "cilium-gateway-secrets",
                "namespace": "cilium-secrets",
                "resource_version": "2430",
                "uid": "d8a1d1b5-44c4-4c3f-8329-dde0f48025c0"
              }
            ],
            "rule": [
              {
                "api_groups": [
                  ""
                ],
                "resource_names": [],
                "resources": [
                  "secrets"
                ],
                "verbs": [
                  "get",
                  "list",
                  "watch"
                ]
              }
            ]
          },
          "sensitive_attributes": [],
          "private": "bnVsbA=="
        }
      ]
    },
    {
      "mode": "managed",
      "type": "kubernetes_role",
      "name": "cilium_operator_gateway_secrets",
      "provider": "provider[\"registry.terraform.io/hashicorp/kubernetes\"]",
      "instances": [
        {
          "schema_version": 0,
          "attributes": {
            "id": "cilium-secrets/cilium-operator-gateway-secrets",
            "metadata": [
              {
                "annotations": {},
                "generate_name": "",
                "generation": 0,
                "labels": {
                  "app.kubernetes.io/part-of": "cilium"
                },
                "name": "cilium-operator-gateway-secrets",
                "namespace": "cilium-secrets",
                "resource_version": "2445",
                "uid": "1809c487-5ed6-499e-b4c8-627e8e0b95b3"
              }
            ],
            "rule": [
              {
                "api_groups": [
                  ""
                ],
                "resource_names": [],
                "resources": [
                  "secrets"
                ],
                "verbs": [
                  "create",
                  "delete",
                  "patch",
                  "update"
                ]
              }
            ]
          },
          "sensitive_attributes": [],
          "private": "bnVsbA=="
        }
      ]
    },
    {
      "mode": "managed",
      "type": "kubernetes_role_binding",
      "name": "cilium_config_agent",
      "provider": "provider[\"registry.terraform.io/hashicorp/kubernetes\"]",
      "instances": [
        {
          "schema_version": 0,
          "attributes": {
            "id": "cilium/cilium-config-agent",
            "metadata": [
              {
                "annotations": {},
                "generate_name": "",
                "generation": 0,
                "labels": {
                  "app.kubernetes.io/part-of": "cilium"
                },
                "name": "cilium-config-agent",
                "namespace": "cilium",
                "resource_version": "2400",
                "uid": "ba915be4-8fb4-4182-8c9c-2039bd6ff030"
              }
            ],
            "role_ref": [
              {
                "api_group": "rbac.authorization.k8s.io",
                "kind": "Role",
                "name": "cilium-config-agent"
              }
            ],
            "subject": [
              {
                "api_group": "",
                "kind": "ServiceAccount",
                "name": "cilium",
                "namespace": "cilium"
              }
            ]
          },
          "sensitive_attributes": [],
          "private": "bnVsbA=="
        }
      ]
    },
    {
      "mode": "managed",
      "type": "kubernetes_role_binding",
      "name": "cilium_gateway_secrets",
      "provider": "provider[\"registry.terraform.io/hashicorp/kubernetes\"]",
      "instances": [
        {
          "schema_version": 0,
          "attributes": {
            "id": "cilium-secrets/cilium-gateway-secrets",
            "metadata": [
              {
                "annotations": {},
                "generate_name": "",
                "generation": 0,
                "labels": {
                  "app.kubernetes.io/part-of": "cilium"
                },
                "name": "cilium-gateway-secrets",
                "namespace": "cilium-secrets",
                "resource_version": "2336",
                "uid": "fe49f43c-7585-41e0-b062-c14489de633a"
              }
            ],
            "role_ref": [
              {
                "api_group": "rbac.authorization.k8s.io",
                "kind": "Role",
                "name": "cilium-gateway-secrets"
              }
            ],
            "subject": [
              {
                "api_group": "",
                "kind": "ServiceAccount",
                "name": "cilium",
                "namespace": "cilium"
              }
            ]
          },
          "sensitive_attributes": [],
          "private": "bnVsbA=="
        }
      ]
    },
    {
      "mode": "managed",
      "type": "kubernetes_role_binding",
      "name": "cilium_operator_gateway_secrets",
      "provider": "provider[\"registry.terraform.io/hashicorp/kubernetes\"]",
      "instances": [
        {
          "schema_version": 0,
          "attributes": {
            "id": "cilium-secrets/cilium-operator-gateway-secrets",
            "metadata": [
              {
                "annotations": {},
                "generate_name": "",
                "generation": 0,
                "labels": {
                  "app.kubernetes.io/part-of": "cilium"
                },
                "name": "cilium-operator-gateway-secrets",
                "namespace": "cilium-secrets",
                "resource_version": "2337",
                "uid": "747ea46d-6f24-44c7-84bb-7b728da1561f"
              }
            ],
            "role_ref": [
              {
                "api_group": "rbac.authorization.k8s.io",
                "kind": "Role",
                "name": "cilium-operator-gateway-secrets"
              }
            ],
            "subject": [
              {
                "api_group": "",
                "kind": "ServiceAccount",
                "name": "cilium-operator",
                "namespace": "cilium"
              }
            ]
          },
          "sensitive_attributes": [],
          "private": "bnVsbA=="
        }
      ]
    },
    {
      "mode": "managed",
      "type": "kubernetes_secret",
      "name": "cilium_ca",
      "provider": "provider[\"registry.terraform.io/hashicorp/kubernetes\"]",
      "instances": [
        {
          "schema_version": 0,
          "attributes": {
            "binary_data": null,
            "data": {
              "ca.crt": "-----BEGIN CERTIFICATE-----\nMIIDFDCCAfygAwIBAgIRAJ7bzMlJJhOuVBKOZi/gY3cwDQYJKoZIhvcNAQELBQAw\nFDESMBAGA1UEAxMJQ2lsaXVtIENBMB4XDTI0MDcyNDIwMzEzNVoXDTI3MDcyNDIw\nMzEzNVowFDESMBAGA1UEAxMJQ2lsaXVtIENBMIIBIjANBgkqhkiG9w0BAQEFAAOC\nAQ8AMIIBCgKCAQEAxrtQbMpQjIpKMC5WHnix+iGY3QCmPVfmKDQAqMFBRXGhzfWY\nrNHvsw6PMh9mmyooZagh/EuJ5KGS42Vz/JtyPugPxdpB6zz4QekJiaJFS31Q/f/X\nWgPzZs73faIQWXySrwKLqelcIRXh1Ds/7g4qiHyz/Mahi2BiVqEGRDPLTp0+ZUhK\nzW0IJ2B9V+VPRIOC1/nJcu2wvhW8x0XakLWHKRbDeCjJnKuUHaD5Q4bphWYdb09k\nqcvKAQeHhjBXx6Kp7DflaEi5lS3bj/0J73yQ4Ag0lIu8eKkQRPg8iPW5ydkinjSy\nvI6EhAD0P3uDUqH7QIG/CHzo/UuuG0I49fryFwIDAQABo2EwXzAOBgNVHQ8BAf8E\nBAMCAqQwHQYDVR0lBBYwFAYIKwYBBQUHAwEGCCsGAQUFBwMCMA8GA1UdEwEB/wQF\nMAMBAf8wHQYDVR0OBBYEFIEPrNCBNRL3hbDg+9YsyAHGK4bwMA0GCSqGSIb3DQEB\nCwUAA4IBAQAIh5Z2I8qiol61DO+k4Tz9nGSQo3BvyENrxwNKs63jmCigfBaKjXjg\nwROnTZaIfYipKc8mv3IivWt65jDIClO3kiaX3UOZxBFvbnHMU9xCEgtbEANK8LlB\nVZeyn+YJXFDhlVbQhYi6mq1RgeCJh7hTgRk3YGqhXV6++nX5tC0caorqH7LGZVSp\nBbNAyvcazzYjK5uITsfjB1SAYlUuPrRGBajSmHK+/ZcW81uahQy9Ytfrsfedm8Rk\ns5eV5WlQv7T+bAQLcR5SHqMe8HxMc90LYdk6BLzdJ9V8+ae/IpxCr2pn05/pY1Hn\nxGFhuja0LTGhSazvnw3JwUMP/+235fCc\n-----END CERTIFICATE-----\n",
              "ca.key": "-----BEGIN RSA PRIVATE KEY-----\nMIIEowIBAAKCAQEAxrtQbMpQjIpKMC5WHnix+iGY3QCmPVfmKDQAqMFBRXGhzfWY\nrNHvsw6PMh9mmyooZagh/EuJ5KGS42Vz/JtyPugPxdpB6zz4QekJiaJFS31Q/f/X\nWgPzZs73faIQWXySrwKLqelcIRXh1Ds/7g4qiHyz/Mahi2BiVqEGRDPLTp0+ZUhK\nzW0IJ2B9V+VPRIOC1/nJcu2wvhW8x0XakLWHKRbDeCjJnKuUHaD5Q4bphWYdb09k\nqcvKAQeHhjBXx6Kp7DflaEi5lS3bj/0J73yQ4Ag0lIu8eKkQRPg8iPW5ydkinjSy\nvI6EhAD0P3uDUqH7QIG/CHzo/UuuG0I49fryFwIDAQABAoIBADRx1DyRe4ZLLF7g\nq4tpEJbQ7PVNqZFAtBVh+9aNAXuhDDE9Iehhkp8vNWzlyn8iNfz1zNo22RID7a6i\n5GQCZbjiJt9wxLqeoWlLZV/z+dN9I7WUIbG4nzA/aCK4dRYYgOE8i7zwP4bfrnQC\nmtFo3aKdPiZ0CMeuTOVNo0i2Xm3FK/bcsyykk7szE5qRglQqaXqhSGbHbcniLEEy\nTIdtWoWZKsxz51qTJQSGGhHgvz5Z2ucXqrUNnQ+cf0o6kAJFvAdCWw3e3HybgOtj\nHqCyFGq9cua2FZbJ6vCARCVgqPR9RUxcmJz59VLZ2lUyZNTYTEQ9byxhTx/Yurgw\nNYS6HcECgYEA9F+FlCSYpwc/y0IbgARSj7u6+q0VtVRuQzgl8r4peDgG4wfDrJoJ\n74QlIc6S1PkdTvD+QtRqvEPFjaeYVdzx6RSkVm9z6t7wfAIHEmbtZPl69q8RVGCV\nJlLuhlvIBcU2hVbKhXRcNhqVxxsJ9fcWMsqZLN4UJ3cIGi7ORJMTZHcCgYEA0C/g\njcGvj7XpYjRDjqjndpDja37AmfOyqb+yTRJrWMZJ9/M/rphnts+VSs8SDW1CDZwa\n122c0oNnQ3+gZY0dwCG2uStHEsd4KKujXyor5J3zN8QZlR+eicztJiibiy1htf0n\npHV/MrSQzNrWYfv7jREvfvDOv7OW+oCi8L76Z2ECgYAlRtDsiSyUBgIQMlRZkc86\nR6u9A1wVXfy32j/HqIRQ51L9nLiXgqPTWngDkSxKunljClXuwdJKR5hCBHezWVG5\neUGcQcIP6NQMRo7nmrXJuliseoYNNfJqdyoVari3UJ8BdfzMoLRUOHfyeEhrsbY8\nJzV4Z6PxZTHiNJOYWEsT/wKBgAvdXqfVjQLctDNTlTIRMDfSpBNhQurDN8By21+H\nGDUT/+0woMV7jBWgGPsNeBLp0iTia6kxZwmcUYtIP8Tp2PM1OKuu6rsIQTHYLlRj\nG+NImS7pbyfPiIKD+lP9Znf1Gyd7CQJXa+tg3Qu/wQ4OhVSR0Soj4TSNsKIQKLkd\nuTmhAoGBAJpblVMjCkmlHb5EOadMsnvBX0+RePUlVpCBqOyVaDqO/HIkr7AlmHDZ\nQ7IMKqeW5mRhubrcYGi57gZMEMIS++6LRxTomggTHARUtm5bAtuDWtm+A9bId3Ia\nMSJW7bSmaC6HcP70Y7EIYAMVtklcDDg3wadGuWtBfNfcjv9fqFt1\n-----END RSA PRIVATE KEY-----\n"
            },
            "id": "cilium/cilium-ca",
            "immutable": false,
            "metadata": [
              {
                "annotations": {},
                "generate_name": "",
                "generation": 0,
                "labels": {},
                "name": "cilium-ca",
                "namespace": "cilium",
                "resource_version": "8308",
                "uid": "95690563-10ff-46d2-8c58-8ea2d799ed78"
              }
            ],
            "timeouts": null,
            "type": "Opaque",
            "wait_for_service_account_token": true
          },
          "sensitive_attributes": [],
          "private": "eyJlMmJmYjczMC1lY2FhLTExZTYtOGY4OC0zNDM2M2JjN2M0YzAiOnsiY3JlYXRlIjo2MDAwMDAwMDAwMH19"
        }
      ]
    },
    {
      "mode": "managed",
      "type": "kubernetes_secret",
      "name": "hubble_relay_client_certs",
      "provider": "provider[\"registry.terraform.io/hashicorp/kubernetes\"]",
      "instances": [
        {
          "schema_version": 0,
          "attributes": {
            "binary_data": null,
            "data": {
              "ca.crt": "-----BEGIN CERTIFICATE-----\nMIIDFDCCAfygAwIBAgIRAJ7bzMlJJhOuVBKOZi/gY3cwDQYJKoZIhvcNAQELBQAw\nFDESMBAGA1UEAxMJQ2lsaXVtIENBMB4XDTI0MDcyNDIwMzEzNVoXDTI3MDcyNDIw\nMzEzNVowFDESMBAGA1UEAxMJQ2lsaXVtIENBMIIBIjANBgkqhkiG9w0BAQEFAAOC\nAQ8AMIIBCgKCAQEAxrtQbMpQjIpKMC5WHnix+iGY3QCmPVfmKDQAqMFBRXGhzfWY\nrNHvsw6PMh9mmyooZagh/EuJ5KGS42Vz/JtyPugPxdpB6zz4QekJiaJFS31Q/f/X\nWgPzZs73faIQWXySrwKLqelcIRXh1Ds/7g4qiHyz/Mahi2BiVqEGRDPLTp0+ZUhK\nzW0IJ2B9V+VPRIOC1/nJcu2wvhW8x0XakLWHKRbDeCjJnKuUHaD5Q4bphWYdb09k\nqcvKAQeHhjBXx6Kp7DflaEi5lS3bj/0J73yQ4Ag0lIu8eKkQRPg8iPW5ydkinjSy\nvI6EhAD0P3uDUqH7QIG/CHzo/UuuG0I49fryFwIDAQABo2EwXzAOBgNVHQ8BAf8E\nBAMCAqQwHQYDVR0lBBYwFAYIKwYBBQUHAwEGCCsGAQUFBwMCMA8GA1UdEwEB/wQF\nMAMBAf8wHQYDVR0OBBYEFIEPrNCBNRL3hbDg+9YsyAHGK4bwMA0GCSqGSIb3DQEB\nCwUAA4IBAQAIh5Z2I8qiol61DO+k4Tz9nGSQo3BvyENrxwNKs63jmCigfBaKjXjg\nwROnTZaIfYipKc8mv3IivWt65jDIClO3kiaX3UOZxBFvbnHMU9xCEgtbEANK8LlB\nVZeyn+YJXFDhlVbQhYi6mq1RgeCJh7hTgRk3YGqhXV6++nX5tC0caorqH7LGZVSp\nBbNAyvcazzYjK5uITsfjB1SAYlUuPrRGBajSmHK+/ZcW81uahQy9Ytfrsfedm8Rk\ns5eV5WlQv7T+bAQLcR5SHqMe8HxMc90LYdk6BLzdJ9V8+ae/IpxCr2pn05/pY1Hn\nxGFhuja0LTGhSazvnw3JwUMP/+235fCc\n-----END CERTIFICATE-----\n",
              "tls.crt": "-----BEGIN CERTIFICATE-----\nMIIDSDCCAjCgAwIBAgIQBSRUKtsajuW+Cw09Us+5XjANBgkqhkiG9w0BAQsFADAU\nMRIwEAYDVQQDEwlDaWxpdW0gQ0EwHhcNMjQwNzI0MjAzMTM1WhcNMjcwNzI0MjAz\nMTM1WjAjMSEwHwYDVQQDDBgqLmh1YmJsZS1yZWxheS5jaWxpdW0uaW8wggEiMA0G\nCSqGSIb3DQEBAQUAA4IBDwAwggEKAoIBAQDB8+IftDIP9v4mgwguELI1vOYWCKgn\nL4tODEeGrYLfffWbm8OZwT4CxXKLKyo6JQefLvTB18VjcKJyDjExJK3UILGvNLOH\n90tH1Gtdy2mTQ86DzyqHXw10TZzPH2yo+8rvLGQLInL7268dx94F6WW57wWtniVG\noRMBE2GzXsocr6xpDEwk0O9yUJP7vsmQu8opdvl78MnUn7FzhoG4ZVc/HaIE///A\nY3I/7uAV3sNSp4SJfMIRlpzbGNso6VID57fOLPgXlEHCeOkx8lgS0J8tMlL98aOl\n95g42Yx5M30SKh7+0mUISJD9nCFtvNIkP3HLHfSWmZTGOq4i8ZDjojw3AgMBAAGj\ngYYwgYMwDgYDVR0PAQH/BAQDAgWgMB0GA1UdJQQWMBQGCCsGAQUFBwMBBggrBgEF\nBQcDAjAMBgNVHRMBAf8EAjAAMB8GA1UdIwQYMBaAFIEPrNCBNRL3hbDg+9YsyAHG\nK4bwMCMGA1UdEQQcMBqCGCouaHViYmxlLXJlbGF5LmNpbGl1bS5pbzANBgkqhkiG\n9w0BAQsFAAOCAQEAvKSB1ysZ5tqjdSS1h5loU3I7fyedCf4a4eCTCMINKIJxjuaO\ngJGDvMnA0Iyv4PF9PEteL+AFFM9v1tlUFt6WJf01ZznXtgdt/LnwVWWfV9QRL7G8\nGAmXmwy2nMhGip1LuJ9e6rNuSJUYVUDWJsCJfmopLFZuGf77YoV3NfI5Bt46DoGj\nvdW72H/a3852ktD7im+dX1zfUjXxPabqbUy+thKgvhdNnzYQxBjeb22tj7h8Ifpv\nRSDbrfgs5/kdrz08w1vixPAvdjEH3QmpGWuUT0xVzl3RTww26RlTGs0IgopQr+q7\nucxvn7VwysRSQFl6V6y/FED+rI4ZwkcdTcQF6w==\n-----END CERTIFICATE-----\n",
              "tls.key": "-----BEGIN RSA PRIVATE KEY-----\nMIIEpQIBAAKCAQEAwfPiH7QyD/b+JoMILhCyNbzmFgioJy+LTgxHhq2C3331m5vD\nmcE+AsVyiysqOiUHny70wdfFY3Cicg4xMSSt1CCxrzSzh/dLR9RrXctpk0POg88q\nh18NdE2czx9sqPvK7yxkCyJy+9uvHcfeBellue8FrZ4lRqETARNhs17KHK+saQxM\nJNDvclCT+77JkLvKKXb5e/DJ1J+xc4aBuGVXPx2iBP//wGNyP+7gFd7DUqeEiXzC\nEZac2xjbKOlSA+e3ziz4F5RBwnjpMfJYEtCfLTJS/fGjpfeYONmMeTN9Eioe/tJl\nCEiQ/ZwhbbzSJD9xyx30lpmUxjquIvGQ46I8NwIDAQABAoIBAAjtukYtXHShsTeC\nprjAKgQRSyJOibcsGCSiqhRIHpM9UDY2qH2GiN1Fy60ecpY0qDIqzjeyQDMAt2m6\nv4b8okf2rVdcfLtQphWLcNnjiFuwLmyg99s9g/gLrqFWWAE7fi8egwiEMHjptxkO\n32i0QuuZVlCUzDCBL8fH5aKFRZamZwVkZZZEItRvsx0+hFHdrgQhAvguHnYVcUQG\nIrHKircmNNOVUbz+jqn5V0hyinH5K0RhLNHOHP3RM6N7IKHxOlMXqcSASTXeHYrP\n/nPW/kCcL3BPxPmnI6sAooP09vrGyJ8Ch3H84cqrNH0KTtMVVTbP75aiHb7gDco0\nPNH8hqECgYEAxUfhy0/2CB7FRbb9j56FYJQzfuYu0OvCEH215gGJxW+Q5bB7XeUo\nFCZLJcdO78MYVy3i58WKGxn+PBzeoucpKpD8VOIKCLpklsAv8CjxvfzaH1KOdWIt\n2+bZ2BbTXS5yHJi/tZwe5CKqb02f7b4QsBycDsL7KvecTPL3mKtMaKcCgYEA+65o\n9Np6ln+JpZYo3kXgjTzClF0nUQ3engkgkC45oMVfxBHPyMbtVQ+KrKngyOkchWNe\nsZHNpf4C/l0CyHotxUyiWg1mcIMWflG5eVKKcY5+YZ4MRHXXXqGQlrh1xHDDg/xr\nO44TdmsGIcVAy9f03KcHFQqLHqDmcqUnybOucfECgYEAuj7NdPLNVAcwuEs0gFTo\nmC/xmbjXs9cPBCCaDEWhemqEQcPmA9PmjXdFdKn/5Kyrmwov8B1273UPplKfAO34\n2D2+aqhnTqwhcIyJ9VHCP1mp1u5KnZkNsE/1k2KhMpQ5mLPAMUTtiPUNMDz5YioQ\neSLZVbpQAtV2ktLCWzhEz3sCgYEAuA+4cIGrr478Yp4rq0rdS02JXCm4TD3hdiBk\nsS0tNhfCzsjb9hENluyz1UyzuRtKoX6nzSM9i8z18YKiO22nNaiy/zrXlSc5dw5b\nn4+u8hds9AU7IYIxDOMJtECY2B5Dzq322mowb6UbqezxU2LPj+OTeV7pmW/AuU1x\niMCgrnECgYEAqduNFec8pA0oIxjNFW7v5+VJxxJ9fZiMzhtUi5Z1iKOj7Vc8WNeM\n/uV2sHY2vr2aKwR6APeqt3Hnc978I/CXr0Onke8Rugh1T35DMmKlDPs8I6Ow1mTW\ngn2UnZZcNLcHSKL4XTR9EVMHZ/AG+v1JCmwLTlvT4ypjiPOZNjcxMw4=\n-----END RSA PRIVATE KEY-----\n"
            },
            "id": "cilium/hubble-relay-client-certs",
            "immutable": false,
            "metadata": [
              {
                "annotations": {},
                "generate_name": "",
                "generation": 0,
                "labels": {},
                "name": "hubble-relay-client-certs",
                "namespace": "cilium",
                "resource_version": "8310",
                "uid": "7e6fd8e5-8d9b-4e57-8adf-fdcf539f7ad7"
              }
            ],
            "timeouts": null,
            "type": "kubernetes.io/tls",
            "wait_for_service_account_token": true
          },
          "sensitive_attributes": [],
          "private": "eyJlMmJmYjczMC1lY2FhLTExZTYtOGY4OC0zNDM2M2JjN2M0YzAiOnsiY3JlYXRlIjo2MDAwMDAwMDAwMH19"
        }
      ]
    },
    {
      "mode": "managed",
      "type": "kubernetes_secret",
      "name": "hubble_server_certs",
      "provider": "provider[\"registry.terraform.io/hashicorp/kubernetes\"]",
      "instances": [
        {
          "schema_version": 0,
          "attributes": {
            "binary_data": null,
            "data": {
              "ca.crt": "-----BEGIN CERTIFICATE-----\nMIIDFDCCAfygAwIBAgIRAJ7bzMlJJhOuVBKOZi/gY3cwDQYJKoZIhvcNAQELBQAw\nFDESMBAGA1UEAxMJQ2lsaXVtIENBMB4XDTI0MDcyNDIwMzEzNVoXDTI3MDcyNDIw\nMzEzNVowFDESMBAGA1UEAxMJQ2lsaXVtIENBMIIBIjANBgkqhkiG9w0BAQEFAAOC\nAQ8AMIIBCgKCAQEAxrtQbMpQjIpKMC5WHnix+iGY3QCmPVfmKDQAqMFBRXGhzfWY\nrNHvsw6PMh9mmyooZagh/EuJ5KGS42Vz/JtyPugPxdpB6zz4QekJiaJFS31Q/f/X\nWgPzZs73faIQWXySrwKLqelcIRXh1Ds/7g4qiHyz/Mahi2BiVqEGRDPLTp0+ZUhK\nzW0IJ2B9V+VPRIOC1/nJcu2wvhW8x0XakLWHKRbDeCjJnKuUHaD5Q4bphWYdb09k\nqcvKAQeHhjBXx6Kp7DflaEi5lS3bj/0J73yQ4Ag0lIu8eKkQRPg8iPW5ydkinjSy\nvI6EhAD0P3uDUqH7QIG/CHzo/UuuG0I49fryFwIDAQABo2EwXzAOBgNVHQ8BAf8E\nBAMCAqQwHQYDVR0lBBYwFAYIKwYBBQUHAwEGCCsGAQUFBwMCMA8GA1UdEwEB/wQF\nMAMBAf8wHQYDVR0OBBYEFIEPrNCBNRL3hbDg+9YsyAHGK4bwMA0GCSqGSIb3DQEB\nCwUAA4IBAQAIh5Z2I8qiol61DO+k4Tz9nGSQo3BvyENrxwNKs63jmCigfBaKjXjg\nwROnTZaIfYipKc8mv3IivWt65jDIClO3kiaX3UOZxBFvbnHMU9xCEgtbEANK8LlB\nVZeyn+YJXFDhlVbQhYi6mq1RgeCJh7hTgRk3YGqhXV6++nX5tC0caorqH7LGZVSp\nBbNAyvcazzYjK5uITsfjB1SAYlUuPrRGBajSmHK+/ZcW81uahQy9Ytfrsfedm8Rk\ns5eV5WlQv7T+bAQLcR5SHqMe8HxMc90LYdk6BLzdJ9V8+ae/IpxCr2pn05/pY1Hn\nxGFhuja0LTGhSazvnw3JwUMP/+235fCc\n-----END CERTIFICATE-----\n",
              "tls.crt": "-----BEGIN CERTIFICATE-----\nMIIDYjCCAkqgAwIBAgIQPe3CxY8569Oj91/7vFAngzANBgkqhkiG9w0BAQsFADAU\nMRIwEAYDVQQDEwlDaWxpdW0gQ0EwHhcNMjQwNzI0MjAzMTM1WhcNMjcwNzI0MjAz\nMTM1WjAwMS4wLAYDVQQDDCUqLmRlY29zdGUtcGFuZGEuaHViYmxlLWdycGMuY2ls\naXVtLmlvMIIBIjANBgkqhkiG9w0BAQEFAAOCAQ8AMIIBCgKCAQEAvEeMx3M+jxkR\n3+BudATPgIwFP87P0eyEeLlajPsmryX6dnpM0I8DDfej21HJKa8hTvineVaz+WRJ\nXL8Yt4WdWVbF5cS8YTh7ypkDxcuWwGmEtl9QM8sxoLqZx+uYoCfpbLkKa/pbX7Id\n+SJH/rapGh138pjZi2z2yvVZi8vhWZI75gee+IGqDUtTwirtgHZse6z17Q4TyFve\ngVdjXi4jddPpHAopI2b2gilrpuZ729fC+XJp/QR8quDuu27iPKGVMBsbaVmZ+GoK\n0KlMZuat7ilveHOiTzSP/bKL+64oZbOFoxyJoMBJp/pLRQpNNkKKSlMKAVC1fs4t\nX7jX8gp+YwIDAQABo4GTMIGQMA4GA1UdDwEB/wQEAwIFoDAdBgNVHSUEFjAUBggr\nBgEFBQcDAQYIKwYBBQUHAwIwDAYDVR0TAQH/BAIwADAfBgNVHSMEGDAWgBSBD6zQ\ngTUS94Ww4PvWLMgBxiuG8DAwBgNVHREEKTAngiUqLmRlY29zdGUtcGFuZGEuaHVi\nYmxlLWdycGMuY2lsaXVtLmlvMA0GCSqGSIb3DQEBCwUAA4IBAQBuMb7Z2VBds8KN\n49sDhk1p8sXKFR5/8rb6QwcTr6jqBpGLZMr7qPid5z44t98jzuhvWwpXgkD+9PTK\n3aUC19Bq974zEZhR3K6KXJ9xihj8N8T60bwwvHn/IZk257b3OaS7VdhAHHf0FxzI\nZKp9lJsR0fyVKwxcuNzRnYCkP2cCo7CH6BKzeYCFtf6vW97pARa/x2n66QBs5KwQ\nSB048Eiz4c/JpWXi/Vy4S4NVse2a0GMlQxW+PpQKGHmDLSNet/KpBvyWuOOqDbVr\n3wHLqb8jqNqjr30OigS/rZIyFCbhHK2ynGbJ0bhXpxWkG3Z2KGmuXAE8THRMvQfW\nM4USvILX\n-----END CERTIFICATE-----\n",
              "tls.key": "-----BEGIN RSA PRIVATE KEY-----\nMIIEowIBAAKCAQEAvEeMx3M+jxkR3+BudATPgIwFP87P0eyEeLlajPsmryX6dnpM\n0I8DDfej21HJKa8hTvineVaz+WRJXL8Yt4WdWVbF5cS8YTh7ypkDxcuWwGmEtl9Q\nM8sxoLqZx+uYoCfpbLkKa/pbX7Id+SJH/rapGh138pjZi2z2yvVZi8vhWZI75gee\n+IGqDUtTwirtgHZse6z17Q4TyFvegVdjXi4jddPpHAopI2b2gilrpuZ729fC+XJp\n/QR8quDuu27iPKGVMBsbaVmZ+GoK0KlMZuat7ilveHOiTzSP/bKL+64oZbOFoxyJ\noMBJp/pLRQpNNkKKSlMKAVC1fs4tX7jX8gp+YwIDAQABAoIBACywvxXIoRzOUpPV\nbeJUEfztP4G50VJ+1aLiPEAijTgdx6m/teP7TjpOgbJZY2pli353PylqDyYvS8qc\nAX3uVT8Tfb3gSOa6xYd9covMm2foo/u1/A+PN6RzJnVx0rSRRLLt6S9gKbg5SywL\nmxM2wETWodYPufOCVcIvIqYwKrlbuEoZkROfhAxPkg956HpL1327q1c44dWC477u\nQQWsUQEHcOTHnWl6J7egsUjCAdpwgDNxr4s7LzlFW/ftEHe7YkfuAWtrvY0s6SjK\noZ+EbrUJ9pxfVa1+d9yCSxRQf4eT7H9OHsGGr5RUpr1Oz9iWmvirgBSTnX8rYnJm\nQJqEMMECgYEA0PjC9Mlqc5r+Fkyr2IFanGtNNN+6M3yLtRmwTJxuxOc5MdEkuRt9\nGuSTi+o86e2J849nJi2Dz7ANGVgzYPPvuFSWXCgMdeujQ4M1KP3NVc2dJpStzVda\nbWFeu0vGM/lOurFrgJ8UpczBQ5L9FcuNZ69FXI0+jZUCV8TYeMtyLLsCgYEA5qar\n5QNwFYk3NwYNZmu3qTNGqA5gkDYk7QMJXnF7lvLJBr3jGP10RZE0Cl5pBFSPVIRH\nHjVbglENBDwuIr5lNROZIZOhpXM6ZckDiPIdyKqkL4IN0AR9CLEX2pWEOttSGMOR\n3YA7QXYszTWMPjTz4BEbGAaKUkKEH14KhGVhbnkCgYEAs+RB5/nv0r8tVkMAeCu6\ntgbE+uxR3XqsxeTsWLcdwBGQserp4xPf2aPFxF+LupEK/YmIcVwjKUnTrOq5qA+2\nYIcovQKY33ZPIJI11CjQd7m+O/UnvSoipSB6LV/oqttGQ/7xnVLUsnoWMTa6+eU1\nwHkoi6jnnXgWATpqY2o3ynsCgYAitG9m3RaPVv8k21dG0uxmnB2Eie1DpbH2q59M\nQ50KAGv5BLdX+kL1eLyw1rXMfgC3AdRFmleziwh/W6LBfY5y5wkCgVkwMN9Xk2Bh\nybRrjil4MIRtiU9a8HKbZCXqSTfYHA0lm/bOib6B/g2lCoirbUd7XPiRGgsRQTAp\n7as0WQKBgGBel5LSboeyXr5AwiB77YiJYPb/4mUJqJ7J7T032TBGX3Qios9JPJpJ\nviu+wq8/m9J6q6tCNi6zZ1DG9CRdbOqIDYXtg72lZ+WwafEodJ7dc1P5OP2duLVQ\n5nnAV8kIZmNR3DX3T7r0YrWbhyYvYcPs3ag7fO14/QivRo8nyamY\n-----END RSA PRIVATE KEY-----\n"
            },
            "id": "cilium/hubble-server-certs",
            "immutable": false,
            "metadata": [
              {
                "annotations": {},
                "generate_name": "",
                "generation": 0,
                "labels": {},
                "name": "hubble-server-certs",
                "namespace": "cilium",
                "resource_version": "8307",
                "uid": "75f9f559-1100-4f56-9442-f7bd1d86227e"
              }
            ],
            "timeouts": null,
            "type": "kubernetes.io/tls",
            "wait_for_service_account_token": true
          },
          "sensitive_attributes": [],
          "private": "eyJlMmJmYjczMC1lY2FhLTExZTYtOGY4OC0zNDM2M2JjN2M0YzAiOnsiY3JlYXRlIjo2MDAwMDAwMDAwMH19"
        }
      ]
    },
    {
      "mode": "managed",
      "type": "kubernetes_service_account",
      "name": "cilium",
      "provider": "provider[\"registry.terraform.io/hashicorp/kubernetes\"]",
      "instances": [
        {
          "schema_version": 0,
          "attributes": {
            "automount_service_account_token": true,
            "default_secret_name": "",
            "id": "cilium/cilium",
            "image_pull_secret": [],
            "metadata": [
              {
                "annotations": {},
                "generate_name": "",
                "generation": 0,
                "labels": {},
                "name": "cilium",
                "namespace": "cilium",
                "resource_version": "2443",
                "uid": "eb2c212f-1704-45af-b39f-fd0b64c7d07e"
              }
            ],
            "secret": [],
            "timeouts": null
          },
          "sensitive_attributes": [],
          "private": "eyJlMmJmYjczMC1lY2FhLTExZTYtOGY4OC0zNDM2M2JjN2M0YzAiOnsiY3JlYXRlIjozMDAwMDAwMDAwMH19"
        }
      ]
    },
    {
      "mode": "managed",
      "type": "kubernetes_service_account",
      "name": "cilium_envoy",
      "provider": "provider[\"registry.terraform.io/hashicorp/kubernetes\"]",
      "instances": [
        {
          "schema_version": 0,
          "attributes": {
            "automount_service_account_token": true,
            "default_secret_name": "",
            "id": "cilium/cilium-envoy",
            "image_pull_secret": [],
            "metadata": [
              {
                "annotations": {},
                "generate_name": "",
                "generation": 0,
                "labels": {},
                "name": "cilium-envoy",
                "namespace": "cilium",
                "resource_version": "2396",
                "uid": "17d3b4fe-7ee4-4c0b-8e44-85f130f7466a"
              }
            ],
            "secret": [],
            "timeouts": null
          },
          "sensitive_attributes": [],
          "private": "eyJlMmJmYjczMC1lY2FhLTExZTYtOGY4OC0zNDM2M2JjN2M0YzAiOnsiY3JlYXRlIjozMDAwMDAwMDAwMH19"
        }
      ]
    },
    {
      "mode": "managed",
      "type": "kubernetes_service_account",
      "name": "cilium_operator",
      "provider": "provider[\"registry.terraform.io/hashicorp/kubernetes\"]",
      "instances": [
        {
          "schema_version": 0,
          "attributes": {
            "automount_service_account_token": true,
            "default_secret_name": "",
            "id": "cilium/cilium-operator",
            "image_pull_secret": [],
            "metadata": [
              {
                "annotations": {},
                "generate_name": "",
                "generation": 0,
                "labels": {},
                "name": "cilium-operator",
                "namespace": "cilium",
                "resource_version": "2397",
                "uid": "8305cdca-7a29-467b-9836-c55b8e4fb15e"
              }
            ],
            "secret": [],
            "timeouts": null
          },
          "sensitive_attributes": [],
          "private": "eyJlMmJmYjczMC1lY2FhLTExZTYtOGY4OC0zNDM2M2JjN2M0YzAiOnsiY3JlYXRlIjozMDAwMDAwMDAwMH19"
        }
      ]
    },
    {
      "mode": "managed",
      "type": "kubernetes_service_account",
      "name": "hubble_relay",
      "provider": "provider[\"registry.terraform.io/hashicorp/kubernetes\"]",
      "instances": [
        {
          "schema_version": 0,
          "attributes": {
            "automount_service_account_token": true,
            "default_secret_name": "",
            "id": "cilium/hubble-relay",
            "image_pull_secret": [],
            "metadata": [
              {
                "annotations": {},
                "generate_name": "",
                "generation": 0,
                "labels": {},
                "name": "hubble-relay",
                "namespace": "cilium",
                "resource_version": "2424",
                "uid": "de8c1b38-b2bf-464f-985a-34a114324740"
              }
            ],
            "secret": [],
            "timeouts": null
          },
          "sensitive_attributes": [],
          "private": "eyJlMmJmYjczMC1lY2FhLTExZTYtOGY4OC0zNDM2M2JjN2M0YzAiOnsiY3JlYXRlIjozMDAwMDAwMDAwMH19"
        }
      ]
    },
    {
      "mode": "managed",
      "type": "kubernetes_service_account",
      "name": "hubble_ui",
      "provider": "provider[\"registry.terraform.io/hashicorp/kubernetes\"]",
      "instances": [
        {
          "schema_version": 0,
          "attributes": {
            "automount_service_account_token": true,
            "default_secret_name": "",
            "id": "cilium/hubble-ui",
            "image_pull_secret": [],
            "metadata": [
              {
                "annotations": {},
                "generate_name": "",
                "generation": 0,
                "labels": {},
                "name": "hubble-ui",
                "namespace": "cilium",
                "resource_version": "2418",
                "uid": "1d5942bb-31a1-4ff0-bf8a-65e289ac9570"
              }
            ],
            "secret": [],
            "timeouts": null
          },
          "sensitive_attributes": [],
          "private": "eyJlMmJmYjczMC1lY2FhLTExZTYtOGY4OC0zNDM2M2JjN2M0YzAiOnsiY3JlYXRlIjozMDAwMDAwMDAwMH19"
        }
      ]
    }
  ],
  "check_results": null
}
